{
  "version": 4,
  "terraform_version": "1.9.4",
  "serial": 2814,
  "lineage": "3660655d-248a-b4d8-46a3-a639a6fff275",
  "outputs": {},
  "resources": [
    {
      "module": "module.dev.module.apigateway",
      "mode": "managed",
      "type": "aws_apigatewayv2_api",
      "name": "this",
      "provider": "provider[\"registry.terraform.io/hashicorp/aws\"]",
      "instances": [
        {
          "schema_version": 0,
          "attributes": {
            "api_endpoint": "https://acyidtk5sg.execute-api.ap-northeast-1.amazonaws.com",
            "api_key_selection_expression": "$request.header.x-api-key",
            "arn": "arn:aws:apigateway:ap-northeast-1::/apis/acyidtk5sg",
            "body": null,
            "cors_configuration": [
              {
                "allow_credentials": false,
                "allow_headers": [
                  "content-type"
                ],
                "allow_methods": [
                  "DELETE",
                  "GET",
                  "POST",
                  "PUT"
                ],
                "allow_origins": [
                  "*"
                ],
                "expose_headers": [],
                "max_age": 3600
              }
            ],
            "credentials_arn": null,
            "description": "",
            "disable_execute_api_endpoint": false,
            "execution_arn": "arn:aws:execute-api:ap-northeast-1:241875560804:acyidtk5sg",
            "fail_on_warnings": null,
            "id": "acyidtk5sg",
            "name": "todo_app_front_lambda_dev_managed_by_terraform--http-api",
            "protocol_type": "HTTP",
            "route_key": null,
            "route_selection_expression": "$request.method $request.path",
            "tags": {},
            "tags_all": {},
            "target": null,
            "version": ""
          },
          "sensitive_attributes": [],
          "private": "bnVsbA=="
        }
      ]
    },
    {
      "module": "module.dev.module.apigateway",
      "mode": "managed",
      "type": "aws_apigatewayv2_integration",
      "name": "this",
      "provider": "provider[\"registry.terraform.io/hashicorp/aws\"]",
      "instances": [
        {
          "schema_version": 0,
          "attributes": {
            "api_id": "acyidtk5sg",
            "connection_id": "",
            "connection_type": "INTERNET",
            "content_handling_strategy": "",
            "credentials_arn": "arn:aws:iam::241875560804:role/api_gateway_integration_role",
            "description": "",
            "id": "nx7rp3h",
            "integration_method": "POST",
            "integration_response_selection_expression": "",
            "integration_subtype": "",
            "integration_type": "AWS_PROXY",
            "integration_uri": "arn:aws:apigateway:ap-northeast-1:lambda:path/2015-03-31/functions/arn:aws:lambda:ap-northeast-1:241875560804:function:todo_app_front_lambda_dev_managed_by_terraform/invocations",
            "passthrough_behavior": "",
            "payload_format_version": "2.0",
            "request_parameters": {},
            "request_templates": {},
            "response_parameters": [],
            "template_selection_expression": "",
            "timeout_milliseconds": 30000,
            "tls_config": []
          },
          "sensitive_attributes": [],
          "private": "bnVsbA==",
          "dependencies": [
            "module.dev.module.apigateway.aws_apigatewayv2_api.this",
            "module.dev.module.apigateway.aws_iam_role.api_gateway_role",
            "module.dev.module.ecr.aws_ecr_repository.repo",
            "module.dev.module.lambda.aws_iam_role.exec",
            "module.dev.module.lambda.aws_lambda_function.this"
          ]
        }
      ]
    },
    {
      "module": "module.dev.module.apigateway",
      "mode": "managed",
      "type": "aws_apigatewayv2_route",
      "name": "default",
      "provider": "provider[\"registry.terraform.io/hashicorp/aws\"]",
      "instances": [
        {
          "schema_version": 0,
          "attributes": {
            "api_id": "acyidtk5sg",
            "api_key_required": false,
            "authorization_scopes": [],
            "authorization_type": "NONE",
            "authorizer_id": "",
            "id": "5hkd0ja",
            "model_selection_expression": "",
            "operation_name": "",
            "request_models": {},
            "request_parameter": [],
            "route_key": "$default",
            "route_response_selection_expression": "",
            "target": "integrations/nx7rp3h"
          },
          "sensitive_attributes": [],
          "private": "bnVsbA==",
          "dependencies": [
            "module.dev.module.apigateway.aws_apigatewayv2_api.this",
            "module.dev.module.apigateway.aws_apigatewayv2_integration.this",
            "module.dev.module.apigateway.aws_iam_role.api_gateway_role",
            "module.dev.module.ecr.aws_ecr_repository.repo",
            "module.dev.module.lambda.aws_iam_role.exec",
            "module.dev.module.lambda.aws_lambda_function.this"
          ]
        }
      ]
    },
    {
      "module": "module.dev.module.apigateway",
      "mode": "managed",
      "type": "aws_apigatewayv2_stage",
      "name": "default",
      "provider": "provider[\"registry.terraform.io/hashicorp/aws\"]",
      "instances": [
        {
          "schema_version": 0,
          "attributes": {
            "access_log_settings": [
              {
                "destination_arn": "arn:aws:logs:ap-northeast-1:241875560804:log-group:/aws/http-api/todo_app_front_lambda_dev_managed_by_terraform--http-api",
                "format": "{\"errorMessage\":\"$context.error.message\",\"errorResponseType\":\"$context.error.responseType\",\"httpMethod\":\"$context.httpMethod\",\"integrationErrorMessage\":\"$context.integration.error\",\"integrationStatus\":\"$context.integration.integrationStatus\",\"ip\":\"$context.identity.sourceIp\",\"protocol\":\"$context.protocol\",\"requestId\":\"$context.requestId\",\"requestTime\":\"$context.requestTime\",\"responseLength\":\"$context.responseLength\",\"routeKey\":\"$context.routeKey\",\"status\":\"$context.status\"}"
              }
            ],
            "api_id": "acyidtk5sg",
            "arn": "arn:aws:apigateway:ap-northeast-1::/apis/acyidtk5sg/stages/$default",
            "auto_deploy": true,
            "client_certificate_id": "",
            "default_route_settings": [
              {
                "data_trace_enabled": false,
                "detailed_metrics_enabled": false,
                "logging_level": "",
                "throttling_burst_limit": 0,
                "throttling_rate_limit": 0
              }
            ],
            "deployment_id": "024ml5",
            "description": "",
            "execution_arn": "arn:aws:execute-api:ap-northeast-1:241875560804:acyidtk5sg/$default",
            "id": "$default",
            "invoke_url": "https://acyidtk5sg.execute-api.ap-northeast-1.amazonaws.com/",
            "name": "$default",
            "route_settings": [],
            "stage_variables": {},
            "tags": {},
            "tags_all": {}
          },
          "sensitive_attributes": [],
          "private": "bnVsbA==",
          "dependencies": [
            "module.dev.module.apigateway.aws_apigatewayv2_api.this",
            "module.dev.module.apigateway.aws_cloudwatch_log_group.api_logs"
          ]
        }
      ]
    },
    {
      "module": "module.dev.module.apigateway",
      "mode": "managed",
      "type": "aws_cloudwatch_log_group",
      "name": "api_logs",
      "provider": "provider[\"registry.terraform.io/hashicorp/aws\"]",
      "instances": [
        {
          "schema_version": 0,
          "attributes": {
            "arn": "arn:aws:logs:ap-northeast-1:241875560804:log-group:/aws/http-api/todo_app_front_lambda_dev_managed_by_terraform--http-api",
            "id": "/aws/http-api/todo_app_front_lambda_dev_managed_by_terraform--http-api",
            "kms_key_id": "",
            "log_group_class": "STANDARD",
            "name": "/aws/http-api/todo_app_front_lambda_dev_managed_by_terraform--http-api",
            "name_prefix": "",
            "retention_in_days": 0,
            "skip_destroy": false,
            "tags": {},
            "tags_all": {}
          },
          "sensitive_attributes": [],
          "private": "bnVsbA=="
        }
      ]
    },
    {
      "module": "module.dev.module.apigateway",
      "mode": "managed",
      "type": "aws_iam_role",
      "name": "api_gateway_role",
      "provider": "provider[\"registry.terraform.io/hashicorp/aws\"]",
      "instances": [
        {
          "schema_version": 0,
          "attributes": {
            "arn": "arn:aws:iam::241875560804:role/api_gateway_integration_role",
            "assume_role_policy": "{\"Statement\":[{\"Action\":\"sts:AssumeRole\",\"Effect\":\"Allow\",\"Principal\":{\"Service\":\"apigateway.amazonaws.com\"}}],\"Version\":\"2012-10-17\"}",
            "create_date": "2025-05-04T05:58:17Z",
            "description": "",
            "force_detach_policies": false,
            "id": "api_gateway_integration_role",
            "inline_policy": [
              {
                "name": "api_gateway_lambda_policy",
                "policy": "{\"Version\":\"2012-10-17\",\"Statement\":[{\"Action\":\"lambda:InvokeFunction\",\"Effect\":\"Allow\",\"Resource\":\"arn:aws:lambda:ap-northeast-1:241875560804:function:todo_app_front_lambda_dev_managed_by_terraform\"}]}"
              }
            ],
            "managed_policy_arns": [],
            "max_session_duration": 3600,
            "name": "api_gateway_integration_role",
            "name_prefix": "",
            "path": "/",
            "permissions_boundary": "",
            "tags": {},
            "tags_all": {},
            "unique_id": "AROATQUHIFFSIH676SBG6"
          },
          "sensitive_attributes": [],
          "private": "bnVsbA=="
        }
      ]
    },
    {
      "module": "module.dev.module.apigateway",
      "mode": "managed",
      "type": "aws_iam_role_policy",
      "name": "api_gateway_policy",
      "provider": "provider[\"registry.terraform.io/hashicorp/aws\"]",
      "instances": [
        {
          "schema_version": 0,
          "attributes": {
            "id": "api_gateway_integration_role:api_gateway_lambda_policy",
            "name": "api_gateway_lambda_policy",
            "name_prefix": "",
            "policy": "{\"Version\":\"2012-10-17\",\"Statement\":[{\"Action\":\"lambda:InvokeFunction\",\"Effect\":\"Allow\",\"Resource\":\"arn:aws:lambda:ap-northeast-1:241875560804:function:todo_app_front_lambda_dev_managed_by_terraform\"}]}",
            "role": "api_gateway_integration_role"
          },
          "sensitive_attributes": [],
          "private": "bnVsbA==",
          "dependencies": [
            "module.dev.module.apigateway.aws_iam_role.api_gateway_role",
            "module.dev.module.ecr.aws_ecr_repository.repo",
            "module.dev.module.lambda.aws_iam_role.exec",
            "module.dev.module.lambda.aws_lambda_function.this"
          ]
        }
      ]
    },
    {
      "module": "module.dev.module.apigateway",
      "mode": "managed",
      "type": "aws_lambda_permission",
      "name": "api_gateway_lambda_permission",
      "provider": "provider[\"registry.terraform.io/hashicorp/aws\"]",
      "instances": [
        {
          "schema_version": 0,
          "attributes": {
            "action": "lambda:InvokeFunction",
            "event_source_token": null,
            "function_name": "arn:aws:lambda:ap-northeast-1:241875560804:function:todo_app_front_lambda_dev_managed_by_terraform",
            "function_url_auth_type": null,
            "id": "terraform-20250504055816824600000001",
            "principal": "apigateway.amazonaws.com",
            "principal_org_id": null,
            "qualifier": "",
            "source_account": null,
            "source_arn": null,
            "statement_id": "terraform-20250504055816824600000001",
            "statement_id_prefix": "terraform-"
          },
          "sensitive_attributes": [],
          "private": "bnVsbA==",
          "dependencies": [
            "module.dev.module.ecr.aws_ecr_repository.repo",
            "module.dev.module.lambda.aws_iam_role.exec",
            "module.dev.module.lambda.aws_lambda_function.this"
          ]
        }
      ]
    },
    {
      "module": "module.dev.module.cloudfront",
      "mode": "managed",
      "type": "aws_cloudfront_distribution",
      "name": "cf",
      "provider": "provider[\"registry.terraform.io/hashicorp/aws\"]",
      "instances": [
        {
          "schema_version": 1,
          "attributes": {
            "aliases": [
              "todolist-frontend-cdn-by-terraform.kibotsu.com"
            ],
            "arn": "arn:aws:cloudfront::241875560804:distribution/E2497IZD4BGQ6N",
            "caller_reference": "terraform-20250506092918896800000001",
            "comment": "todo-app CDN for front of Next.js on API Gateway CloudFront for API Gateway (domain-less)",
            "continuous_deployment_policy_id": "",
            "custom_error_response": [],
            "default_cache_behavior": [
              {
                "allowed_methods": [
                  "DELETE",
                  "GET",
                  "HEAD",
                  "OPTIONS",
                  "PATCH",
                  "POST",
                  "PUT"
                ],
                "cache_policy_id": "658327ea-f89d-4fab-a63d-7e88639e58f6",
                "cached_methods": [
                  "GET",
                  "HEAD",
                  "OPTIONS"
                ],
                "compress": false,
                "default_ttl": 0,
                "field_level_encryption_id": "",
                "forwarded_values": [],
                "function_association": [],
                "lambda_function_association": [],
                "max_ttl": 0,
                "min_ttl": 0,
                "origin_request_policy_id": "88a5eaf4-2fd4-4709-b370-b4c650ea3fcf",
                "realtime_log_config_arn": "",
                "response_headers_policy_id": "",
                "smooth_streaming": false,
                "target_origin_id": "apiGatewayOrigin",
                "trusted_key_groups": [],
                "trusted_signers": [],
                "viewer_protocol_policy": "redirect-to-https"
              }
            ],
            "default_root_object": "",
            "domain_name": "d2ev5shj67i6x.cloudfront.net",
            "enabled": true,
            "etag": "E9X8TJ35WTGE2",
            "hosted_zone_id": "Z2FDTNDATAQYW2",
            "http_version": "http2",
            "id": "E2497IZD4BGQ6N",
            "in_progress_validation_batches": 0,
            "is_ipv6_enabled": true,
            "last_modified_time": "2025-05-06 09:29:32.475 +0000 UTC",
            "logging_config": [],
            "ordered_cache_behavior": [],
            "origin": [
              {
                "connection_attempts": 3,
                "connection_timeout": 10,
                "custom_header": [],
                "custom_origin_config": [
                  {
                    "http_port": 80,
                    "https_port": 443,
                    "origin_keepalive_timeout": 5,
                    "origin_protocol_policy": "https-only",
                    "origin_read_timeout": 30,
                    "origin_ssl_protocols": [
                      "TLSv1.2"
                    ]
                  }
                ],
                "domain_name": "acyidtk5sg.execute-api.ap-northeast-1.amazonaws.com",
                "origin_access_control_id": "",
                "origin_id": "apiGatewayOrigin",
                "origin_path": "",
                "origin_shield": [],
                "s3_origin_config": []
              }
            ],
            "origin_group": [],
            "price_class": "PriceClass_200",
            "restrictions": [
              {
                "geo_restriction": [
                  {
                    "locations": [],
                    "restriction_type": "none"
                  }
                ]
              }
            ],
            "retain_on_delete": false,
            "staging": false,
            "status": "Deployed",
            "tags": null,
            "tags_all": {},
            "trusted_key_groups": [
              {
                "enabled": false,
                "items": []
              }
            ],
            "trusted_signers": [
              {
                "enabled": false,
                "items": []
              }
            ],
            "viewer_certificate": [
              {
                "acm_certificate_arn": "arn:aws:acm:us-east-1:241875560804:certificate/2e2f1efb-5f03-4b5a-b113-a77e67841dfa",
                "cloudfront_default_certificate": false,
                "iam_certificate_id": "",
                "minimum_protocol_version": "TLSv1.2_2019",
                "ssl_support_method": "sni-only"
              }
            ],
            "wait_for_deployment": true,
            "web_acl_id": ""
          },
          "sensitive_attributes": [],
          "private": "eyJzY2hlbWFfdmVyc2lvbiI6IjEifQ==",
          "dependencies": [
            "module.dev.module.apigateway.aws_apigatewayv2_api.this",
            "module.dev.module.cloudfront.module.cert.aws_acm_certificate.cert"
          ]
        }
      ]
    },
    {
      "module": "module.dev.module.cloudfront.module.cert",
      "mode": "managed",
      "type": "aws_acm_certificate",
      "name": "cert",
      "provider": "provider[\"registry.terraform.io/hashicorp/aws\"].us-east-1",
      "instances": [
        {
          "schema_version": 0,
          "attributes": {
            "arn": "arn:aws:acm:us-east-1:241875560804:certificate/2e2f1efb-5f03-4b5a-b113-a77e67841dfa",
            "certificate_authority_arn": "",
            "certificate_body": null,
            "certificate_chain": null,
            "domain_name": "todolist-frontend-cdn-by-terraform.kibotsu.com",
            "domain_validation_options": [
              {
                "domain_name": "todolist-frontend-cdn-by-terraform.kibotsu.com",
                "resource_record_name": "_1d4f5309381acaf9457786800a7065ce.todolist-frontend-cdn-by-terraform.kibotsu.com.",
                "resource_record_type": "CNAME",
                "resource_record_value": "_4dd648a6bf3dbd10cdcf6bfdd443a3dc.xlfgrmvvlj.acm-validations.aws."
              }
            ],
            "early_renewal_duration": "",
            "id": "arn:aws:acm:us-east-1:241875560804:certificate/2e2f1efb-5f03-4b5a-b113-a77e67841dfa",
            "key_algorithm": "RSA_2048",
            "not_after": "",
            "not_before": "",
            "options": [
              {
                "certificate_transparency_logging_preference": "ENABLED"
              }
            ],
            "pending_renewal": false,
            "private_key": null,
            "renewal_eligibility": "INELIGIBLE",
            "renewal_summary": [],
            "status": "PENDING_VALIDATION",
            "subject_alternative_names": [
              "todolist-frontend-cdn-by-terraform.kibotsu.com"
            ],
            "tags": null,
            "tags_all": {},
            "type": "AMAZON_ISSUED",
            "validation_emails": [],
            "validation_method": "DNS",
            "validation_option": []
          },
          "sensitive_attributes": [
            [
              {
                "type": "get_attr",
                "value": "private_key"
              }
            ]
          ],
          "private": "bnVsbA==",
          "create_before_destroy": true
        }
      ]
    },
    {
      "module": "module.dev.module.cloudfront.module.cert",
      "mode": "managed",
      "type": "aws_acm_certificate_validation",
      "name": "cert_validation",
      "provider": "provider[\"registry.terraform.io/hashicorp/aws\"].us-east-1",
      "instances": [
        {
          "schema_version": 0,
          "attributes": {
            "certificate_arn": "arn:aws:acm:us-east-1:241875560804:certificate/2e2f1efb-5f03-4b5a-b113-a77e67841dfa",
            "id": "2025-05-06 09:29:27.9 +0000 UTC",
            "timeouts": null,
            "validation_record_fqdns": [
              "_1d4f5309381acaf9457786800a7065ce.todolist-frontend-cdn-by-terraform.kibotsu.com"
            ]
          },
          "sensitive_attributes": [],
          "private": "eyJlMmJmYjczMC1lY2FhLTExZTYtOGY4OC0zNDM2M2JjN2M0YzAiOnsiY3JlYXRlIjo0NTAwMDAwMDAwMDAwfX0=",
          "dependencies": [
            "module.dev.module.cloudfront.module.cert.aws_acm_certificate.cert",
            "module.dev.module.cloudfront.module.cert.aws_route53_record.cert_validation"
          ]
        }
      ]
    },
    {
      "module": "module.dev.module.cloudfront.module.cert",
      "mode": "managed",
      "type": "aws_route53_record",
      "name": "cert_validation",
      "provider": "provider[\"registry.terraform.io/hashicorp/aws\"].us-east-1",
      "instances": [
        {
          "index_key": "todolist-frontend-cdn-by-terraform.kibotsu.com",
          "schema_version": 2,
          "attributes": {
            "alias": [],
            "allow_overwrite": null,
            "cidr_routing_policy": [],
            "failover_routing_policy": [],
            "fqdn": "_1d4f5309381acaf9457786800a7065ce.todolist-frontend-cdn-by-terraform.kibotsu.com",
            "geolocation_routing_policy": [],
            "geoproximity_routing_policy": [],
            "health_check_id": "",
            "id": "Z065518737GMZ6KWXI9YK__1d4f5309381acaf9457786800a7065ce.todolist-frontend-cdn-by-terraform.kibotsu.com._CNAME",
            "latency_routing_policy": [],
            "multivalue_answer_routing_policy": false,
            "name": "_1d4f5309381acaf9457786800a7065ce.todolist-frontend-cdn-by-terraform.kibotsu.com",
            "records": [
              "_4dd648a6bf3dbd10cdcf6bfdd443a3dc.xlfgrmvvlj.acm-validations.aws."
            ],
            "set_identifier": "",
            "ttl": 60,
            "type": "CNAME",
            "weighted_routing_policy": [],
            "zone_id": "Z065518737GMZ6KWXI9YK"
          },
          "sensitive_attributes": [],
          "private": "eyJzY2hlbWFfdmVyc2lvbiI6IjIifQ==",
          "dependencies": [
            "module.dev.module.cloudfront.module.cert.aws_acm_certificate.cert"
          ]
        }
      ]
    },
    {
      "module": "module.dev.module.cloudfront.module.dns",
      "mode": "managed",
      "type": "aws_route53_record",
      "name": "cf_alias_a",
      "provider": "provider[\"registry.terraform.io/hashicorp/aws\"]",
      "instances": [
        {
          "schema_version": 2,
          "attributes": {
            "alias": [
              {
                "evaluate_target_health": false,
                "name": "d2ev5shj67i6x.cloudfront.net",
                "zone_id": "Z2FDTNDATAQYW2"
              }
            ],
            "allow_overwrite": null,
            "cidr_routing_policy": [],
            "failover_routing_policy": [],
            "fqdn": "todolist-frontend-cdn-by-terraform.kibotsu.com",
            "geolocation_routing_policy": [],
            "geoproximity_routing_policy": [],
            "health_check_id": "",
            "id": "Z065518737GMZ6KWXI9YK_todolist-frontend-cdn-by-terraform.kibotsu.com_A",
            "latency_routing_policy": [],
            "multivalue_answer_routing_policy": false,
            "name": "todolist-frontend-cdn-by-terraform.kibotsu.com",
            "records": null,
            "set_identifier": "",
            "ttl": 0,
            "type": "A",
            "weighted_routing_policy": [],
            "zone_id": "Z065518737GMZ6KWXI9YK"
          },
          "sensitive_attributes": [],
          "private": "eyJzY2hlbWFfdmVyc2lvbiI6IjIifQ==",
          "dependencies": [
            "module.dev.module.apigateway.aws_apigatewayv2_api.this",
            "module.dev.module.cloudfront.aws_cloudfront_distribution.cf",
            "module.dev.module.cloudfront.module.cert.aws_acm_certificate.cert",
            "module.dev.module.cloudfront.module.cert.aws_acm_certificate_validation.cert_validation",
            "module.dev.module.cloudfront.module.cert.aws_route53_record.cert_validation"
          ]
        }
      ]
    },
    {
      "module": "module.dev.module.cloudfront.module.dns",
      "mode": "managed",
      "type": "aws_route53_record",
      "name": "cf_alias_aaaa",
      "provider": "provider[\"registry.terraform.io/hashicorp/aws\"]",
      "instances": [
        {
          "schema_version": 2,
          "attributes": {
            "alias": [
              {
                "evaluate_target_health": false,
                "name": "d2ev5shj67i6x.cloudfront.net",
                "zone_id": "Z2FDTNDATAQYW2"
              }
            ],
            "allow_overwrite": null,
            "cidr_routing_policy": [],
            "failover_routing_policy": [],
            "fqdn": "todolist-frontend-cdn-by-terraform.kibotsu.com",
            "geolocation_routing_policy": [],
            "geoproximity_routing_policy": [],
            "health_check_id": "",
            "id": "Z065518737GMZ6KWXI9YK_todolist-frontend-cdn-by-terraform.kibotsu.com_AAAA",
            "latency_routing_policy": [],
            "multivalue_answer_routing_policy": false,
            "name": "todolist-frontend-cdn-by-terraform.kibotsu.com",
            "records": null,
            "set_identifier": "",
            "ttl": 0,
            "type": "AAAA",
            "weighted_routing_policy": [],
            "zone_id": "Z065518737GMZ6KWXI9YK"
          },
          "sensitive_attributes": [],
          "private": "eyJzY2hlbWFfdmVyc2lvbiI6IjIifQ==",
          "dependencies": [
            "module.dev.module.apigateway.aws_apigatewayv2_api.this",
            "module.dev.module.cloudfront.aws_cloudfront_distribution.cf",
            "module.dev.module.cloudfront.module.cert.aws_acm_certificate.cert",
            "module.dev.module.cloudfront.module.cert.aws_acm_certificate_validation.cert_validation",
            "module.dev.module.cloudfront.module.cert.aws_route53_record.cert_validation"
          ]
        }
      ]
    },
    {
      "module": "module.dev.module.ecr",
      "mode": "managed",
      "type": "aws_ecr_lifecycle_policy",
      "name": "policy",
      "provider": "provider[\"registry.terraform.io/hashicorp/aws\"]",
      "instances": [
        {
          "schema_version": 0,
          "attributes": {
            "id": "todo_app/front/lambda/managed_by_terraform/dev",
            "policy": "{\"rules\":[{\"action\":{\"type\":\"expire\"},\"description\":\"最新の10つを残してイメージを削除する\",\"rulePriority\":1,\"selection\":{\"countNumber\":10,\"countType\":\"imageCountMoreThan\",\"tagStatus\":\"any\"}}]}",
            "registry_id": "241875560804",
            "repository": "todo_app/front/lambda/managed_by_terraform/dev"
          },
          "sensitive_attributes": [],
          "private": "bnVsbA==",
          "dependencies": [
            "module.dev.module.ecr.aws_ecr_repository.repo"
          ]
        }
      ]
    },
    {
      "module": "module.dev.module.ecr",
      "mode": "managed",
      "type": "aws_ecr_repository",
      "name": "repo",
      "provider": "provider[\"registry.terraform.io/hashicorp/aws\"]",
      "instances": [
        {
          "schema_version": 0,
          "attributes": {
            "arn": "arn:aws:ecr:ap-northeast-1:241875560804:repository/todo_app/front/lambda/managed_by_terraform/dev",
            "encryption_configuration": [
              {
                "encryption_type": "AES256",
                "kms_key": ""
              }
            ],
            "force_delete": null,
            "id": "todo_app/front/lambda/managed_by_terraform/dev",
            "image_scanning_configuration": [
              {
                "scan_on_push": false
              }
            ],
            "image_tag_mutability": "MUTABLE",
            "name": "todo_app/front/lambda/managed_by_terraform/dev",
            "registry_id": "241875560804",
            "repository_url": "241875560804.dkr.ecr.ap-northeast-1.amazonaws.com/todo_app/front/lambda/managed_by_terraform/dev",
            "tags": {},
            "tags_all": {},
            "timeouts": null
          },
          "sensitive_attributes": [],
          "private": "eyJlMmJmYjczMC1lY2FhLTExZTYtOGY4OC0zNDM2M2JjN2M0YzAiOnsiZGVsZXRlIjoxMjAwMDAwMDAwMDAwfX0="
        }
      ]
    },
    {
      "module": "module.dev.module.lambda",
      "mode": "managed",
      "type": "aws_iam_role",
      "name": "exec",
      "provider": "provider[\"registry.terraform.io/hashicorp/aws\"]",
      "instances": [
        {
          "schema_version": 0,
          "attributes": {
            "arn": "arn:aws:iam::241875560804:role/todo_app_front_lambda_dev_managed_by_terraform-exec-role",
            "assume_role_policy": "{\"Statement\":[{\"Action\":\"sts:AssumeRole\",\"Effect\":\"Allow\",\"Principal\":{\"Service\":\"lambda.amazonaws.com\"}}],\"Version\":\"2012-10-17\"}",
            "create_date": "2025-05-04T05:54:46Z",
            "description": "",
            "force_detach_policies": false,
            "id": "todo_app_front_lambda_dev_managed_by_terraform-exec-role",
            "inline_policy": [],
            "managed_policy_arns": [
              "arn:aws:iam::aws:policy/service-role/AWSLambdaBasicExecutionRole"
            ],
            "max_session_duration": 3600,
            "name": "todo_app_front_lambda_dev_managed_by_terraform-exec-role",
            "name_prefix": "",
            "path": "/",
            "permissions_boundary": "",
            "tags": {},
            "tags_all": {},
            "unique_id": "AROATQUHIFFSEB5G4INBK"
          },
          "sensitive_attributes": [],
          "private": "bnVsbA=="
        }
      ]
    },
    {
      "module": "module.dev.module.lambda",
      "mode": "managed",
      "type": "aws_iam_role_policy_attachment",
      "name": "basic",
      "provider": "provider[\"registry.terraform.io/hashicorp/aws\"]",
      "instances": [
        {
          "schema_version": 0,
          "attributes": {
            "id": "todo_app_front_lambda_dev_managed_by_terraform-exec-role-20250504055448131700000001",
            "policy_arn": "arn:aws:iam::aws:policy/service-role/AWSLambdaBasicExecutionRole",
            "role": "todo_app_front_lambda_dev_managed_by_terraform-exec-role"
          },
          "sensitive_attributes": [],
          "private": "bnVsbA==",
          "dependencies": [
            "module.dev.module.lambda.aws_iam_role.exec"
          ]
        }
      ]
    },
    {
      "module": "module.dev.module.lambda",
      "mode": "managed",
      "type": "aws_lambda_function",
      "name": "this",
      "provider": "provider[\"registry.terraform.io/hashicorp/aws\"]",
      "instances": [
        {
          "schema_version": 0,
          "attributes": {
            "architectures": [
              "arm64"
            ],
            "arn": "arn:aws:lambda:ap-northeast-1:241875560804:function:todo_app_front_lambda_dev_managed_by_terraform",
            "code_sha256": "9a1d2946f13216f8beb42be95fefe400cd3d864c5f8a0055512639dd9f6013e8",
            "code_signing_config_arn": "",
            "dead_letter_config": [],
            "description": "",
            "environment": [
              {
                "variables": {
                  "NEXT_PUBLIC_BACKEND_API_ORIGIN": "https://7altwwfp36i5lr7hqwzicxhbbi0iaurn.lambda-url.ap-northeast-1.on.aws/api",
                  "PORT": "8080"
                }
              }
            ],
            "ephemeral_storage": [
              {
                "size": 512
              }
            ],
            "file_system_config": [],
            "filename": null,
            "function_name": "todo_app_front_lambda_dev_managed_by_terraform",
            "handler": "",
            "id": "todo_app_front_lambda_dev_managed_by_terraform",
            "image_config": [],
            "image_uri": "241875560804.dkr.ecr.ap-northeast-1.amazonaws.com/todo_app/front/lambda/managed_by_terraform/dev:latest",
            "invoke_arn": "arn:aws:apigateway:ap-northeast-1:lambda:path/2015-03-31/functions/arn:aws:lambda:ap-northeast-1:241875560804:function:todo_app_front_lambda_dev_managed_by_terraform/invocations",
            "kms_key_arn": "",
            "last_modified": "2025-05-04T05:57:14.896+0000",
            "layers": [],
            "logging_config": [
              {
                "application_log_level": "",
                "log_format": "Text",
                "log_group": "/aws/lambda/todo_app_front_lambda_dev_managed_by_terraform",
                "system_log_level": ""
              }
            ],
            "memory_size": 1024,
            "package_type": "Image",
            "publish": false,
            "qualified_arn": "arn:aws:lambda:ap-northeast-1:241875560804:function:todo_app_front_lambda_dev_managed_by_terraform:$LATEST",
            "qualified_invoke_arn": "arn:aws:apigateway:ap-northeast-1:lambda:path/2015-03-31/functions/arn:aws:lambda:ap-northeast-1:241875560804:function:todo_app_front_lambda_dev_managed_by_terraform:$LATEST/invocations",
            "replace_security_groups_on_destroy": null,
            "replacement_security_group_ids": null,
            "reserved_concurrent_executions": -1,
            "role": "arn:aws:iam::241875560804:role/todo_app_front_lambda_dev_managed_by_terraform-exec-role",
            "runtime": "",
            "s3_bucket": null,
            "s3_key": null,
            "s3_object_version": null,
            "signing_job_arn": "",
            "signing_profile_version_arn": "",
            "skip_destroy": false,
            "snap_start": [],
            "source_code_hash": "",
            "source_code_size": 0,
            "tags": {},
            "tags_all": {},
            "timeout": 30,
            "timeouts": null,
            "tracing_config": [
              {
                "mode": "PassThrough"
              }
            ],
            "version": "$LATEST",
            "vpc_config": []
          },
          "sensitive_attributes": [],
          "private": "eyJlMmJmYjczMC1lY2FhLTExZTYtOGY4OC0zNDM2M2JjN2M0YzAiOnsiY3JlYXRlIjo2MDAwMDAwMDAwMDAsImRlbGV0ZSI6NjAwMDAwMDAwMDAwLCJ1cGRhdGUiOjYwMDAwMDAwMDAwMH19",
          "dependencies": [
            "module.dev.module.ecr.aws_ecr_repository.repo",
            "module.dev.module.lambda.aws_iam_role.exec"
          ]
        }
      ]
    },
    {
      "module": "module.dev.module.lambda",
      "mode": "managed",
      "type": "aws_lambda_function_url",
      "name": "this",
      "provider": "provider[\"registry.terraform.io/hashicorp/aws\"]",
      "instances": [
        {
          "schema_version": 0,
          "attributes": {
            "authorization_type": "NONE",
            "cors": [],
            "function_arn": "arn:aws:lambda:ap-northeast-1:241875560804:function:todo_app_front_lambda_dev_managed_by_terraform",
            "function_name": "todo_app_front_lambda_dev_managed_by_terraform",
            "function_url": "https://7kvvmfse6zq5zmziyjfgqiyrqi0melld.lambda-url.ap-northeast-1.on.aws/",
            "id": "todo_app_front_lambda_dev_managed_by_terraform",
            "invoke_mode": "RESPONSE_STREAM",
            "qualifier": "",
            "timeouts": null,
            "url_id": "7kvvmfse6zq5zmziyjfgqiyrqi0melld"
          },
          "sensitive_attributes": [],
          "private": "eyJlMmJmYjczMC1lY2FhLTExZTYtOGY4OC0zNDM2M2JjN2M0YzAiOnsiY3JlYXRlIjo2MDAwMDAwMDAwMDB9fQ==",
          "dependencies": [
            "module.dev.module.ecr.aws_ecr_repository.repo",
            "module.dev.module.lambda.aws_iam_role.exec",
            "module.dev.module.lambda.aws_lambda_function.this"
          ]
        }
      ]
    }
  ],
  "check_results": null
}
