{
  "version": 4,
  "terraform_version": "1.9.4",
  "serial": 101,
  "lineage": "e17d470a-d3ad-042b-f06f-b8edb1fb5f94",
  "outputs": {},
  "resources": [
    {
      "module": "module.backend.module.network",
      "mode": "managed",
      "type": "aws_route_table",
      "name": "main",
      "provider": "provider[\"registry.terraform.io/hashicorp/aws\"]",
      "instances": [
        {
          "schema_version": 0,
          "attributes": {
            "arn": "arn:aws:ec2:ap-northeast-1:241875560804:route-table/rtb-019c6c6d8d96d4ffe",
            "id": "rtb-019c6c6d8d96d4ffe",
            "owner_id": "241875560804",
            "propagating_vgws": [],
            "route": [
              {
                "carrier_gateway_id": "",
                "cidr_block": "0.0.0.0/0",
                "core_network_arn": "",
                "destination_prefix_list_id": "",
                "egress_only_gateway_id": "",
                "gateway_id": "igw-00aa32e094bde28ed",
                "ipv6_cidr_block": "",
                "local_gateway_id": "",
                "nat_gateway_id": "",
                "network_interface_id": "",
                "transit_gateway_id": "",
                "vpc_endpoint_id": "",
                "vpc_peering_connection_id": ""
              }
            ],
            "tags": {
              "Name": "main-route-table"
            },
            "tags_all": {
              "Name": "main-route-table"
            },
            "timeouts": null,
            "vpc_id": "vpc-004115d93cd9aecb2"
          },
          "sensitive_attributes": [],
          "private": "eyJlMmJmYjczMC1lY2FhLTExZTYtOGY4OC0zNDM2M2JjN2M0YzAiOnsiY3JlYXRlIjozMDAwMDAwMDAwMDAsImRlbGV0ZSI6MzAwMDAwMDAwMDAwLCJ1cGRhdGUiOjEyMDAwMDAwMDAwMH19",
          "dependencies": [
            "module.backend.module.network.module.network.data.aws_internet_gateway.main",
            "module.backend.module.network.module.network.data.aws_vpc.main",
            "module.global_bootstrap.module.ecs.aws_ecs_cluster.new_cluster",
            "module.global_bootstrap.module.ecs.aws_iam_role.ecs_task_execution",
            "module.global_bootstrap.module.ecs.aws_iam_role_policy_attachment.ecs_task_cloudwatch_policy",
            "module.global_bootstrap.module.ecs.aws_iam_role_policy_attachment.ecs_task_execution_policy",
            "module.global_bootstrap.module.network.aws_internet_gateway.main",
            "module.global_bootstrap.module.network.aws_vpc.new_vpc"
          ]
        }
      ]
    },
    {
      "module": "module.backend.module.network",
      "mode": "managed",
      "type": "aws_route_table_association",
      "name": "main",
      "provider": "provider[\"registry.terraform.io/hashicorp/aws\"]",
      "instances": [
        {
          "schema_version": 0,
          "attributes": {
            "gateway_id": "",
            "id": "rtbassoc-0a1249a30839fc7bc",
            "route_table_id": "rtb-019c6c6d8d96d4ffe",
            "subnet_id": "subnet-0ff86fd3e4c155020",
            "timeouts": null
          },
          "sensitive_attributes": [],
          "private": "eyJlMmJmYjczMC1lY2FhLTExZTYtOGY4OC0zNDM2M2JjN2M0YzAiOnsiY3JlYXRlIjozMDAwMDAwMDAwMDAsImRlbGV0ZSI6MzAwMDAwMDAwMDAwLCJ1cGRhdGUiOjEyMDAwMDAwMDAwMH19",
          "dependencies": [
            "module.backend.module.network.aws_route_table.main",
            "module.backend.module.network.aws_subnet.main",
            "module.backend.module.network.module.network.data.aws_internet_gateway.main",
            "module.backend.module.network.module.network.data.aws_vpc.main",
            "module.global_bootstrap.module.ecs.aws_ecs_cluster.new_cluster",
            "module.global_bootstrap.module.ecs.aws_iam_role.ecs_task_execution",
            "module.global_bootstrap.module.ecs.aws_iam_role_policy_attachment.ecs_task_cloudwatch_policy",
            "module.global_bootstrap.module.ecs.aws_iam_role_policy_attachment.ecs_task_execution_policy",
            "module.global_bootstrap.module.network.aws_internet_gateway.main",
            "module.global_bootstrap.module.network.aws_vpc.new_vpc"
          ]
        }
      ]
    },
    {
      "module": "module.backend.module.network",
      "mode": "managed",
      "type": "aws_subnet",
      "name": "main",
      "provider": "provider[\"registry.terraform.io/hashicorp/aws\"]",
      "instances": [
        {
          "schema_version": 1,
          "attributes": {
            "arn": "arn:aws:ec2:ap-northeast-1:241875560804:subnet/subnet-0ff86fd3e4c155020",
            "assign_ipv6_address_on_creation": false,
            "availability_zone": "ap-northeast-1a",
            "availability_zone_id": "apne1-az4",
            "cidr_block": "10.0.1.0/24",
            "customer_owned_ipv4_pool": "",
            "enable_dns64": false,
            "enable_lni_at_device_index": 0,
            "enable_resource_name_dns_a_record_on_launch": false,
            "enable_resource_name_dns_aaaa_record_on_launch": false,
            "id": "subnet-0ff86fd3e4c155020",
            "ipv6_cidr_block": "",
            "ipv6_cidr_block_association_id": "",
            "ipv6_native": false,
            "map_customer_owned_ip_on_launch": false,
            "map_public_ip_on_launch": false,
            "outpost_arn": "",
            "owner_id": "241875560804",
            "private_dns_hostname_type_on_launch": "ip-name",
            "tags": {
              "Name": "main-subnet"
            },
            "tags_all": {
              "Name": "main-subnet"
            },
            "timeouts": null,
            "vpc_id": "vpc-004115d93cd9aecb2"
          },
          "sensitive_attributes": [],
          "private": "eyJlMmJmYjczMC1lY2FhLTExZTYtOGY4OC0zNDM2M2JjN2M0YzAiOnsiY3JlYXRlIjo2MDAwMDAwMDAwMDAsImRlbGV0ZSI6MTIwMDAwMDAwMDAwMH0sInNjaGVtYV92ZXJzaW9uIjoiMSJ9",
          "dependencies": [
            "module.backend.module.network.module.network.data.aws_vpc.main",
            "module.global_bootstrap.module.ecs.aws_ecs_cluster.new_cluster",
            "module.global_bootstrap.module.ecs.aws_iam_role.ecs_task_execution",
            "module.global_bootstrap.module.ecs.aws_iam_role_policy_attachment.ecs_task_cloudwatch_policy",
            "module.global_bootstrap.module.ecs.aws_iam_role_policy_attachment.ecs_task_execution_policy",
            "module.global_bootstrap.module.network.aws_internet_gateway.main",
            "module.global_bootstrap.module.network.aws_vpc.new_vpc"
          ]
        }
      ]
    },
    {
      "module": "module.backend.module.network.module.network",
      "mode": "data",
      "type": "aws_internet_gateway",
      "name": "main",
      "provider": "provider[\"registry.terraform.io/hashicorp/aws\"]",
      "instances": [
        {
          "schema_version": 0,
          "attributes": {
            "arn": "arn:aws:ec2:ap-northeast-1:241875560804:internet-gateway/igw-00aa32e094bde28ed",
            "attachments": [
              {
                "state": "available",
                "vpc_id": "vpc-004115d93cd9aecb2"
              }
            ],
            "filter": [
              {
                "name": "tag:Name",
                "values": [
                  "main-igw"
                ]
              }
            ],
            "id": "igw-00aa32e094bde28ed",
            "internet_gateway_id": "igw-00aa32e094bde28ed",
            "owner_id": "241875560804",
            "tags": {
              "Name": "main-igw"
            },
            "timeouts": null
          },
          "sensitive_attributes": []
        }
      ]
    },
    {
      "module": "module.backend.module.network.module.network",
      "mode": "data",
      "type": "aws_vpc",
      "name": "main",
      "provider": "provider[\"registry.terraform.io/hashicorp/aws\"]",
      "instances": [
        {
          "schema_version": 0,
          "attributes": {
            "arn": "arn:aws:ec2:ap-northeast-1:241875560804:vpc/vpc-004115d93cd9aecb2",
            "cidr_block": "10.0.0.0/16",
            "cidr_block_associations": [
              {
                "association_id": "vpc-cidr-assoc-020c55d1bdb94decd",
                "cidr_block": "10.0.0.0/16",
                "state": "associated"
              }
            ],
            "default": false,
            "dhcp_options_id": "dopt-4871452f",
            "enable_dns_hostnames": false,
            "enable_dns_support": true,
            "enable_network_address_usage_metrics": false,
            "filter": [
              {
                "name": "tag:Name",
                "values": [
                  "main-vpc"
                ]
              }
            ],
            "id": "vpc-004115d93cd9aecb2",
            "instance_tenancy": "default",
            "ipv6_association_id": "",
            "ipv6_cidr_block": "",
            "main_route_table_id": "rtb-0bc4a5512f58bb36c",
            "owner_id": "241875560804",
            "state": null,
            "tags": {
              "Name": "main-vpc"
            },
            "timeouts": null
          },
          "sensitive_attributes": []
        }
      ]
    },
    {
      "module": "module.frontend.module.network",
      "mode": "managed",
      "type": "aws_route_table",
      "name": "main",
      "provider": "provider[\"registry.terraform.io/hashicorp/aws\"]",
      "instances": [
        {
          "schema_version": 0,
          "attributes": {
            "arn": "arn:aws:ec2:ap-northeast-1:241875560804:route-table/rtb-048ef593684512dc8",
            "id": "rtb-048ef593684512dc8",
            "owner_id": "241875560804",
            "propagating_vgws": [],
            "route": [
              {
                "carrier_gateway_id": "",
                "cidr_block": "0.0.0.0/0",
                "core_network_arn": "",
                "destination_prefix_list_id": "",
                "egress_only_gateway_id": "",
                "gateway_id": "igw-00aa32e094bde28ed",
                "ipv6_cidr_block": "",
                "local_gateway_id": "",
                "nat_gateway_id": "",
                "network_interface_id": "",
                "transit_gateway_id": "",
                "vpc_endpoint_id": "",
                "vpc_peering_connection_id": ""
              }
            ],
            "tags": {
              "Name": "main-route-table"
            },
            "tags_all": {
              "Name": "main-route-table"
            },
            "timeouts": null,
            "vpc_id": "vpc-004115d93cd9aecb2"
          },
          "sensitive_attributes": [],
          "private": "eyJlMmJmYjczMC1lY2FhLTExZTYtOGY4OC0zNDM2M2JjN2M0YzAiOnsiY3JlYXRlIjozMDAwMDAwMDAwMDAsImRlbGV0ZSI6MzAwMDAwMDAwMDAwLCJ1cGRhdGUiOjEyMDAwMDAwMDAwMH19",
          "dependencies": [
            "module.frontend.module.network.module.network.data.aws_internet_gateway.main",
            "module.frontend.module.network.module.network.data.aws_vpc.main",
            "module.global_bootstrap.module.ecs.aws_ecs_cluster.new_cluster",
            "module.global_bootstrap.module.ecs.aws_iam_role.ecs_task_execution",
            "module.global_bootstrap.module.ecs.aws_iam_role_policy_attachment.ecs_task_cloudwatch_policy",
            "module.global_bootstrap.module.ecs.aws_iam_role_policy_attachment.ecs_task_execution_policy",
            "module.global_bootstrap.module.network.aws_internet_gateway.main",
            "module.global_bootstrap.module.network.aws_vpc.new_vpc"
          ]
        }
      ]
    },
    {
      "module": "module.frontend.module.network",
      "mode": "managed",
      "type": "aws_route_table_association",
      "name": "main",
      "provider": "provider[\"registry.terraform.io/hashicorp/aws\"]",
      "instances": [
        {
          "schema_version": 0,
          "attributes": {
            "gateway_id": "",
            "id": "rtbassoc-054e212da1c9f7add",
            "route_table_id": "rtb-048ef593684512dc8",
            "subnet_id": "subnet-09c9f9173227ee9fd",
            "timeouts": null
          },
          "sensitive_attributes": [],
          "private": "eyJlMmJmYjczMC1lY2FhLTExZTYtOGY4OC0zNDM2M2JjN2M0YzAiOnsiY3JlYXRlIjozMDAwMDAwMDAwMDAsImRlbGV0ZSI6MzAwMDAwMDAwMDAwLCJ1cGRhdGUiOjEyMDAwMDAwMDAwMH19",
          "dependencies": [
            "module.frontend.module.network.aws_route_table.main",
            "module.frontend.module.network.aws_subnet.main",
            "module.frontend.module.network.module.network.data.aws_internet_gateway.main",
            "module.frontend.module.network.module.network.data.aws_vpc.main",
            "module.global_bootstrap.module.ecs.aws_ecs_cluster.new_cluster",
            "module.global_bootstrap.module.ecs.aws_iam_role.ecs_task_execution",
            "module.global_bootstrap.module.ecs.aws_iam_role_policy_attachment.ecs_task_cloudwatch_policy",
            "module.global_bootstrap.module.ecs.aws_iam_role_policy_attachment.ecs_task_execution_policy",
            "module.global_bootstrap.module.network.aws_internet_gateway.main",
            "module.global_bootstrap.module.network.aws_vpc.new_vpc"
          ]
        }
      ]
    },
    {
      "module": "module.frontend.module.network",
      "mode": "managed",
      "type": "aws_subnet",
      "name": "main",
      "provider": "provider[\"registry.terraform.io/hashicorp/aws\"]",
      "instances": [
        {
          "schema_version": 1,
          "attributes": {
            "arn": "arn:aws:ec2:ap-northeast-1:241875560804:subnet/subnet-09c9f9173227ee9fd",
            "assign_ipv6_address_on_creation": false,
            "availability_zone": "ap-northeast-1a",
            "availability_zone_id": "apne1-az4",
            "cidr_block": "10.0.2.0/24",
            "customer_owned_ipv4_pool": "",
            "enable_dns64": false,
            "enable_lni_at_device_index": 0,
            "enable_resource_name_dns_a_record_on_launch": false,
            "enable_resource_name_dns_aaaa_record_on_launch": false,
            "id": "subnet-09c9f9173227ee9fd",
            "ipv6_cidr_block": "",
            "ipv6_cidr_block_association_id": "",
            "ipv6_native": false,
            "map_customer_owned_ip_on_launch": false,
            "map_public_ip_on_launch": false,
            "outpost_arn": "",
            "owner_id": "241875560804",
            "private_dns_hostname_type_on_launch": "ip-name",
            "tags": {
              "Name": "main-subnet"
            },
            "tags_all": {
              "Name": "main-subnet"
            },
            "timeouts": null,
            "vpc_id": "vpc-004115d93cd9aecb2"
          },
          "sensitive_attributes": [],
          "private": "eyJlMmJmYjczMC1lY2FhLTExZTYtOGY4OC0zNDM2M2JjN2M0YzAiOnsiY3JlYXRlIjo2MDAwMDAwMDAwMDAsImRlbGV0ZSI6MTIwMDAwMDAwMDAwMH0sInNjaGVtYV92ZXJzaW9uIjoiMSJ9",
          "dependencies": [
            "module.frontend.module.network.module.network.data.aws_vpc.main",
            "module.global_bootstrap.module.ecs.aws_ecs_cluster.new_cluster",
            "module.global_bootstrap.module.ecs.aws_iam_role.ecs_task_execution",
            "module.global_bootstrap.module.ecs.aws_iam_role_policy_attachment.ecs_task_cloudwatch_policy",
            "module.global_bootstrap.module.ecs.aws_iam_role_policy_attachment.ecs_task_execution_policy",
            "module.global_bootstrap.module.network.aws_internet_gateway.main",
            "module.global_bootstrap.module.network.aws_vpc.new_vpc"
          ]
        }
      ]
    },
    {
      "module": "module.frontend.module.network.module.network",
      "mode": "data",
      "type": "aws_internet_gateway",
      "name": "main",
      "provider": "provider[\"registry.terraform.io/hashicorp/aws\"]",
      "instances": [
        {
          "schema_version": 0,
          "attributes": {
            "arn": "arn:aws:ec2:ap-northeast-1:241875560804:internet-gateway/igw-00aa32e094bde28ed",
            "attachments": [
              {
                "state": "available",
                "vpc_id": "vpc-004115d93cd9aecb2"
              }
            ],
            "filter": [
              {
                "name": "tag:Name",
                "values": [
                  "main-igw"
                ]
              }
            ],
            "id": "igw-00aa32e094bde28ed",
            "internet_gateway_id": "igw-00aa32e094bde28ed",
            "owner_id": "241875560804",
            "tags": {
              "Name": "main-igw"
            },
            "timeouts": null
          },
          "sensitive_attributes": []
        }
      ]
    },
    {
      "module": "module.frontend.module.network.module.network",
      "mode": "data",
      "type": "aws_vpc",
      "name": "main",
      "provider": "provider[\"registry.terraform.io/hashicorp/aws\"]",
      "instances": [
        {
          "schema_version": 0,
          "attributes": {
            "arn": "arn:aws:ec2:ap-northeast-1:241875560804:vpc/vpc-004115d93cd9aecb2",
            "cidr_block": "10.0.0.0/16",
            "cidr_block_associations": [
              {
                "association_id": "vpc-cidr-assoc-020c55d1bdb94decd",
                "cidr_block": "10.0.0.0/16",
                "state": "associated"
              }
            ],
            "default": false,
            "dhcp_options_id": "dopt-4871452f",
            "enable_dns_hostnames": false,
            "enable_dns_support": true,
            "enable_network_address_usage_metrics": false,
            "filter": [
              {
                "name": "tag:Name",
                "values": [
                  "main-vpc"
                ]
              }
            ],
            "id": "vpc-004115d93cd9aecb2",
            "instance_tenancy": "default",
            "ipv6_association_id": "",
            "ipv6_cidr_block": "",
            "main_route_table_id": "rtb-0bc4a5512f58bb36c",
            "owner_id": "241875560804",
            "state": null,
            "tags": {
              "Name": "main-vpc"
            },
            "timeouts": null
          },
          "sensitive_attributes": []
        }
      ]
    },
    {
      "module": "module.global_bootstrap.module.ecs",
      "mode": "managed",
      "type": "aws_ecs_cluster",
      "name": "new_cluster",
      "provider": "provider[\"registry.terraform.io/hashicorp/aws\"]",
      "instances": [
        {
          "schema_version": 0,
          "attributes": {
            "arn": "arn:aws:ecs:ap-northeast-1:241875560804:cluster/fargate-cluster",
            "configuration": [],
            "id": "arn:aws:ecs:ap-northeast-1:241875560804:cluster/fargate-cluster",
            "name": "fargate-cluster",
            "service_connect_defaults": [],
            "setting": [
              {
                "name": "containerInsights",
                "value": "disabled"
              }
            ],
            "tags": null,
            "tags_all": {}
          },
          "sensitive_attributes": [],
          "private": "bnVsbA=="
        }
      ]
    },
    {
      "module": "module.global_bootstrap.module.ecs",
      "mode": "managed",
      "type": "aws_iam_role",
      "name": "ecs_task_execution",
      "provider": "provider[\"registry.terraform.io/hashicorp/aws\"]",
      "instances": [
        {
          "schema_version": 0,
          "attributes": {
            "arn": "arn:aws:iam::241875560804:role/ecsTaskExecutionRoleeee",
            "assume_role_policy": "{\"Statement\":[{\"Action\":\"sts:AssumeRole\",\"Effect\":\"Allow\",\"Principal\":{\"Service\":\"ecs-tasks.amazonaws.com\"}}],\"Version\":\"2012-10-17\"}",
            "create_date": "2024-09-23T03:14:43Z",
            "description": "",
            "force_detach_policies": false,
            "id": "ecsTaskExecutionRoleeee",
            "inline_policy": [],
            "managed_policy_arns": [],
            "max_session_duration": 3600,
            "name": "ecsTaskExecutionRoleeee",
            "name_prefix": "",
            "path": "/",
            "permissions_boundary": "",
            "tags": null,
            "tags_all": {},
            "unique_id": "AROATQUHIFFSCURL47OLX"
          },
          "sensitive_attributes": [],
          "private": "bnVsbA=="
        }
      ]
    },
    {
      "module": "module.global_bootstrap.module.ecs",
      "mode": "managed",
      "type": "aws_iam_role_policy_attachment",
      "name": "ecs_task_cloudwatch_policy",
      "provider": "provider[\"registry.terraform.io/hashicorp/aws\"]",
      "instances": [
        {
          "schema_version": 0,
          "attributes": {
            "id": "ecsTaskExecutionRoleeee-20240923031444795800000001",
            "policy_arn": "arn:aws:iam::aws:policy/CloudWatchLogsFullAccess",
            "role": "ecsTaskExecutionRoleeee"
          },
          "sensitive_attributes": [],
          "private": "bnVsbA==",
          "dependencies": [
            "module.global_bootstrap.module.ecs.aws_iam_role.ecs_task_execution"
          ]
        }
      ]
    },
    {
      "module": "module.global_bootstrap.module.ecs",
      "mode": "managed",
      "type": "aws_iam_role_policy_attachment",
      "name": "ecs_task_execution_policy",
      "provider": "provider[\"registry.terraform.io/hashicorp/aws\"]",
      "instances": [
        {
          "schema_version": 0,
          "attributes": {
            "id": "ecsTaskExecutionRoleeee-20240923031445044300000002",
            "policy_arn": "arn:aws:iam::aws:policy/service-role/AmazonECSTaskExecutionRolePolicy",
            "role": "ecsTaskExecutionRoleeee"
          },
          "sensitive_attributes": [],
          "private": "bnVsbA==",
          "dependencies": [
            "module.global_bootstrap.module.ecs.aws_iam_role.ecs_task_execution"
          ]
        }
      ]
    },
    {
      "module": "module.global_bootstrap.module.network",
      "mode": "managed",
      "type": "aws_internet_gateway",
      "name": "main",
      "provider": "provider[\"registry.terraform.io/hashicorp/aws\"]",
      "instances": [
        {
          "schema_version": 0,
          "attributes": {
            "arn": "arn:aws:ec2:ap-northeast-1:241875560804:internet-gateway/igw-00aa32e094bde28ed",
            "id": "igw-00aa32e094bde28ed",
            "owner_id": "241875560804",
            "tags": {
              "Name": "main-igw"
            },
            "tags_all": {
              "Name": "main-igw"
            },
            "timeouts": null,
            "vpc_id": "vpc-004115d93cd9aecb2"
          },
          "sensitive_attributes": [],
          "private": "eyJlMmJmYjczMC1lY2FhLTExZTYtOGY4OC0zNDM2M2JjN2M0YzAiOnsiY3JlYXRlIjoxMjAwMDAwMDAwMDAwLCJkZWxldGUiOjEyMDAwMDAwMDAwMDAsInVwZGF0ZSI6MTIwMDAwMDAwMDAwMH19",
          "dependencies": [
            "module.global_bootstrap.module.network.aws_vpc.new_vpc"
          ]
        }
      ]
    },
    {
      "module": "module.global_bootstrap.module.network",
      "mode": "managed",
      "type": "aws_vpc",
      "name": "new_vpc",
      "provider": "provider[\"registry.terraform.io/hashicorp/aws\"]",
      "instances": [
        {
          "schema_version": 1,
          "attributes": {
            "arn": "arn:aws:ec2:ap-northeast-1:241875560804:vpc/vpc-004115d93cd9aecb2",
            "assign_generated_ipv6_cidr_block": false,
            "cidr_block": "10.0.0.0/16",
            "default_network_acl_id": "acl-0694cfae3cc32c60e",
            "default_route_table_id": "rtb-0bc4a5512f58bb36c",
            "default_security_group_id": "sg-08239a4b730b7f24b",
            "dhcp_options_id": "dopt-4871452f",
            "enable_dns_hostnames": false,
            "enable_dns_support": true,
            "enable_network_address_usage_metrics": false,
            "id": "vpc-004115d93cd9aecb2",
            "instance_tenancy": "default",
            "ipv4_ipam_pool_id": null,
            "ipv4_netmask_length": null,
            "ipv6_association_id": "",
            "ipv6_cidr_block": "",
            "ipv6_cidr_block_network_border_group": "",
            "ipv6_ipam_pool_id": "",
            "ipv6_netmask_length": 0,
            "main_route_table_id": "rtb-0bc4a5512f58bb36c",
            "owner_id": "241875560804",
            "tags": {
              "Name": "main-vpc"
            },
            "tags_all": {
              "Name": "main-vpc"
            }
          },
          "sensitive_attributes": [],
          "private": "eyJzY2hlbWFfdmVyc2lvbiI6IjEifQ=="
        }
      ]
    }
  ],
  "check_results": null
}
