{
  "version": 4,
  "terraform_version": "1.9.4",
  "serial": 251,
  "lineage": "88107fe5-d71a-f36d-2d0c-9627562729bb",
  "outputs": {
    "backend_url": {
      "value": "http://todolist-backend-alb-549565088.ap-northeast-1.elb.amazonaws.com/healthcheck",
      "type": "string"
    },
    "root_url": {
      "value": "http://todolist-backend-alb-549565088.ap-northeast-1.elb.amazonaws.com",
      "type": "string"
    }
  },
  "resources": [
    {
      "module": "module.alb",
      "mode": "managed",
      "type": "aws_lb",
      "name": "main",
      "provider": "provider[\"registry.terraform.io/hashicorp/aws\"]",
      "instances": [
        {
          "schema_version": 0,
          "attributes": {
            "access_logs": [
              {
                "bucket": "",
                "enabled": false,
                "prefix": ""
              }
            ],
            "arn": "arn:aws:elasticloadbalancing:ap-northeast-1:241875560804:loadbalancer/app/todolist-backend-alb/e223999923ee73c8",
            "arn_suffix": "app/todolist-backend-alb/e223999923ee73c8",
            "client_keep_alive": 3600,
            "connection_logs": [
              {
                "bucket": "",
                "enabled": false,
                "prefix": ""
              }
            ],
            "customer_owned_ipv4_pool": "",
            "desync_mitigation_mode": "defensive",
            "dns_name": "todolist-backend-alb-549565088.ap-northeast-1.elb.amazonaws.com",
            "dns_record_client_routing_policy": null,
            "drop_invalid_header_fields": false,
            "enable_cross_zone_load_balancing": true,
            "enable_deletion_protection": false,
            "enable_http2": true,
            "enable_tls_version_and_cipher_suite_headers": false,
            "enable_waf_fail_open": false,
            "enable_xff_client_port": false,
            "enforce_security_group_inbound_rules_on_private_link_traffic": "",
            "id": "arn:aws:elasticloadbalancing:ap-northeast-1:241875560804:loadbalancer/app/todolist-backend-alb/e223999923ee73c8",
            "idle_timeout": 60,
            "internal": false,
            "ip_address_type": "ipv4",
            "load_balancer_type": "application",
            "name": "todolist-backend-alb",
            "name_prefix": "",
            "preserve_host_header": false,
            "security_groups": [
              "sg-06f370ea61e87270e"
            ],
            "subnet_mapping": [
              {
                "allocation_id": "",
                "ipv6_address": "",
                "outpost_id": "",
                "private_ipv4_address": "",
                "subnet_id": "subnet-090e784556ca99968"
              },
              {
                "allocation_id": "",
                "ipv6_address": "",
                "outpost_id": "",
                "private_ipv4_address": "",
                "subnet_id": "subnet-0c564471bc34e6473"
              }
            ],
            "subnets": [
              "subnet-090e784556ca99968",
              "subnet-0c564471bc34e6473"
            ],
            "tags": null,
            "tags_all": {},
            "timeouts": null,
            "vpc_id": "vpc-070761386102423b3",
            "xff_header_processing_mode": "append",
            "zone_id": "Z14GRHDCWA56QT"
          },
          "sensitive_attributes": [],
          "private": "eyJlMmJmYjczMC1lY2FhLTExZTYtOGY4OC0zNDM2M2JjN2M0YzAiOnsiY3JlYXRlIjo2MDAwMDAwMDAwMDAsImRlbGV0ZSI6NjAwMDAwMDAwMDAwLCJ1cGRhdGUiOjYwMDAwMDAwMDAwMH19",
          "dependencies": [
            "module.alb.aws_security_group.alb_sg",
            "module.alb.module.global_network.data.aws_subnets.public",
            "module.alb.module.global_network.data.aws_subnets.public2",
            "module.alb.module.global_network.data.aws_vpcs.main",
            "module.global_bootstrap.module.ecs.aws_ecs_cluster.new_cluster",
            "module.global_bootstrap.module.ecs.aws_iam_policy.ecs_task_execution_policy",
            "module.global_bootstrap.module.ecs.aws_iam_role.ecs_task_execution",
            "module.global_bootstrap.module.ecs.aws_iam_role_policy_attachment.ecs_task_cloudwatch_policy",
            "module.global_bootstrap.module.ecs.aws_iam_role_policy_attachment.ecs_task_execution_policy",
            "module.global_bootstrap.module.ecs.aws_iam_role_policy_attachment.ecs_task_execution_role_policy_attachment",
            "module.global_bootstrap.module.ecs.module.global_network.data.aws_route_tables.private_rt",
            "module.global_bootstrap.module.ecs.module.global_network.data.aws_subnets.private",
            "module.global_bootstrap.module.ecs.module.global_network.data.aws_subnets.private2",
            "module.global_bootstrap.module.ecs.module.global_network.data.aws_subnets.public",
            "module.global_bootstrap.module.ecs.module.global_network.data.aws_subnets.public2",
            "module.global_bootstrap.module.ecs.module.global_network.data.aws_vpcs.main",
            "module.global_bootstrap.module.ecs.module.vpc_endpoint_for_access_ecr.aws_cloudwatch_log_group.vpc_endpoint_logs",
            "module.global_bootstrap.module.ecs.module.vpc_endpoint_for_access_ecr.aws_flow_log.vpc_endpoint_flow_log",
            "module.global_bootstrap.module.ecs.module.vpc_endpoint_for_access_ecr.aws_iam_policy.vpc_endpoint_logs_policy",
            "module.global_bootstrap.module.ecs.module.vpc_endpoint_for_access_ecr.aws_iam_role.vpc_endpoint_logs_role",
            "module.global_bootstrap.module.ecs.module.vpc_endpoint_for_access_ecr.aws_iam_role_policy_attachment.vpc_endpoint_logs_role_attachment",
            "module.global_bootstrap.module.ecs.module.vpc_endpoint_for_access_ecr.aws_security_group.ecr_endpoint_sg",
            "module.global_bootstrap.module.ecs.module.vpc_endpoint_for_access_ecr.aws_vpc_endpoint.cloudwatch_logs",
            "module.global_bootstrap.module.ecs.module.vpc_endpoint_for_access_ecr.aws_vpc_endpoint.ecr_api",
            "module.global_bootstrap.module.ecs.module.vpc_endpoint_for_access_ecr.aws_vpc_endpoint.ecr_dkr",
            "module.global_bootstrap.module.ecs.module.vpc_endpoint_for_access_ecr.aws_vpc_endpoint.s3",
            "module.global_bootstrap.module.ecs.module.vpc_endpoint_for_access_ecr.module.global_network.data.aws_route_tables.private_rt",
            "module.global_bootstrap.module.ecs.module.vpc_endpoint_for_access_ecr.module.global_network.data.aws_subnets.private",
            "module.global_bootstrap.module.ecs.module.vpc_endpoint_for_access_ecr.module.global_network.data.aws_subnets.private2",
            "module.global_bootstrap.module.ecs.module.vpc_endpoint_for_access_ecr.module.global_network.data.aws_subnets.public",
            "module.global_bootstrap.module.ecs.module.vpc_endpoint_for_access_ecr.module.global_network.data.aws_subnets.public2",
            "module.global_bootstrap.module.ecs.module.vpc_endpoint_for_access_ecr.module.global_network.data.aws_vpcs.main",
            "module.global_bootstrap.module.network.aws_internet_gateway.main",
            "module.global_bootstrap.module.network.aws_route_table.private_rt",
            "module.global_bootstrap.module.network.aws_route_table.public_rt",
            "module.global_bootstrap.module.network.aws_route_table_association.private_rt_assoc_1",
            "module.global_bootstrap.module.network.aws_route_table_association.private_rt_assoc_2",
            "module.global_bootstrap.module.network.aws_route_table_association.public",
            "module.global_bootstrap.module.network.aws_route_table_association.public2",
            "module.global_bootstrap.module.network.aws_subnet.private",
            "module.global_bootstrap.module.network.aws_subnet.private2",
            "module.global_bootstrap.module.network.aws_subnet.public",
            "module.global_bootstrap.module.network.aws_subnet.public2",
            "module.global_bootstrap.module.network.aws_vpc.main"
          ]
        }
      ]
    },
    {
      "module": "module.alb",
      "mode": "managed",
      "type": "aws_lb_listener",
      "name": "http",
      "provider": "provider[\"registry.terraform.io/hashicorp/aws\"]",
      "instances": [
        {
          "schema_version": 0,
          "attributes": {
            "alpn_policy": null,
            "arn": "arn:aws:elasticloadbalancing:ap-northeast-1:241875560804:listener/app/todolist-backend-alb/e223999923ee73c8/b35c22b80d0bac53",
            "certificate_arn": null,
            "default_action": [
              {
                "authenticate_cognito": [],
                "authenticate_oidc": [],
                "fixed_response": [],
                "forward": [],
                "order": 1,
                "redirect": [],
                "target_group_arn": "arn:aws:elasticloadbalancing:ap-northeast-1:241875560804:targetgroup/todolist-backend-lb-tg/3c8c67c1da72a721",
                "type": "forward"
              }
            ],
            "id": "arn:aws:elasticloadbalancing:ap-northeast-1:241875560804:listener/app/todolist-backend-alb/e223999923ee73c8/b35c22b80d0bac53",
            "load_balancer_arn": "arn:aws:elasticloadbalancing:ap-northeast-1:241875560804:loadbalancer/app/todolist-backend-alb/e223999923ee73c8",
            "mutual_authentication": [],
            "port": 80,
            "protocol": "HTTP",
            "ssl_policy": "",
            "tags": null,
            "tags_all": {},
            "timeouts": null
          },
          "sensitive_attributes": [],
          "private": "eyJlMmJmYjczMC1lY2FhLTExZTYtOGY4OC0zNDM2M2JjN2M0YzAiOnsiY3JlYXRlIjozMDAwMDAwMDAwMDAsInVwZGF0ZSI6MzAwMDAwMDAwMDAwfX0=",
          "dependencies": [
            "module.alb.aws_lb.main",
            "module.alb.aws_lb_target_group.main",
            "module.alb.aws_security_group.alb_sg",
            "module.alb.module.global_network.data.aws_subnets.public",
            "module.alb.module.global_network.data.aws_subnets.public2",
            "module.alb.module.global_network.data.aws_vpcs.main",
            "module.global_bootstrap.module.ecs.aws_ecs_cluster.new_cluster",
            "module.global_bootstrap.module.ecs.aws_iam_policy.ecs_task_execution_policy",
            "module.global_bootstrap.module.ecs.aws_iam_role.ecs_task_execution",
            "module.global_bootstrap.module.ecs.aws_iam_role_policy_attachment.ecs_task_cloudwatch_policy",
            "module.global_bootstrap.module.ecs.aws_iam_role_policy_attachment.ecs_task_execution_policy",
            "module.global_bootstrap.module.ecs.aws_iam_role_policy_attachment.ecs_task_execution_role_policy_attachment",
            "module.global_bootstrap.module.ecs.module.global_network.data.aws_route_tables.private_rt",
            "module.global_bootstrap.module.ecs.module.global_network.data.aws_subnets.private",
            "module.global_bootstrap.module.ecs.module.global_network.data.aws_subnets.private2",
            "module.global_bootstrap.module.ecs.module.global_network.data.aws_subnets.public",
            "module.global_bootstrap.module.ecs.module.global_network.data.aws_subnets.public2",
            "module.global_bootstrap.module.ecs.module.global_network.data.aws_vpcs.main",
            "module.global_bootstrap.module.ecs.module.vpc_endpoint_for_access_ecr.aws_cloudwatch_log_group.vpc_endpoint_logs",
            "module.global_bootstrap.module.ecs.module.vpc_endpoint_for_access_ecr.aws_flow_log.vpc_endpoint_flow_log",
            "module.global_bootstrap.module.ecs.module.vpc_endpoint_for_access_ecr.aws_iam_policy.vpc_endpoint_logs_policy",
            "module.global_bootstrap.module.ecs.module.vpc_endpoint_for_access_ecr.aws_iam_role.vpc_endpoint_logs_role",
            "module.global_bootstrap.module.ecs.module.vpc_endpoint_for_access_ecr.aws_iam_role_policy_attachment.vpc_endpoint_logs_role_attachment",
            "module.global_bootstrap.module.ecs.module.vpc_endpoint_for_access_ecr.aws_security_group.ecr_endpoint_sg",
            "module.global_bootstrap.module.ecs.module.vpc_endpoint_for_access_ecr.aws_vpc_endpoint.cloudwatch_logs",
            "module.global_bootstrap.module.ecs.module.vpc_endpoint_for_access_ecr.aws_vpc_endpoint.ecr_api",
            "module.global_bootstrap.module.ecs.module.vpc_endpoint_for_access_ecr.aws_vpc_endpoint.ecr_dkr",
            "module.global_bootstrap.module.ecs.module.vpc_endpoint_for_access_ecr.aws_vpc_endpoint.s3",
            "module.global_bootstrap.module.ecs.module.vpc_endpoint_for_access_ecr.module.global_network.data.aws_route_tables.private_rt",
            "module.global_bootstrap.module.ecs.module.vpc_endpoint_for_access_ecr.module.global_network.data.aws_subnets.private",
            "module.global_bootstrap.module.ecs.module.vpc_endpoint_for_access_ecr.module.global_network.data.aws_subnets.private2",
            "module.global_bootstrap.module.ecs.module.vpc_endpoint_for_access_ecr.module.global_network.data.aws_subnets.public",
            "module.global_bootstrap.module.ecs.module.vpc_endpoint_for_access_ecr.module.global_network.data.aws_subnets.public2",
            "module.global_bootstrap.module.ecs.module.vpc_endpoint_for_access_ecr.module.global_network.data.aws_vpcs.main",
            "module.global_bootstrap.module.network.aws_internet_gateway.main",
            "module.global_bootstrap.module.network.aws_route_table.private_rt",
            "module.global_bootstrap.module.network.aws_route_table.public_rt",
            "module.global_bootstrap.module.network.aws_route_table_association.private_rt_assoc_1",
            "module.global_bootstrap.module.network.aws_route_table_association.private_rt_assoc_2",
            "module.global_bootstrap.module.network.aws_route_table_association.public",
            "module.global_bootstrap.module.network.aws_route_table_association.public2",
            "module.global_bootstrap.module.network.aws_subnet.private",
            "module.global_bootstrap.module.network.aws_subnet.private2",
            "module.global_bootstrap.module.network.aws_subnet.public",
            "module.global_bootstrap.module.network.aws_subnet.public2",
            "module.global_bootstrap.module.network.aws_vpc.main"
          ]
        }
      ]
    },
    {
      "module": "module.alb",
      "mode": "managed",
      "type": "aws_lb_target_group",
      "name": "main",
      "provider": "provider[\"registry.terraform.io/hashicorp/aws\"]",
      "instances": [
        {
          "schema_version": 0,
          "attributes": {
            "arn": "arn:aws:elasticloadbalancing:ap-northeast-1:241875560804:targetgroup/todolist-backend-lb-tg/3c8c67c1da72a721",
            "arn_suffix": "targetgroup/todolist-backend-lb-tg/3c8c67c1da72a721",
            "connection_termination": null,
            "deregistration_delay": "300",
            "health_check": [
              {
                "enabled": true,
                "healthy_threshold": 3,
                "interval": 30,
                "matcher": "200",
                "path": "/healthcheck",
                "port": "traffic-port",
                "protocol": "HTTP",
                "timeout": 5,
                "unhealthy_threshold": 2
              }
            ],
            "id": "arn:aws:elasticloadbalancing:ap-northeast-1:241875560804:targetgroup/todolist-backend-lb-tg/3c8c67c1da72a721",
            "ip_address_type": "ipv4",
            "lambda_multi_value_headers_enabled": false,
            "load_balancer_arns": [],
            "load_balancing_algorithm_type": "round_robin",
            "load_balancing_anomaly_mitigation": "off",
            "load_balancing_cross_zone_enabled": "use_load_balancer_configuration",
            "name": "todolist-backend-lb-tg",
            "name_prefix": "",
            "port": 30418,
            "preserve_client_ip": null,
            "protocol": "HTTP",
            "protocol_version": "HTTP1",
            "proxy_protocol_v2": false,
            "slow_start": 0,
            "stickiness": [
              {
                "cookie_duration": 86400,
                "cookie_name": "",
                "enabled": false,
                "type": "lb_cookie"
              }
            ],
            "tags": null,
            "tags_all": {},
            "target_failover": [
              {
                "on_deregistration": null,
                "on_unhealthy": null
              }
            ],
            "target_group_health": [
              {
                "dns_failover": [
                  {
                    "minimum_healthy_targets_count": "1",
                    "minimum_healthy_targets_percentage": "off"
                  }
                ],
                "unhealthy_state_routing": [
                  {
                    "minimum_healthy_targets_count": 1,
                    "minimum_healthy_targets_percentage": "off"
                  }
                ]
              }
            ],
            "target_health_state": [
              {
                "enable_unhealthy_connection_termination": null,
                "unhealthy_draining_interval": null
              }
            ],
            "target_type": "ip",
            "vpc_id": "vpc-070761386102423b3"
          },
          "sensitive_attributes": [],
          "private": "bnVsbA==",
          "dependencies": [
            "module.alb.module.global_network.data.aws_vpcs.main",
            "module.global_bootstrap.module.ecs.aws_ecs_cluster.new_cluster",
            "module.global_bootstrap.module.ecs.aws_iam_policy.ecs_task_execution_policy",
            "module.global_bootstrap.module.ecs.aws_iam_role.ecs_task_execution",
            "module.global_bootstrap.module.ecs.aws_iam_role_policy_attachment.ecs_task_cloudwatch_policy",
            "module.global_bootstrap.module.ecs.aws_iam_role_policy_attachment.ecs_task_execution_policy",
            "module.global_bootstrap.module.ecs.aws_iam_role_policy_attachment.ecs_task_execution_role_policy_attachment",
            "module.global_bootstrap.module.ecs.module.global_network.data.aws_route_tables.private_rt",
            "module.global_bootstrap.module.ecs.module.global_network.data.aws_subnets.private",
            "module.global_bootstrap.module.ecs.module.global_network.data.aws_subnets.private2",
            "module.global_bootstrap.module.ecs.module.global_network.data.aws_subnets.public",
            "module.global_bootstrap.module.ecs.module.global_network.data.aws_subnets.public2",
            "module.global_bootstrap.module.ecs.module.global_network.data.aws_vpcs.main",
            "module.global_bootstrap.module.ecs.module.vpc_endpoint_for_access_ecr.aws_cloudwatch_log_group.vpc_endpoint_logs",
            "module.global_bootstrap.module.ecs.module.vpc_endpoint_for_access_ecr.aws_flow_log.vpc_endpoint_flow_log",
            "module.global_bootstrap.module.ecs.module.vpc_endpoint_for_access_ecr.aws_iam_policy.vpc_endpoint_logs_policy",
            "module.global_bootstrap.module.ecs.module.vpc_endpoint_for_access_ecr.aws_iam_role.vpc_endpoint_logs_role",
            "module.global_bootstrap.module.ecs.module.vpc_endpoint_for_access_ecr.aws_iam_role_policy_attachment.vpc_endpoint_logs_role_attachment",
            "module.global_bootstrap.module.ecs.module.vpc_endpoint_for_access_ecr.aws_security_group.ecr_endpoint_sg",
            "module.global_bootstrap.module.ecs.module.vpc_endpoint_for_access_ecr.aws_vpc_endpoint.cloudwatch_logs",
            "module.global_bootstrap.module.ecs.module.vpc_endpoint_for_access_ecr.aws_vpc_endpoint.ecr_api",
            "module.global_bootstrap.module.ecs.module.vpc_endpoint_for_access_ecr.aws_vpc_endpoint.ecr_dkr",
            "module.global_bootstrap.module.ecs.module.vpc_endpoint_for_access_ecr.aws_vpc_endpoint.s3",
            "module.global_bootstrap.module.ecs.module.vpc_endpoint_for_access_ecr.module.global_network.data.aws_route_tables.private_rt",
            "module.global_bootstrap.module.ecs.module.vpc_endpoint_for_access_ecr.module.global_network.data.aws_subnets.private",
            "module.global_bootstrap.module.ecs.module.vpc_endpoint_for_access_ecr.module.global_network.data.aws_subnets.private2",
            "module.global_bootstrap.module.ecs.module.vpc_endpoint_for_access_ecr.module.global_network.data.aws_subnets.public",
            "module.global_bootstrap.module.ecs.module.vpc_endpoint_for_access_ecr.module.global_network.data.aws_subnets.public2",
            "module.global_bootstrap.module.ecs.module.vpc_endpoint_for_access_ecr.module.global_network.data.aws_vpcs.main",
            "module.global_bootstrap.module.network.aws_internet_gateway.main",
            "module.global_bootstrap.module.network.aws_route_table.private_rt",
            "module.global_bootstrap.module.network.aws_route_table.public_rt",
            "module.global_bootstrap.module.network.aws_route_table_association.private_rt_assoc_1",
            "module.global_bootstrap.module.network.aws_route_table_association.private_rt_assoc_2",
            "module.global_bootstrap.module.network.aws_route_table_association.public",
            "module.global_bootstrap.module.network.aws_route_table_association.public2",
            "module.global_bootstrap.module.network.aws_subnet.private",
            "module.global_bootstrap.module.network.aws_subnet.private2",
            "module.global_bootstrap.module.network.aws_subnet.public",
            "module.global_bootstrap.module.network.aws_subnet.public2",
            "module.global_bootstrap.module.network.aws_vpc.main"
          ]
        }
      ]
    },
    {
      "module": "module.alb",
      "mode": "managed",
      "type": "aws_security_group",
      "name": "alb_sg",
      "provider": "provider[\"registry.terraform.io/hashicorp/aws\"]",
      "instances": [
        {
          "schema_version": 1,
          "attributes": {
            "arn": "arn:aws:ec2:ap-northeast-1:241875560804:security-group/sg-06f370ea61e87270e",
            "description": "Managed by Terraform",
            "egress": [
              {
                "cidr_blocks": [
                  "0.0.0.0/0"
                ],
                "description": "",
                "from_port": 0,
                "ipv6_cidr_blocks": [],
                "prefix_list_ids": [],
                "protocol": "-1",
                "security_groups": [],
                "self": false,
                "to_port": 0
              }
            ],
            "id": "sg-06f370ea61e87270e",
            "ingress": [
              {
                "cidr_blocks": [
                  "0.0.0.0/0"
                ],
                "description": "",
                "from_port": 80,
                "ipv6_cidr_blocks": [],
                "prefix_list_ids": [],
                "protocol": "tcp",
                "security_groups": [],
                "self": false,
                "to_port": 80
              }
            ],
            "name": "terraform-2024101308364138940000000d",
            "name_prefix": "terraform-",
            "owner_id": "241875560804",
            "revoke_rules_on_delete": false,
            "tags": {
              "Name": "todolist-backend-alb-sg"
            },
            "tags_all": {
              "Name": "todolist-backend-alb-sg"
            },
            "timeouts": null,
            "vpc_id": "vpc-070761386102423b3"
          },
          "sensitive_attributes": [],
          "private": "eyJlMmJmYjczMC1lY2FhLTExZTYtOGY4OC0zNDM2M2JjN2M0YzAiOnsiY3JlYXRlIjo2MDAwMDAwMDAwMDAsImRlbGV0ZSI6OTAwMDAwMDAwMDAwfSwic2NoZW1hX3ZlcnNpb24iOiIxIn0=",
          "dependencies": [
            "module.alb.module.global_network.data.aws_vpcs.main",
            "module.global_bootstrap.module.ecs.aws_ecs_cluster.new_cluster",
            "module.global_bootstrap.module.ecs.aws_iam_policy.ecs_task_execution_policy",
            "module.global_bootstrap.module.ecs.aws_iam_role.ecs_task_execution",
            "module.global_bootstrap.module.ecs.aws_iam_role_policy_attachment.ecs_task_cloudwatch_policy",
            "module.global_bootstrap.module.ecs.aws_iam_role_policy_attachment.ecs_task_execution_policy",
            "module.global_bootstrap.module.ecs.aws_iam_role_policy_attachment.ecs_task_execution_role_policy_attachment",
            "module.global_bootstrap.module.ecs.module.global_network.data.aws_route_tables.private_rt",
            "module.global_bootstrap.module.ecs.module.global_network.data.aws_subnets.private",
            "module.global_bootstrap.module.ecs.module.global_network.data.aws_subnets.private2",
            "module.global_bootstrap.module.ecs.module.global_network.data.aws_subnets.public",
            "module.global_bootstrap.module.ecs.module.global_network.data.aws_subnets.public2",
            "module.global_bootstrap.module.ecs.module.global_network.data.aws_vpcs.main",
            "module.global_bootstrap.module.ecs.module.vpc_endpoint_for_access_ecr.aws_cloudwatch_log_group.vpc_endpoint_logs",
            "module.global_bootstrap.module.ecs.module.vpc_endpoint_for_access_ecr.aws_flow_log.vpc_endpoint_flow_log",
            "module.global_bootstrap.module.ecs.module.vpc_endpoint_for_access_ecr.aws_iam_policy.vpc_endpoint_logs_policy",
            "module.global_bootstrap.module.ecs.module.vpc_endpoint_for_access_ecr.aws_iam_role.vpc_endpoint_logs_role",
            "module.global_bootstrap.module.ecs.module.vpc_endpoint_for_access_ecr.aws_iam_role_policy_attachment.vpc_endpoint_logs_role_attachment",
            "module.global_bootstrap.module.ecs.module.vpc_endpoint_for_access_ecr.aws_security_group.ecr_endpoint_sg",
            "module.global_bootstrap.module.ecs.module.vpc_endpoint_for_access_ecr.aws_vpc_endpoint.cloudwatch_logs",
            "module.global_bootstrap.module.ecs.module.vpc_endpoint_for_access_ecr.aws_vpc_endpoint.ecr_api",
            "module.global_bootstrap.module.ecs.module.vpc_endpoint_for_access_ecr.aws_vpc_endpoint.ecr_dkr",
            "module.global_bootstrap.module.ecs.module.vpc_endpoint_for_access_ecr.aws_vpc_endpoint.s3",
            "module.global_bootstrap.module.ecs.module.vpc_endpoint_for_access_ecr.module.global_network.data.aws_route_tables.private_rt",
            "module.global_bootstrap.module.ecs.module.vpc_endpoint_for_access_ecr.module.global_network.data.aws_subnets.private",
            "module.global_bootstrap.module.ecs.module.vpc_endpoint_for_access_ecr.module.global_network.data.aws_subnets.private2",
            "module.global_bootstrap.module.ecs.module.vpc_endpoint_for_access_ecr.module.global_network.data.aws_subnets.public",
            "module.global_bootstrap.module.ecs.module.vpc_endpoint_for_access_ecr.module.global_network.data.aws_subnets.public2",
            "module.global_bootstrap.module.ecs.module.vpc_endpoint_for_access_ecr.module.global_network.data.aws_vpcs.main",
            "module.global_bootstrap.module.network.aws_internet_gateway.main",
            "module.global_bootstrap.module.network.aws_route_table.private_rt",
            "module.global_bootstrap.module.network.aws_route_table.public_rt",
            "module.global_bootstrap.module.network.aws_route_table_association.private_rt_assoc_1",
            "module.global_bootstrap.module.network.aws_route_table_association.private_rt_assoc_2",
            "module.global_bootstrap.module.network.aws_route_table_association.public",
            "module.global_bootstrap.module.network.aws_route_table_association.public2",
            "module.global_bootstrap.module.network.aws_subnet.private",
            "module.global_bootstrap.module.network.aws_subnet.private2",
            "module.global_bootstrap.module.network.aws_subnet.public",
            "module.global_bootstrap.module.network.aws_subnet.public2",
            "module.global_bootstrap.module.network.aws_vpc.main"
          ]
        }
      ]
    },
    {
      "module": "module.alb.module.global_network",
      "mode": "data",
      "type": "aws_route_tables",
      "name": "private_rt",
      "provider": "provider[\"registry.terraform.io/hashicorp/aws\"]",
      "instances": [
        {
          "schema_version": 0,
          "attributes": {
            "filter": [
              {
                "name": "tag:Name",
                "values": [
                  "todolist-private-route-table"
                ]
              }
            ],
            "id": "ap-northeast-1",
            "ids": [
              "rtb-0d90c4f48bf5dd153"
            ],
            "tags": null,
            "timeouts": null,
            "vpc_id": null
          },
          "sensitive_attributes": []
        }
      ]
    },
    {
      "module": "module.alb.module.global_network",
      "mode": "data",
      "type": "aws_subnets",
      "name": "private",
      "provider": "provider[\"registry.terraform.io/hashicorp/aws\"]",
      "instances": [
        {
          "schema_version": 0,
          "attributes": {
            "filter": [
              {
                "name": "tag:Name",
                "values": [
                  "todolist-private-an1a-subnet"
                ]
              }
            ],
            "id": "ap-northeast-1",
            "ids": [
              "subnet-092662de502768ae5"
            ],
            "tags": null,
            "timeouts": null
          },
          "sensitive_attributes": []
        }
      ]
    },
    {
      "module": "module.alb.module.global_network",
      "mode": "data",
      "type": "aws_subnets",
      "name": "private2",
      "provider": "provider[\"registry.terraform.io/hashicorp/aws\"]",
      "instances": [
        {
          "schema_version": 0,
          "attributes": {
            "filter": [
              {
                "name": "tag:Name",
                "values": [
                  "todolist-private-an1c-subnet"
                ]
              }
            ],
            "id": "ap-northeast-1",
            "ids": [
              "subnet-0dd3179b43b503bcc"
            ],
            "tags": null,
            "timeouts": null
          },
          "sensitive_attributes": []
        }
      ]
    },
    {
      "module": "module.alb.module.global_network",
      "mode": "data",
      "type": "aws_subnets",
      "name": "public",
      "provider": "provider[\"registry.terraform.io/hashicorp/aws\"]",
      "instances": [
        {
          "schema_version": 0,
          "attributes": {
            "filter": [
              {
                "name": "tag:Name",
                "values": [
                  "todolist-public-an1a-subnet"
                ]
              }
            ],
            "id": "ap-northeast-1",
            "ids": [
              "subnet-090e784556ca99968"
            ],
            "tags": null,
            "timeouts": null
          },
          "sensitive_attributes": []
        }
      ]
    },
    {
      "module": "module.alb.module.global_network",
      "mode": "data",
      "type": "aws_subnets",
      "name": "public2",
      "provider": "provider[\"registry.terraform.io/hashicorp/aws\"]",
      "instances": [
        {
          "schema_version": 0,
          "attributes": {
            "filter": [
              {
                "name": "tag:Name",
                "values": [
                  "todolist-public-an1c-subnet"
                ]
              }
            ],
            "id": "ap-northeast-1",
            "ids": [
              "subnet-0c564471bc34e6473"
            ],
            "tags": null,
            "timeouts": null
          },
          "sensitive_attributes": []
        }
      ]
    },
    {
      "module": "module.alb.module.global_network",
      "mode": "data",
      "type": "aws_vpcs",
      "name": "main",
      "provider": "provider[\"registry.terraform.io/hashicorp/aws\"]",
      "instances": [
        {
          "schema_version": 0,
          "attributes": {
            "filter": [
              {
                "name": "tag:Name",
                "values": [
                  "todolist-vpc"
                ]
              }
            ],
            "id": "ap-northeast-1",
            "ids": [
              "vpc-070761386102423b3"
            ],
            "tags": null,
            "timeouts": null
          },
          "sensitive_attributes": []
        }
      ]
    },
    {
      "module": "module.dev.module.ecs.module.ecs",
      "mode": "managed",
      "type": "aws_cloudwatch_log_group",
      "name": "ecs_fargate",
      "provider": "provider[\"registry.terraform.io/hashicorp/aws\"]",
      "instances": [
        {
          "schema_version": 0,
          "attributes": {
            "arn": "arn:aws:logs:ap-northeast-1:241875560804:log-group:/ecs/fargate-task/todolist-backend",
            "id": "/ecs/fargate-task/todolist-backend",
            "kms_key_id": "",
            "log_group_class": "STANDARD",
            "name": "/ecs/fargate-task/todolist-backend",
            "name_prefix": "",
            "retention_in_days": 7,
            "skip_destroy": false,
            "tags": null,
            "tags_all": {}
          },
          "sensitive_attributes": [],
          "private": "bnVsbA==",
          "dependencies": [
            "module.global_bootstrap.module.ecs.aws_ecs_cluster.new_cluster",
            "module.global_bootstrap.module.ecs.aws_iam_policy.ecs_task_execution_policy",
            "module.global_bootstrap.module.ecs.aws_iam_role.ecs_task_execution",
            "module.global_bootstrap.module.ecs.aws_iam_role_policy_attachment.ecs_task_cloudwatch_policy",
            "module.global_bootstrap.module.ecs.aws_iam_role_policy_attachment.ecs_task_execution_policy",
            "module.global_bootstrap.module.ecs.aws_iam_role_policy_attachment.ecs_task_execution_role_policy_attachment",
            "module.global_bootstrap.module.ecs.module.global_network.data.aws_route_tables.private_rt",
            "module.global_bootstrap.module.ecs.module.global_network.data.aws_subnets.private",
            "module.global_bootstrap.module.ecs.module.global_network.data.aws_subnets.private2",
            "module.global_bootstrap.module.ecs.module.global_network.data.aws_subnets.public",
            "module.global_bootstrap.module.ecs.module.global_network.data.aws_subnets.public2",
            "module.global_bootstrap.module.ecs.module.global_network.data.aws_vpcs.main",
            "module.global_bootstrap.module.ecs.module.vpc_endpoint_for_access_ecr.aws_cloudwatch_log_group.vpc_endpoint_logs",
            "module.global_bootstrap.module.ecs.module.vpc_endpoint_for_access_ecr.aws_flow_log.vpc_endpoint_flow_log",
            "module.global_bootstrap.module.ecs.module.vpc_endpoint_for_access_ecr.aws_iam_policy.vpc_endpoint_logs_policy",
            "module.global_bootstrap.module.ecs.module.vpc_endpoint_for_access_ecr.aws_iam_role.vpc_endpoint_logs_role",
            "module.global_bootstrap.module.ecs.module.vpc_endpoint_for_access_ecr.aws_iam_role_policy_attachment.vpc_endpoint_logs_role_attachment",
            "module.global_bootstrap.module.ecs.module.vpc_endpoint_for_access_ecr.aws_security_group.ecr_endpoint_sg",
            "module.global_bootstrap.module.ecs.module.vpc_endpoint_for_access_ecr.aws_vpc_endpoint.cloudwatch_logs",
            "module.global_bootstrap.module.ecs.module.vpc_endpoint_for_access_ecr.aws_vpc_endpoint.ecr_api",
            "module.global_bootstrap.module.ecs.module.vpc_endpoint_for_access_ecr.aws_vpc_endpoint.ecr_dkr",
            "module.global_bootstrap.module.ecs.module.vpc_endpoint_for_access_ecr.aws_vpc_endpoint.s3",
            "module.global_bootstrap.module.ecs.module.vpc_endpoint_for_access_ecr.module.global_network.data.aws_route_tables.private_rt",
            "module.global_bootstrap.module.ecs.module.vpc_endpoint_for_access_ecr.module.global_network.data.aws_subnets.private",
            "module.global_bootstrap.module.ecs.module.vpc_endpoint_for_access_ecr.module.global_network.data.aws_subnets.private2",
            "module.global_bootstrap.module.ecs.module.vpc_endpoint_for_access_ecr.module.global_network.data.aws_subnets.public",
            "module.global_bootstrap.module.ecs.module.vpc_endpoint_for_access_ecr.module.global_network.data.aws_subnets.public2",
            "module.global_bootstrap.module.ecs.module.vpc_endpoint_for_access_ecr.module.global_network.data.aws_vpcs.main",
            "module.global_bootstrap.module.network.aws_internet_gateway.main",
            "module.global_bootstrap.module.network.aws_route_table.private_rt",
            "module.global_bootstrap.module.network.aws_route_table.public_rt",
            "module.global_bootstrap.module.network.aws_route_table_association.private_rt_assoc_1",
            "module.global_bootstrap.module.network.aws_route_table_association.private_rt_assoc_2",
            "module.global_bootstrap.module.network.aws_route_table_association.public",
            "module.global_bootstrap.module.network.aws_route_table_association.public2",
            "module.global_bootstrap.module.network.aws_subnet.private",
            "module.global_bootstrap.module.network.aws_subnet.private2",
            "module.global_bootstrap.module.network.aws_subnet.public",
            "module.global_bootstrap.module.network.aws_subnet.public2",
            "module.global_bootstrap.module.network.aws_vpc.main"
          ]
        }
      ]
    },
    {
      "module": "module.dev.module.ecs.module.ecs",
      "mode": "managed",
      "type": "aws_ecs_service",
      "name": "app",
      "provider": "provider[\"registry.terraform.io/hashicorp/aws\"]",
      "instances": [
        {
          "schema_version": 1,
          "attributes": {
            "alarms": [],
            "capacity_provider_strategy": [],
            "cluster": "arn:aws:ecs:ap-northeast-1:241875560804:cluster/todolist_cluster",
            "deployment_circuit_breaker": [
              {
                "enable": true,
                "rollback": true
              }
            ],
            "deployment_controller": [
              {
                "type": "ECS"
              }
            ],
            "deployment_maximum_percent": 200,
            "deployment_minimum_healthy_percent": 100,
            "desired_count": 1,
            "enable_ecs_managed_tags": false,
            "enable_execute_command": false,
            "force_delete": null,
            "force_new_deployment": null,
            "health_check_grace_period_seconds": 0,
            "iam_role": "/aws-service-role/ecs.amazonaws.com/AWSServiceRoleForECS",
            "id": "arn:aws:ecs:ap-northeast-1:241875560804:service/todolist_cluster/todolist-backend-service",
            "launch_type": "FARGATE",
            "load_balancer": [
              {
                "container_name": "todolist-backend",
                "container_port": 30418,
                "elb_name": "",
                "target_group_arn": "arn:aws:elasticloadbalancing:ap-northeast-1:241875560804:targetgroup/todolist-backend-lb-tg/3c8c67c1da72a721"
              }
            ],
            "name": "todolist-backend-service",
            "network_configuration": [
              {
                "assign_public_ip": false,
                "security_groups": [
                  "sg-0e6e400182602c5a7"
                ],
                "subnets": [
                  "subnet-092662de502768ae5"
                ]
              }
            ],
            "ordered_placement_strategy": [],
            "placement_constraints": [],
            "platform_version": "LATEST",
            "propagate_tags": "NONE",
            "scheduling_strategy": "REPLICA",
            "service_connect_configuration": [],
            "service_registries": [],
            "tags": null,
            "tags_all": {},
            "task_definition": "arn:aws:ecs:ap-northeast-1:241875560804:task-definition/todolist-backend_task:1",
            "timeouts": null,
            "triggers": {},
            "volume_configuration": [],
            "wait_for_steady_state": false
          },
          "sensitive_attributes": [],
          "private": "eyJlMmJmYjczMC1lY2FhLTExZTYtOGY4OC0zNDM2M2JjN2M0YzAiOnsiY3JlYXRlIjoxMjAwMDAwMDAwMDAwLCJkZWxldGUiOjEyMDAwMDAwMDAwMDAsInVwZGF0ZSI6MTIwMDAwMDAwMDAwMH0sInNjaGVtYV92ZXJzaW9uIjoiMSJ9",
          "dependencies": [
            "module.alb.aws_lb_target_group.main",
            "module.alb.aws_security_group.alb_sg",
            "module.alb.module.global_network.data.aws_vpcs.main",
            "module.dev.module.ecs.module.ecs.aws_ecs_task_definition.app",
            "module.dev.module.ecs.module.ecs.aws_security_group.main",
            "module.dev.module.ecs.module.ecs.module.global_ecs.data.aws_ecs_cluster.main",
            "module.dev.module.ecs.module.ecs.module.global_ecs.data.aws_iam_role.ecs_task_execution",
            "module.dev.module.ecs.module.ecs.module.network.data.aws_vpcs.main",
            "module.dev.module.ecs.module.global_network.data.aws_subnets.private",
            "module.dev.module.ecs.module.global_network.data.aws_subnets.public",
            "module.global_bootstrap.module.ecs.aws_ecs_cluster.new_cluster",
            "module.global_bootstrap.module.ecs.aws_iam_policy.ecs_task_execution_policy",
            "module.global_bootstrap.module.ecs.aws_iam_role.ecs_task_execution",
            "module.global_bootstrap.module.ecs.aws_iam_role_policy_attachment.ecs_task_cloudwatch_policy",
            "module.global_bootstrap.module.ecs.aws_iam_role_policy_attachment.ecs_task_execution_policy",
            "module.global_bootstrap.module.ecs.aws_iam_role_policy_attachment.ecs_task_execution_role_policy_attachment",
            "module.global_bootstrap.module.ecs.module.global_network.data.aws_route_tables.private_rt",
            "module.global_bootstrap.module.ecs.module.global_network.data.aws_subnets.private",
            "module.global_bootstrap.module.ecs.module.global_network.data.aws_subnets.private2",
            "module.global_bootstrap.module.ecs.module.global_network.data.aws_subnets.public",
            "module.global_bootstrap.module.ecs.module.global_network.data.aws_subnets.public2",
            "module.global_bootstrap.module.ecs.module.global_network.data.aws_vpcs.main",
            "module.global_bootstrap.module.ecs.module.vpc_endpoint_for_access_ecr.aws_cloudwatch_log_group.vpc_endpoint_logs",
            "module.global_bootstrap.module.ecs.module.vpc_endpoint_for_access_ecr.aws_flow_log.vpc_endpoint_flow_log",
            "module.global_bootstrap.module.ecs.module.vpc_endpoint_for_access_ecr.aws_iam_policy.vpc_endpoint_logs_policy",
            "module.global_bootstrap.module.ecs.module.vpc_endpoint_for_access_ecr.aws_iam_role.vpc_endpoint_logs_role",
            "module.global_bootstrap.module.ecs.module.vpc_endpoint_for_access_ecr.aws_iam_role_policy_attachment.vpc_endpoint_logs_role_attachment",
            "module.global_bootstrap.module.ecs.module.vpc_endpoint_for_access_ecr.aws_security_group.ecr_endpoint_sg",
            "module.global_bootstrap.module.ecs.module.vpc_endpoint_for_access_ecr.aws_vpc_endpoint.cloudwatch_logs",
            "module.global_bootstrap.module.ecs.module.vpc_endpoint_for_access_ecr.aws_vpc_endpoint.ecr_api",
            "module.global_bootstrap.module.ecs.module.vpc_endpoint_for_access_ecr.aws_vpc_endpoint.ecr_dkr",
            "module.global_bootstrap.module.ecs.module.vpc_endpoint_for_access_ecr.aws_vpc_endpoint.s3",
            "module.global_bootstrap.module.ecs.module.vpc_endpoint_for_access_ecr.module.global_network.data.aws_route_tables.private_rt",
            "module.global_bootstrap.module.ecs.module.vpc_endpoint_for_access_ecr.module.global_network.data.aws_subnets.private",
            "module.global_bootstrap.module.ecs.module.vpc_endpoint_for_access_ecr.module.global_network.data.aws_subnets.private2",
            "module.global_bootstrap.module.ecs.module.vpc_endpoint_for_access_ecr.module.global_network.data.aws_subnets.public",
            "module.global_bootstrap.module.ecs.module.vpc_endpoint_for_access_ecr.module.global_network.data.aws_subnets.public2",
            "module.global_bootstrap.module.ecs.module.vpc_endpoint_for_access_ecr.module.global_network.data.aws_vpcs.main",
            "module.global_bootstrap.module.network.aws_internet_gateway.main",
            "module.global_bootstrap.module.network.aws_route_table.private_rt",
            "module.global_bootstrap.module.network.aws_route_table.public_rt",
            "module.global_bootstrap.module.network.aws_route_table_association.private_rt_assoc_1",
            "module.global_bootstrap.module.network.aws_route_table_association.private_rt_assoc_2",
            "module.global_bootstrap.module.network.aws_route_table_association.public",
            "module.global_bootstrap.module.network.aws_route_table_association.public2",
            "module.global_bootstrap.module.network.aws_subnet.private",
            "module.global_bootstrap.module.network.aws_subnet.private2",
            "module.global_bootstrap.module.network.aws_subnet.public",
            "module.global_bootstrap.module.network.aws_subnet.public2",
            "module.global_bootstrap.module.network.aws_vpc.main"
          ]
        }
      ]
    },
    {
      "module": "module.dev.module.ecs.module.ecs",
      "mode": "managed",
      "type": "aws_ecs_task_definition",
      "name": "app",
      "provider": "provider[\"registry.terraform.io/hashicorp/aws\"]",
      "instances": [
        {
          "schema_version": 1,
          "attributes": {
            "arn": "arn:aws:ecs:ap-northeast-1:241875560804:task-definition/todolist-backend_task:1",
            "arn_without_revision": "arn:aws:ecs:ap-northeast-1:241875560804:task-definition/todolist-backend_task",
            "container_definitions": "[{\"cpu\":512,\"environment\":[],\"essential\":true,\"healthCheck\":{\"command\":[\"CMD-SHELL\",\"curl -f http://localhost:30418/healthcheck || exit 1\"],\"interval\":30,\"retries\":3,\"startPeriod\":60,\"timeout\":5},\"image\":\"241875560804.dkr.ecr.ap-northeast-1.amazonaws.com/todo_app_back:latest\",\"logConfiguration\":{\"logDriver\":\"awslogs\",\"options\":{\"awslogs-group\":\"/ecs/fargate-task/todolist-backend\",\"mode\":\"non-blocking\",\"awslogs-create-group\":\"true\",\"max-buffer-size\":\"25m\",\"awslogs-region\":\"ap-northeast-1\",\"awslogs-stream-prefix\":\"ecs\"}},\"memory\":1024,\"mountPoints\":[],\"name\":\"todolist-backend\",\"portMappings\":[{\"containerPort\":30418,\"hostPort\":30418,\"protocol\":\"tcp\"}],\"systemControls\":[],\"volumesFrom\":[]}]",
            "cpu": "512",
            "ephemeral_storage": [],
            "execution_role_arn": "arn:aws:iam::241875560804:role/ecsTaskExecutionRoleeee",
            "family": "todolist-backend_task",
            "id": "todolist-backend_task",
            "inference_accelerator": [],
            "ipc_mode": "",
            "memory": "1024",
            "network_mode": "awsvpc",
            "pid_mode": "",
            "placement_constraints": [],
            "proxy_configuration": [],
            "requires_compatibilities": [
              "FARGATE"
            ],
            "revision": 1,
            "runtime_platform": [
              {
                "cpu_architecture": "ARM64",
                "operating_system_family": "LINUX"
              }
            ],
            "skip_destroy": false,
            "tags": null,
            "tags_all": {},
            "task_role_arn": "",
            "track_latest": false,
            "volume": []
          },
          "sensitive_attributes": [],
          "private": "eyJzY2hlbWFfdmVyc2lvbiI6IjEifQ==",
          "dependencies": [
            "module.dev.module.ecs.module.ecs.module.global_ecs.data.aws_iam_role.ecs_task_execution",
            "module.global_bootstrap.module.ecs.aws_ecs_cluster.new_cluster",
            "module.global_bootstrap.module.ecs.aws_iam_policy.ecs_task_execution_policy",
            "module.global_bootstrap.module.ecs.aws_iam_role.ecs_task_execution",
            "module.global_bootstrap.module.ecs.aws_iam_role_policy_attachment.ecs_task_cloudwatch_policy",
            "module.global_bootstrap.module.ecs.aws_iam_role_policy_attachment.ecs_task_execution_policy",
            "module.global_bootstrap.module.ecs.aws_iam_role_policy_attachment.ecs_task_execution_role_policy_attachment",
            "module.global_bootstrap.module.ecs.module.global_network.data.aws_route_tables.private_rt",
            "module.global_bootstrap.module.ecs.module.global_network.data.aws_subnets.private",
            "module.global_bootstrap.module.ecs.module.global_network.data.aws_subnets.private2",
            "module.global_bootstrap.module.ecs.module.global_network.data.aws_subnets.public",
            "module.global_bootstrap.module.ecs.module.global_network.data.aws_subnets.public2",
            "module.global_bootstrap.module.ecs.module.global_network.data.aws_vpcs.main",
            "module.global_bootstrap.module.ecs.module.vpc_endpoint_for_access_ecr.aws_cloudwatch_log_group.vpc_endpoint_logs",
            "module.global_bootstrap.module.ecs.module.vpc_endpoint_for_access_ecr.aws_flow_log.vpc_endpoint_flow_log",
            "module.global_bootstrap.module.ecs.module.vpc_endpoint_for_access_ecr.aws_iam_policy.vpc_endpoint_logs_policy",
            "module.global_bootstrap.module.ecs.module.vpc_endpoint_for_access_ecr.aws_iam_role.vpc_endpoint_logs_role",
            "module.global_bootstrap.module.ecs.module.vpc_endpoint_for_access_ecr.aws_iam_role_policy_attachment.vpc_endpoint_logs_role_attachment",
            "module.global_bootstrap.module.ecs.module.vpc_endpoint_for_access_ecr.aws_security_group.ecr_endpoint_sg",
            "module.global_bootstrap.module.ecs.module.vpc_endpoint_for_access_ecr.aws_vpc_endpoint.cloudwatch_logs",
            "module.global_bootstrap.module.ecs.module.vpc_endpoint_for_access_ecr.aws_vpc_endpoint.ecr_api",
            "module.global_bootstrap.module.ecs.module.vpc_endpoint_for_access_ecr.aws_vpc_endpoint.ecr_dkr",
            "module.global_bootstrap.module.ecs.module.vpc_endpoint_for_access_ecr.aws_vpc_endpoint.s3",
            "module.global_bootstrap.module.ecs.module.vpc_endpoint_for_access_ecr.module.global_network.data.aws_route_tables.private_rt",
            "module.global_bootstrap.module.ecs.module.vpc_endpoint_for_access_ecr.module.global_network.data.aws_subnets.private",
            "module.global_bootstrap.module.ecs.module.vpc_endpoint_for_access_ecr.module.global_network.data.aws_subnets.private2",
            "module.global_bootstrap.module.ecs.module.vpc_endpoint_for_access_ecr.module.global_network.data.aws_subnets.public",
            "module.global_bootstrap.module.ecs.module.vpc_endpoint_for_access_ecr.module.global_network.data.aws_subnets.public2",
            "module.global_bootstrap.module.ecs.module.vpc_endpoint_for_access_ecr.module.global_network.data.aws_vpcs.main",
            "module.global_bootstrap.module.network.aws_internet_gateway.main",
            "module.global_bootstrap.module.network.aws_route_table.private_rt",
            "module.global_bootstrap.module.network.aws_route_table.public_rt",
            "module.global_bootstrap.module.network.aws_route_table_association.private_rt_assoc_1",
            "module.global_bootstrap.module.network.aws_route_table_association.private_rt_assoc_2",
            "module.global_bootstrap.module.network.aws_route_table_association.public",
            "module.global_bootstrap.module.network.aws_route_table_association.public2",
            "module.global_bootstrap.module.network.aws_subnet.private",
            "module.global_bootstrap.module.network.aws_subnet.private2",
            "module.global_bootstrap.module.network.aws_subnet.public",
            "module.global_bootstrap.module.network.aws_subnet.public2",
            "module.global_bootstrap.module.network.aws_vpc.main"
          ]
        }
      ]
    },
    {
      "module": "module.dev.module.ecs.module.ecs",
      "mode": "managed",
      "type": "aws_security_group",
      "name": "main",
      "provider": "provider[\"registry.terraform.io/hashicorp/aws\"]",
      "instances": [
        {
          "schema_version": 1,
          "attributes": {
            "arn": "arn:aws:ec2:ap-northeast-1:241875560804:security-group/sg-0e6e400182602c5a7",
            "description": "Managed by Terraform",
            "egress": [
              {
                "cidr_blocks": [
                  "0.0.0.0/0"
                ],
                "description": "",
                "from_port": 0,
                "ipv6_cidr_blocks": [],
                "prefix_list_ids": [],
                "protocol": "-1",
                "security_groups": [],
                "self": false,
                "to_port": 0
              }
            ],
            "id": "sg-0e6e400182602c5a7",
            "ingress": [
              {
                "cidr_blocks": [],
                "description": "",
                "from_port": 30418,
                "ipv6_cidr_blocks": [],
                "prefix_list_ids": [],
                "protocol": "tcp",
                "security_groups": [
                  "sg-06f370ea61e87270e"
                ],
                "self": false,
                "to_port": 30418
              }
            ],
            "name": "terraform-2024101308364416240000000e",
            "name_prefix": "terraform-",
            "owner_id": "241875560804",
            "revoke_rules_on_delete": false,
            "tags": {
              "Name": "todolist-backend-ecs-service-sg"
            },
            "tags_all": {
              "Name": "todolist-backend-ecs-service-sg"
            },
            "timeouts": null,
            "vpc_id": "vpc-070761386102423b3"
          },
          "sensitive_attributes": [],
          "private": "eyJlMmJmYjczMC1lY2FhLTExZTYtOGY4OC0zNDM2M2JjN2M0YzAiOnsiY3JlYXRlIjo2MDAwMDAwMDAwMDAsImRlbGV0ZSI6OTAwMDAwMDAwMDAwfSwic2NoZW1hX3ZlcnNpb24iOiIxIn0=",
          "dependencies": [
            "module.alb.aws_security_group.alb_sg",
            "module.alb.module.global_network.data.aws_vpcs.main",
            "module.dev.module.ecs.module.ecs.module.network.data.aws_vpcs.main",
            "module.global_bootstrap.module.ecs.aws_ecs_cluster.new_cluster",
            "module.global_bootstrap.module.ecs.aws_iam_policy.ecs_task_execution_policy",
            "module.global_bootstrap.module.ecs.aws_iam_role.ecs_task_execution",
            "module.global_bootstrap.module.ecs.aws_iam_role_policy_attachment.ecs_task_cloudwatch_policy",
            "module.global_bootstrap.module.ecs.aws_iam_role_policy_attachment.ecs_task_execution_policy",
            "module.global_bootstrap.module.ecs.aws_iam_role_policy_attachment.ecs_task_execution_role_policy_attachment",
            "module.global_bootstrap.module.ecs.module.global_network.data.aws_route_tables.private_rt",
            "module.global_bootstrap.module.ecs.module.global_network.data.aws_subnets.private",
            "module.global_bootstrap.module.ecs.module.global_network.data.aws_subnets.private2",
            "module.global_bootstrap.module.ecs.module.global_network.data.aws_subnets.public",
            "module.global_bootstrap.module.ecs.module.global_network.data.aws_subnets.public2",
            "module.global_bootstrap.module.ecs.module.global_network.data.aws_vpcs.main",
            "module.global_bootstrap.module.ecs.module.vpc_endpoint_for_access_ecr.aws_cloudwatch_log_group.vpc_endpoint_logs",
            "module.global_bootstrap.module.ecs.module.vpc_endpoint_for_access_ecr.aws_flow_log.vpc_endpoint_flow_log",
            "module.global_bootstrap.module.ecs.module.vpc_endpoint_for_access_ecr.aws_iam_policy.vpc_endpoint_logs_policy",
            "module.global_bootstrap.module.ecs.module.vpc_endpoint_for_access_ecr.aws_iam_role.vpc_endpoint_logs_role",
            "module.global_bootstrap.module.ecs.module.vpc_endpoint_for_access_ecr.aws_iam_role_policy_attachment.vpc_endpoint_logs_role_attachment",
            "module.global_bootstrap.module.ecs.module.vpc_endpoint_for_access_ecr.aws_security_group.ecr_endpoint_sg",
            "module.global_bootstrap.module.ecs.module.vpc_endpoint_for_access_ecr.aws_vpc_endpoint.cloudwatch_logs",
            "module.global_bootstrap.module.ecs.module.vpc_endpoint_for_access_ecr.aws_vpc_endpoint.ecr_api",
            "module.global_bootstrap.module.ecs.module.vpc_endpoint_for_access_ecr.aws_vpc_endpoint.ecr_dkr",
            "module.global_bootstrap.module.ecs.module.vpc_endpoint_for_access_ecr.aws_vpc_endpoint.s3",
            "module.global_bootstrap.module.ecs.module.vpc_endpoint_for_access_ecr.module.global_network.data.aws_route_tables.private_rt",
            "module.global_bootstrap.module.ecs.module.vpc_endpoint_for_access_ecr.module.global_network.data.aws_subnets.private",
            "module.global_bootstrap.module.ecs.module.vpc_endpoint_for_access_ecr.module.global_network.data.aws_subnets.private2",
            "module.global_bootstrap.module.ecs.module.vpc_endpoint_for_access_ecr.module.global_network.data.aws_subnets.public",
            "module.global_bootstrap.module.ecs.module.vpc_endpoint_for_access_ecr.module.global_network.data.aws_subnets.public2",
            "module.global_bootstrap.module.ecs.module.vpc_endpoint_for_access_ecr.module.global_network.data.aws_vpcs.main",
            "module.global_bootstrap.module.network.aws_internet_gateway.main",
            "module.global_bootstrap.module.network.aws_route_table.private_rt",
            "module.global_bootstrap.module.network.aws_route_table.public_rt",
            "module.global_bootstrap.module.network.aws_route_table_association.private_rt_assoc_1",
            "module.global_bootstrap.module.network.aws_route_table_association.private_rt_assoc_2",
            "module.global_bootstrap.module.network.aws_route_table_association.public",
            "module.global_bootstrap.module.network.aws_route_table_association.public2",
            "module.global_bootstrap.module.network.aws_subnet.private",
            "module.global_bootstrap.module.network.aws_subnet.private2",
            "module.global_bootstrap.module.network.aws_subnet.public",
            "module.global_bootstrap.module.network.aws_subnet.public2",
            "module.global_bootstrap.module.network.aws_vpc.main"
          ]
        }
      ]
    },
    {
      "module": "module.dev.module.ecs.module.ecs.module.global_ecs",
      "mode": "data",
      "type": "aws_ecs_cluster",
      "name": "main",
      "provider": "provider[\"registry.terraform.io/hashicorp/aws\"]",
      "instances": [
        {
          "schema_version": 0,
          "attributes": {
            "arn": "arn:aws:ecs:ap-northeast-1:241875560804:cluster/todolist_cluster",
            "cluster_name": "todolist_cluster",
            "id": "arn:aws:ecs:ap-northeast-1:241875560804:cluster/todolist_cluster",
            "pending_tasks_count": 0,
            "registered_container_instances_count": 0,
            "running_tasks_count": 0,
            "service_connect_defaults": [],
            "setting": [
              {
                "name": "containerInsights",
                "value": "disabled"
              }
            ],
            "status": "ACTIVE",
            "tags": {}
          },
          "sensitive_attributes": []
        }
      ]
    },
    {
      "module": "module.dev.module.ecs.module.ecs.module.global_ecs",
      "mode": "data",
      "type": "aws_iam_role",
      "name": "ecs_task_execution",
      "provider": "provider[\"registry.terraform.io/hashicorp/aws\"]",
      "instances": [
        {
          "schema_version": 0,
          "attributes": {
            "arn": "arn:aws:iam::241875560804:role/ecsTaskExecutionRoleeee",
            "assume_role_policy": "{\"Version\":\"2012-10-17\",\"Statement\":[{\"Effect\":\"Allow\",\"Principal\":{\"Service\":\"ecs-tasks.amazonaws.com\"},\"Action\":\"sts:AssumeRole\"}]}",
            "create_date": "2024-10-13T08:35:57Z",
            "description": "",
            "id": "ecsTaskExecutionRoleeee",
            "max_session_duration": 3600,
            "name": "ecsTaskExecutionRoleeee",
            "path": "/",
            "permissions_boundary": "",
            "role_last_used": [
              {
                "last_used_date": "",
                "region": ""
              }
            ],
            "tags": {},
            "unique_id": "AROATQUHIFFSGQATR3HYR"
          },
          "sensitive_attributes": []
        }
      ]
    },
    {
      "module": "module.dev.module.ecs.module.ecs.module.network",
      "mode": "data",
      "type": "aws_route_tables",
      "name": "private_rt",
      "provider": "provider[\"registry.terraform.io/hashicorp/aws\"]",
      "instances": [
        {
          "schema_version": 0,
          "attributes": {
            "filter": [
              {
                "name": "tag:Name",
                "values": [
                  "todolist-private-route-table"
                ]
              }
            ],
            "id": "ap-northeast-1",
            "ids": [
              "rtb-0d90c4f48bf5dd153"
            ],
            "tags": null,
            "timeouts": null,
            "vpc_id": null
          },
          "sensitive_attributes": []
        }
      ]
    },
    {
      "module": "module.dev.module.ecs.module.ecs.module.network",
      "mode": "data",
      "type": "aws_subnets",
      "name": "private",
      "provider": "provider[\"registry.terraform.io/hashicorp/aws\"]",
      "instances": [
        {
          "schema_version": 0,
          "attributes": {
            "filter": [
              {
                "name": "tag:Name",
                "values": [
                  "todolist-private-an1a-subnet"
                ]
              }
            ],
            "id": "ap-northeast-1",
            "ids": [
              "subnet-092662de502768ae5"
            ],
            "tags": null,
            "timeouts": null
          },
          "sensitive_attributes": []
        }
      ]
    },
    {
      "module": "module.dev.module.ecs.module.ecs.module.network",
      "mode": "data",
      "type": "aws_subnets",
      "name": "private2",
      "provider": "provider[\"registry.terraform.io/hashicorp/aws\"]",
      "instances": [
        {
          "schema_version": 0,
          "attributes": {
            "filter": [
              {
                "name": "tag:Name",
                "values": [
                  "todolist-private-an1c-subnet"
                ]
              }
            ],
            "id": "ap-northeast-1",
            "ids": [
              "subnet-0dd3179b43b503bcc"
            ],
            "tags": null,
            "timeouts": null
          },
          "sensitive_attributes": []
        }
      ]
    },
    {
      "module": "module.dev.module.ecs.module.ecs.module.network",
      "mode": "data",
      "type": "aws_subnets",
      "name": "public",
      "provider": "provider[\"registry.terraform.io/hashicorp/aws\"]",
      "instances": [
        {
          "schema_version": 0,
          "attributes": {
            "filter": [
              {
                "name": "tag:Name",
                "values": [
                  "todolist-public-an1a-subnet"
                ]
              }
            ],
            "id": "ap-northeast-1",
            "ids": [
              "subnet-090e784556ca99968"
            ],
            "tags": null,
            "timeouts": null
          },
          "sensitive_attributes": []
        }
      ]
    },
    {
      "module": "module.dev.module.ecs.module.ecs.module.network",
      "mode": "data",
      "type": "aws_subnets",
      "name": "public2",
      "provider": "provider[\"registry.terraform.io/hashicorp/aws\"]",
      "instances": [
        {
          "schema_version": 0,
          "attributes": {
            "filter": [
              {
                "name": "tag:Name",
                "values": [
                  "todolist-public-an1c-subnet"
                ]
              }
            ],
            "id": "ap-northeast-1",
            "ids": [
              "subnet-0c564471bc34e6473"
            ],
            "tags": null,
            "timeouts": null
          },
          "sensitive_attributes": []
        }
      ]
    },
    {
      "module": "module.dev.module.ecs.module.ecs.module.network",
      "mode": "data",
      "type": "aws_vpcs",
      "name": "main",
      "provider": "provider[\"registry.terraform.io/hashicorp/aws\"]",
      "instances": [
        {
          "schema_version": 0,
          "attributes": {
            "filter": [
              {
                "name": "tag:Name",
                "values": [
                  "todolist-vpc"
                ]
              }
            ],
            "id": "ap-northeast-1",
            "ids": [
              "vpc-070761386102423b3"
            ],
            "tags": null,
            "timeouts": null
          },
          "sensitive_attributes": []
        }
      ]
    },
    {
      "module": "module.dev.module.ecs.module.global_network",
      "mode": "data",
      "type": "aws_route_tables",
      "name": "private_rt",
      "provider": "provider[\"registry.terraform.io/hashicorp/aws\"]",
      "instances": [
        {
          "schema_version": 0,
          "attributes": {
            "filter": [
              {
                "name": "tag:Name",
                "values": [
                  "todolist-private-route-table"
                ]
              }
            ],
            "id": "ap-northeast-1",
            "ids": [
              "rtb-0d90c4f48bf5dd153"
            ],
            "tags": null,
            "timeouts": null,
            "vpc_id": null
          },
          "sensitive_attributes": []
        }
      ]
    },
    {
      "module": "module.dev.module.ecs.module.global_network",
      "mode": "data",
      "type": "aws_subnets",
      "name": "private",
      "provider": "provider[\"registry.terraform.io/hashicorp/aws\"]",
      "instances": [
        {
          "schema_version": 0,
          "attributes": {
            "filter": [
              {
                "name": "tag:Name",
                "values": [
                  "todolist-private-an1a-subnet"
                ]
              }
            ],
            "id": "ap-northeast-1",
            "ids": [
              "subnet-092662de502768ae5"
            ],
            "tags": null,
            "timeouts": null
          },
          "sensitive_attributes": []
        }
      ]
    },
    {
      "module": "module.dev.module.ecs.module.global_network",
      "mode": "data",
      "type": "aws_subnets",
      "name": "private2",
      "provider": "provider[\"registry.terraform.io/hashicorp/aws\"]",
      "instances": [
        {
          "schema_version": 0,
          "attributes": {
            "filter": [
              {
                "name": "tag:Name",
                "values": [
                  "todolist-private-an1c-subnet"
                ]
              }
            ],
            "id": "ap-northeast-1",
            "ids": [
              "subnet-0dd3179b43b503bcc"
            ],
            "tags": null,
            "timeouts": null
          },
          "sensitive_attributes": []
        }
      ]
    },
    {
      "module": "module.dev.module.ecs.module.global_network",
      "mode": "data",
      "type": "aws_subnets",
      "name": "public",
      "provider": "provider[\"registry.terraform.io/hashicorp/aws\"]",
      "instances": [
        {
          "schema_version": 0,
          "attributes": {
            "filter": [
              {
                "name": "tag:Name",
                "values": [
                  "todolist-public-an1a-subnet"
                ]
              }
            ],
            "id": "ap-northeast-1",
            "ids": [
              "subnet-090e784556ca99968"
            ],
            "tags": null,
            "timeouts": null
          },
          "sensitive_attributes": []
        }
      ]
    },
    {
      "module": "module.dev.module.ecs.module.global_network",
      "mode": "data",
      "type": "aws_subnets",
      "name": "public2",
      "provider": "provider[\"registry.terraform.io/hashicorp/aws\"]",
      "instances": [
        {
          "schema_version": 0,
          "attributes": {
            "filter": [
              {
                "name": "tag:Name",
                "values": [
                  "todolist-public-an1c-subnet"
                ]
              }
            ],
            "id": "ap-northeast-1",
            "ids": [
              "subnet-0c564471bc34e6473"
            ],
            "tags": null,
            "timeouts": null
          },
          "sensitive_attributes": []
        }
      ]
    },
    {
      "module": "module.dev.module.ecs.module.global_network",
      "mode": "data",
      "type": "aws_vpcs",
      "name": "main",
      "provider": "provider[\"registry.terraform.io/hashicorp/aws\"]",
      "instances": [
        {
          "schema_version": 0,
          "attributes": {
            "filter": [
              {
                "name": "tag:Name",
                "values": [
                  "todolist-vpc"
                ]
              }
            ],
            "id": "ap-northeast-1",
            "ids": [
              "vpc-070761386102423b3"
            ],
            "tags": null,
            "timeouts": null
          },
          "sensitive_attributes": []
        }
      ]
    },
    {
      "module": "module.dev.module.global_network",
      "mode": "data",
      "type": "aws_route_tables",
      "name": "private_rt",
      "provider": "provider[\"registry.terraform.io/hashicorp/aws\"]",
      "instances": [
        {
          "schema_version": 0,
          "attributes": {
            "filter": [
              {
                "name": "tag:Name",
                "values": [
                  "todolist-private-route-table"
                ]
              }
            ],
            "id": "ap-northeast-1",
            "ids": [
              "rtb-0d90c4f48bf5dd153"
            ],
            "tags": null,
            "timeouts": null,
            "vpc_id": null
          },
          "sensitive_attributes": []
        }
      ]
    },
    {
      "module": "module.dev.module.global_network",
      "mode": "data",
      "type": "aws_subnets",
      "name": "private",
      "provider": "provider[\"registry.terraform.io/hashicorp/aws\"]",
      "instances": [
        {
          "schema_version": 0,
          "attributes": {
            "filter": [
              {
                "name": "tag:Name",
                "values": [
                  "todolist-private-an1a-subnet"
                ]
              }
            ],
            "id": "ap-northeast-1",
            "ids": [
              "subnet-092662de502768ae5"
            ],
            "tags": null,
            "timeouts": null
          },
          "sensitive_attributes": []
        }
      ]
    },
    {
      "module": "module.dev.module.global_network",
      "mode": "data",
      "type": "aws_subnets",
      "name": "private2",
      "provider": "provider[\"registry.terraform.io/hashicorp/aws\"]",
      "instances": [
        {
          "schema_version": 0,
          "attributes": {
            "filter": [
              {
                "name": "tag:Name",
                "values": [
                  "todolist-private-an1c-subnet"
                ]
              }
            ],
            "id": "ap-northeast-1",
            "ids": [
              "subnet-0dd3179b43b503bcc"
            ],
            "tags": null,
            "timeouts": null
          },
          "sensitive_attributes": []
        }
      ]
    },
    {
      "module": "module.dev.module.global_network",
      "mode": "data",
      "type": "aws_subnets",
      "name": "public",
      "provider": "provider[\"registry.terraform.io/hashicorp/aws\"]",
      "instances": [
        {
          "schema_version": 0,
          "attributes": {
            "filter": [
              {
                "name": "tag:Name",
                "values": [
                  "todolist-public-an1a-subnet"
                ]
              }
            ],
            "id": "ap-northeast-1",
            "ids": [
              "subnet-090e784556ca99968"
            ],
            "tags": null,
            "timeouts": null
          },
          "sensitive_attributes": []
        }
      ]
    },
    {
      "module": "module.dev.module.global_network",
      "mode": "data",
      "type": "aws_subnets",
      "name": "public2",
      "provider": "provider[\"registry.terraform.io/hashicorp/aws\"]",
      "instances": [
        {
          "schema_version": 0,
          "attributes": {
            "filter": [
              {
                "name": "tag:Name",
                "values": [
                  "todolist-public-an1c-subnet"
                ]
              }
            ],
            "id": "ap-northeast-1",
            "ids": [
              "subnet-0c564471bc34e6473"
            ],
            "tags": null,
            "timeouts": null
          },
          "sensitive_attributes": []
        }
      ]
    },
    {
      "module": "module.dev.module.global_network",
      "mode": "data",
      "type": "aws_vpcs",
      "name": "main",
      "provider": "provider[\"registry.terraform.io/hashicorp/aws\"]",
      "instances": [
        {
          "schema_version": 0,
          "attributes": {
            "filter": [
              {
                "name": "tag:Name",
                "values": [
                  "todolist-vpc"
                ]
              }
            ],
            "id": "ap-northeast-1",
            "ids": [
              "vpc-070761386102423b3"
            ],
            "tags": null,
            "timeouts": null
          },
          "sensitive_attributes": []
        }
      ]
    },
    {
      "module": "module.global_bootstrap.module.ecs",
      "mode": "managed",
      "type": "aws_ecs_cluster",
      "name": "new_cluster",
      "provider": "provider[\"registry.terraform.io/hashicorp/aws\"]",
      "instances": [
        {
          "schema_version": 0,
          "attributes": {
            "arn": "arn:aws:ecs:ap-northeast-1:241875560804:cluster/todolist_cluster",
            "configuration": [],
            "id": "arn:aws:ecs:ap-northeast-1:241875560804:cluster/todolist_cluster",
            "name": "todolist_cluster",
            "service_connect_defaults": [],
            "setting": [
              {
                "name": "containerInsights",
                "value": "disabled"
              }
            ],
            "tags": null,
            "tags_all": {}
          },
          "sensitive_attributes": [],
          "private": "bnVsbA==",
          "dependencies": [
            "module.global_bootstrap.module.network.aws_internet_gateway.main",
            "module.global_bootstrap.module.network.aws_route_table.private_rt",
            "module.global_bootstrap.module.network.aws_route_table.public_rt",
            "module.global_bootstrap.module.network.aws_route_table_association.private_rt_assoc_1",
            "module.global_bootstrap.module.network.aws_route_table_association.private_rt_assoc_2",
            "module.global_bootstrap.module.network.aws_route_table_association.public",
            "module.global_bootstrap.module.network.aws_route_table_association.public2",
            "module.global_bootstrap.module.network.aws_subnet.private",
            "module.global_bootstrap.module.network.aws_subnet.private2",
            "module.global_bootstrap.module.network.aws_subnet.public",
            "module.global_bootstrap.module.network.aws_subnet.public2",
            "module.global_bootstrap.module.network.aws_vpc.main"
          ]
        }
      ]
    },
    {
      "module": "module.global_bootstrap.module.ecs",
      "mode": "managed",
      "type": "aws_iam_policy",
      "name": "ecs_task_execution_policy",
      "provider": "provider[\"registry.terraform.io/hashicorp/aws\"]",
      "instances": [
        {
          "schema_version": 0,
          "attributes": {
            "arn": "arn:aws:iam::241875560804:policy/ecsTaskExecutionPolicy",
            "attachment_count": 0,
            "description": "Policy for ECS task to access ECR and S3",
            "id": "arn:aws:iam::241875560804:policy/ecsTaskExecutionPolicy",
            "name": "ecsTaskExecutionPolicy",
            "name_prefix": "",
            "path": "/",
            "policy": "{\"Statement\":[{\"Action\":[\"ecr:GetDownloadUrlForLayer\",\"ecr:BatchGetImage\",\"ecr:BatchCheckLayerAvailability\",\"ecr:GetAuthorizationToken\"],\"Effect\":\"Allow\",\"Resource\":\"*\"},{\"Action\":[\"s3:GetObject\",\"s3:ListBucket\"],\"Effect\":\"Allow\",\"Resource\":\"*\"},{\"Action\":[\"logs:CreateLogStream\",\"logs:PutLogEvents\"],\"Effect\":\"Allow\",\"Resource\":\"arn:aws:logs:*:*:*\"}],\"Version\":\"2012-10-17\"}",
            "policy_id": "ANPATQUHIFFSATUYVNSEB",
            "tags": null,
            "tags_all": {}
          },
          "sensitive_attributes": [],
          "private": "bnVsbA==",
          "dependencies": [
            "module.global_bootstrap.module.network.aws_internet_gateway.main",
            "module.global_bootstrap.module.network.aws_route_table.private_rt",
            "module.global_bootstrap.module.network.aws_route_table.public_rt",
            "module.global_bootstrap.module.network.aws_route_table_association.private_rt_assoc_1",
            "module.global_bootstrap.module.network.aws_route_table_association.private_rt_assoc_2",
            "module.global_bootstrap.module.network.aws_route_table_association.public",
            "module.global_bootstrap.module.network.aws_route_table_association.public2",
            "module.global_bootstrap.module.network.aws_subnet.private",
            "module.global_bootstrap.module.network.aws_subnet.private2",
            "module.global_bootstrap.module.network.aws_subnet.public",
            "module.global_bootstrap.module.network.aws_subnet.public2",
            "module.global_bootstrap.module.network.aws_vpc.main"
          ]
        }
      ]
    },
    {
      "module": "module.global_bootstrap.module.ecs",
      "mode": "managed",
      "type": "aws_iam_role",
      "name": "ecs_task_execution",
      "provider": "provider[\"registry.terraform.io/hashicorp/aws\"]",
      "instances": [
        {
          "schema_version": 0,
          "attributes": {
            "arn": "arn:aws:iam::241875560804:role/ecsTaskExecutionRoleeee",
            "assume_role_policy": "{\"Statement\":[{\"Action\":\"sts:AssumeRole\",\"Effect\":\"Allow\",\"Principal\":{\"Service\":\"ecs-tasks.amazonaws.com\"}}],\"Version\":\"2012-10-17\"}",
            "create_date": "2024-10-13T08:35:57Z",
            "description": "",
            "force_detach_policies": false,
            "id": "ecsTaskExecutionRoleeee",
            "inline_policy": [],
            "managed_policy_arns": [],
            "max_session_duration": 3600,
            "name": "ecsTaskExecutionRoleeee",
            "name_prefix": "",
            "path": "/",
            "permissions_boundary": "",
            "tags": null,
            "tags_all": {},
            "unique_id": "AROATQUHIFFSGQATR3HYR"
          },
          "sensitive_attributes": [],
          "private": "bnVsbA==",
          "dependencies": [
            "module.global_bootstrap.module.network.aws_internet_gateway.main",
            "module.global_bootstrap.module.network.aws_route_table.private_rt",
            "module.global_bootstrap.module.network.aws_route_table.public_rt",
            "module.global_bootstrap.module.network.aws_route_table_association.private_rt_assoc_1",
            "module.global_bootstrap.module.network.aws_route_table_association.private_rt_assoc_2",
            "module.global_bootstrap.module.network.aws_route_table_association.public",
            "module.global_bootstrap.module.network.aws_route_table_association.public2",
            "module.global_bootstrap.module.network.aws_subnet.private",
            "module.global_bootstrap.module.network.aws_subnet.private2",
            "module.global_bootstrap.module.network.aws_subnet.public",
            "module.global_bootstrap.module.network.aws_subnet.public2",
            "module.global_bootstrap.module.network.aws_vpc.main"
          ]
        }
      ]
    },
    {
      "module": "module.global_bootstrap.module.ecs",
      "mode": "managed",
      "type": "aws_iam_role_policy_attachment",
      "name": "ecs_task_cloudwatch_policy",
      "provider": "provider[\"registry.terraform.io/hashicorp/aws\"]",
      "instances": [
        {
          "schema_version": 0,
          "attributes": {
            "id": "ecsTaskExecutionRoleeee-20241013083558591700000009",
            "policy_arn": "arn:aws:iam::aws:policy/CloudWatchLogsFullAccess",
            "role": "ecsTaskExecutionRoleeee"
          },
          "sensitive_attributes": [],
          "private": "bnVsbA==",
          "dependencies": [
            "module.global_bootstrap.module.ecs.aws_iam_role.ecs_task_execution",
            "module.global_bootstrap.module.network.aws_internet_gateway.main",
            "module.global_bootstrap.module.network.aws_route_table.private_rt",
            "module.global_bootstrap.module.network.aws_route_table.public_rt",
            "module.global_bootstrap.module.network.aws_route_table_association.private_rt_assoc_1",
            "module.global_bootstrap.module.network.aws_route_table_association.private_rt_assoc_2",
            "module.global_bootstrap.module.network.aws_route_table_association.public",
            "module.global_bootstrap.module.network.aws_route_table_association.public2",
            "module.global_bootstrap.module.network.aws_subnet.private",
            "module.global_bootstrap.module.network.aws_subnet.private2",
            "module.global_bootstrap.module.network.aws_subnet.public",
            "module.global_bootstrap.module.network.aws_subnet.public2",
            "module.global_bootstrap.module.network.aws_vpc.main"
          ]
        }
      ]
    },
    {
      "module": "module.global_bootstrap.module.ecs",
      "mode": "managed",
      "type": "aws_iam_role_policy_attachment",
      "name": "ecs_task_execution_policy",
      "provider": "provider[\"registry.terraform.io/hashicorp/aws\"]",
      "instances": [
        {
          "schema_version": 0,
          "attributes": {
            "id": "ecsTaskExecutionRoleeee-20241013083558556300000007",
            "policy_arn": "arn:aws:iam::aws:policy/service-role/AmazonECSTaskExecutionRolePolicy",
            "role": "ecsTaskExecutionRoleeee"
          },
          "sensitive_attributes": [],
          "private": "bnVsbA==",
          "dependencies": [
            "module.global_bootstrap.module.ecs.aws_iam_role.ecs_task_execution",
            "module.global_bootstrap.module.network.aws_internet_gateway.main",
            "module.global_bootstrap.module.network.aws_route_table.private_rt",
            "module.global_bootstrap.module.network.aws_route_table.public_rt",
            "module.global_bootstrap.module.network.aws_route_table_association.private_rt_assoc_1",
            "module.global_bootstrap.module.network.aws_route_table_association.private_rt_assoc_2",
            "module.global_bootstrap.module.network.aws_route_table_association.public",
            "module.global_bootstrap.module.network.aws_route_table_association.public2",
            "module.global_bootstrap.module.network.aws_subnet.private",
            "module.global_bootstrap.module.network.aws_subnet.private2",
            "module.global_bootstrap.module.network.aws_subnet.public",
            "module.global_bootstrap.module.network.aws_subnet.public2",
            "module.global_bootstrap.module.network.aws_vpc.main"
          ]
        }
      ]
    },
    {
      "module": "module.global_bootstrap.module.ecs",
      "mode": "managed",
      "type": "aws_iam_role_policy_attachment",
      "name": "ecs_task_execution_role_policy_attachment",
      "provider": "provider[\"registry.terraform.io/hashicorp/aws\"]",
      "instances": [
        {
          "schema_version": 0,
          "attributes": {
            "id": "ecsTaskExecutionRoleeee-20241013083558573700000008",
            "policy_arn": "arn:aws:iam::241875560804:policy/ecsTaskExecutionPolicy",
            "role": "ecsTaskExecutionRoleeee"
          },
          "sensitive_attributes": [],
          "private": "bnVsbA==",
          "dependencies": [
            "module.global_bootstrap.module.ecs.aws_iam_policy.ecs_task_execution_policy",
            "module.global_bootstrap.module.ecs.aws_iam_role.ecs_task_execution",
            "module.global_bootstrap.module.network.aws_internet_gateway.main",
            "module.global_bootstrap.module.network.aws_route_table.private_rt",
            "module.global_bootstrap.module.network.aws_route_table.public_rt",
            "module.global_bootstrap.module.network.aws_route_table_association.private_rt_assoc_1",
            "module.global_bootstrap.module.network.aws_route_table_association.private_rt_assoc_2",
            "module.global_bootstrap.module.network.aws_route_table_association.public",
            "module.global_bootstrap.module.network.aws_route_table_association.public2",
            "module.global_bootstrap.module.network.aws_subnet.private",
            "module.global_bootstrap.module.network.aws_subnet.private2",
            "module.global_bootstrap.module.network.aws_subnet.public",
            "module.global_bootstrap.module.network.aws_subnet.public2",
            "module.global_bootstrap.module.network.aws_vpc.main"
          ]
        }
      ]
    },
    {
      "module": "module.global_bootstrap.module.ecs.module.global_network",
      "mode": "data",
      "type": "aws_route_tables",
      "name": "private_rt",
      "provider": "provider[\"registry.terraform.io/hashicorp/aws\"]",
      "instances": [
        {
          "schema_version": 0,
          "attributes": {
            "filter": [
              {
                "name": "tag:Name",
                "values": [
                  "todolist-private-route-table"
                ]
              }
            ],
            "id": "ap-northeast-1",
            "ids": [
              "rtb-0d90c4f48bf5dd153"
            ],
            "tags": null,
            "timeouts": null,
            "vpc_id": null
          },
          "sensitive_attributes": []
        }
      ]
    },
    {
      "module": "module.global_bootstrap.module.ecs.module.global_network",
      "mode": "data",
      "type": "aws_subnets",
      "name": "private",
      "provider": "provider[\"registry.terraform.io/hashicorp/aws\"]",
      "instances": [
        {
          "schema_version": 0,
          "attributes": {
            "filter": [
              {
                "name": "tag:Name",
                "values": [
                  "todolist-private-an1a-subnet"
                ]
              }
            ],
            "id": "ap-northeast-1",
            "ids": [
              "subnet-092662de502768ae5"
            ],
            "tags": null,
            "timeouts": null
          },
          "sensitive_attributes": []
        }
      ]
    },
    {
      "module": "module.global_bootstrap.module.ecs.module.global_network",
      "mode": "data",
      "type": "aws_subnets",
      "name": "private2",
      "provider": "provider[\"registry.terraform.io/hashicorp/aws\"]",
      "instances": [
        {
          "schema_version": 0,
          "attributes": {
            "filter": [
              {
                "name": "tag:Name",
                "values": [
                  "todolist-private-an1c-subnet"
                ]
              }
            ],
            "id": "ap-northeast-1",
            "ids": [
              "subnet-0dd3179b43b503bcc"
            ],
            "tags": null,
            "timeouts": null
          },
          "sensitive_attributes": []
        }
      ]
    },
    {
      "module": "module.global_bootstrap.module.ecs.module.global_network",
      "mode": "data",
      "type": "aws_subnets",
      "name": "public",
      "provider": "provider[\"registry.terraform.io/hashicorp/aws\"]",
      "instances": [
        {
          "schema_version": 0,
          "attributes": {
            "filter": [
              {
                "name": "tag:Name",
                "values": [
                  "todolist-public-an1a-subnet"
                ]
              }
            ],
            "id": "ap-northeast-1",
            "ids": [
              "subnet-090e784556ca99968"
            ],
            "tags": null,
            "timeouts": null
          },
          "sensitive_attributes": []
        }
      ]
    },
    {
      "module": "module.global_bootstrap.module.ecs.module.global_network",
      "mode": "data",
      "type": "aws_subnets",
      "name": "public2",
      "provider": "provider[\"registry.terraform.io/hashicorp/aws\"]",
      "instances": [
        {
          "schema_version": 0,
          "attributes": {
            "filter": [
              {
                "name": "tag:Name",
                "values": [
                  "todolist-public-an1c-subnet"
                ]
              }
            ],
            "id": "ap-northeast-1",
            "ids": [
              "subnet-0c564471bc34e6473"
            ],
            "tags": null,
            "timeouts": null
          },
          "sensitive_attributes": []
        }
      ]
    },
    {
      "module": "module.global_bootstrap.module.ecs.module.global_network",
      "mode": "data",
      "type": "aws_vpcs",
      "name": "main",
      "provider": "provider[\"registry.terraform.io/hashicorp/aws\"]",
      "instances": [
        {
          "schema_version": 0,
          "attributes": {
            "filter": [
              {
                "name": "tag:Name",
                "values": [
                  "todolist-vpc"
                ]
              }
            ],
            "id": "ap-northeast-1",
            "ids": [
              "vpc-070761386102423b3"
            ],
            "tags": null,
            "timeouts": null
          },
          "sensitive_attributes": []
        }
      ]
    },
    {
      "module": "module.global_bootstrap.module.ecs.module.vpc_endpoint_for_access_ecr",
      "mode": "managed",
      "type": "aws_cloudwatch_log_group",
      "name": "vpc_endpoint_logs",
      "provider": "provider[\"registry.terraform.io/hashicorp/aws\"]",
      "instances": [
        {
          "schema_version": 0,
          "attributes": {
            "arn": "arn:aws:logs:ap-northeast-1:241875560804:log-group:vpc-endpoint-logs",
            "id": "vpc-endpoint-logs",
            "kms_key_id": "",
            "log_group_class": "STANDARD",
            "name": "vpc-endpoint-logs",
            "name_prefix": "",
            "retention_in_days": 7,
            "skip_destroy": false,
            "tags": null,
            "tags_all": {}
          },
          "sensitive_attributes": [],
          "private": "bnVsbA==",
          "dependencies": [
            "module.global_bootstrap.module.network.aws_internet_gateway.main",
            "module.global_bootstrap.module.network.aws_route_table.private_rt",
            "module.global_bootstrap.module.network.aws_route_table.public_rt",
            "module.global_bootstrap.module.network.aws_route_table_association.private_rt_assoc_1",
            "module.global_bootstrap.module.network.aws_route_table_association.private_rt_assoc_2",
            "module.global_bootstrap.module.network.aws_route_table_association.public",
            "module.global_bootstrap.module.network.aws_route_table_association.public2",
            "module.global_bootstrap.module.network.aws_subnet.private",
            "module.global_bootstrap.module.network.aws_subnet.private2",
            "module.global_bootstrap.module.network.aws_subnet.public",
            "module.global_bootstrap.module.network.aws_subnet.public2",
            "module.global_bootstrap.module.network.aws_vpc.main"
          ]
        }
      ]
    },
    {
      "module": "module.global_bootstrap.module.ecs.module.vpc_endpoint_for_access_ecr",
      "mode": "managed",
      "type": "aws_flow_log",
      "name": "vpc_endpoint_flow_log",
      "provider": "provider[\"registry.terraform.io/hashicorp/aws\"]",
      "instances": [
        {
          "schema_version": 0,
          "attributes": {
            "arn": "arn:aws:ec2:ap-northeast-1:241875560804:vpc-flow-log/fl-0765d133acfa55e8e",
            "deliver_cross_account_role": "",
            "destination_options": [],
            "eni_id": null,
            "iam_role_arn": "arn:aws:iam::241875560804:role/vpc-endpoint-logs-role",
            "id": "fl-0765d133acfa55e8e",
            "log_destination": "arn:aws:logs:ap-northeast-1:241875560804:log-group:vpc-endpoint-logs",
            "log_destination_type": "cloud-watch-logs",
            "log_format": "${version} ${account-id} ${interface-id} ${srcaddr} ${dstaddr} ${srcport} ${dstport} ${protocol} ${packets} ${bytes} ${start} ${end} ${action} ${log-status}",
            "log_group_name": "vpc-endpoint-logs",
            "max_aggregation_interval": 600,
            "subnet_id": null,
            "tags": null,
            "tags_all": {},
            "traffic_type": "ALL",
            "transit_gateway_attachment_id": null,
            "transit_gateway_id": null,
            "vpc_id": "vpc-070761386102423b3"
          },
          "sensitive_attributes": [],
          "private": "bnVsbA==",
          "dependencies": [
            "module.global_bootstrap.module.ecs.module.vpc_endpoint_for_access_ecr.aws_cloudwatch_log_group.vpc_endpoint_logs",
            "module.global_bootstrap.module.ecs.module.vpc_endpoint_for_access_ecr.aws_iam_role.vpc_endpoint_logs_role",
            "module.global_bootstrap.module.ecs.module.vpc_endpoint_for_access_ecr.module.global_network.data.aws_vpcs.main",
            "module.global_bootstrap.module.network.aws_internet_gateway.main",
            "module.global_bootstrap.module.network.aws_route_table.private_rt",
            "module.global_bootstrap.module.network.aws_route_table.public_rt",
            "module.global_bootstrap.module.network.aws_route_table_association.private_rt_assoc_1",
            "module.global_bootstrap.module.network.aws_route_table_association.private_rt_assoc_2",
            "module.global_bootstrap.module.network.aws_route_table_association.public",
            "module.global_bootstrap.module.network.aws_route_table_association.public2",
            "module.global_bootstrap.module.network.aws_subnet.private",
            "module.global_bootstrap.module.network.aws_subnet.private2",
            "module.global_bootstrap.module.network.aws_subnet.public",
            "module.global_bootstrap.module.network.aws_subnet.public2",
            "module.global_bootstrap.module.network.aws_vpc.main"
          ]
        }
      ]
    },
    {
      "module": "module.global_bootstrap.module.ecs.module.vpc_endpoint_for_access_ecr",
      "mode": "managed",
      "type": "aws_iam_policy",
      "name": "vpc_endpoint_logs_policy",
      "provider": "provider[\"registry.terraform.io/hashicorp/aws\"]",
      "instances": [
        {
          "schema_version": 0,
          "attributes": {
            "arn": "arn:aws:iam::241875560804:policy/vpc-endpoint-logs-policy",
            "attachment_count": 0,
            "description": "",
            "id": "arn:aws:iam::241875560804:policy/vpc-endpoint-logs-policy",
            "name": "vpc-endpoint-logs-policy",
            "name_prefix": "",
            "path": "/",
            "policy": "{\"Statement\":[{\"Action\":\"logs:CreateLogStream\",\"Effect\":\"Allow\",\"Resource\":\"arn:aws:logs:ap-northeast-1:241875560804:log-group:vpc-endpoint-logs:*\"},{\"Action\":\"logs:PutLogEvents\",\"Effect\":\"Allow\",\"Resource\":\"arn:aws:logs:ap-northeast-1:241875560804:log-group:vpc-endpoint-logs:*\"}],\"Version\":\"2012-10-17\"}",
            "policy_id": "ANPATQUHIFFSE4ABVPOYN",
            "tags": null,
            "tags_all": {}
          },
          "sensitive_attributes": [],
          "private": "bnVsbA==",
          "dependencies": [
            "module.global_bootstrap.module.ecs.module.vpc_endpoint_for_access_ecr.aws_cloudwatch_log_group.vpc_endpoint_logs",
            "module.global_bootstrap.module.network.aws_internet_gateway.main",
            "module.global_bootstrap.module.network.aws_route_table.private_rt",
            "module.global_bootstrap.module.network.aws_route_table.public_rt",
            "module.global_bootstrap.module.network.aws_route_table_association.private_rt_assoc_1",
            "module.global_bootstrap.module.network.aws_route_table_association.private_rt_assoc_2",
            "module.global_bootstrap.module.network.aws_route_table_association.public",
            "module.global_bootstrap.module.network.aws_route_table_association.public2",
            "module.global_bootstrap.module.network.aws_subnet.private",
            "module.global_bootstrap.module.network.aws_subnet.private2",
            "module.global_bootstrap.module.network.aws_subnet.public",
            "module.global_bootstrap.module.network.aws_subnet.public2",
            "module.global_bootstrap.module.network.aws_vpc.main"
          ]
        }
      ]
    },
    {
      "module": "module.global_bootstrap.module.ecs.module.vpc_endpoint_for_access_ecr",
      "mode": "managed",
      "type": "aws_iam_role",
      "name": "vpc_endpoint_logs_role",
      "provider": "provider[\"registry.terraform.io/hashicorp/aws\"]",
      "instances": [
        {
          "schema_version": 0,
          "attributes": {
            "arn": "arn:aws:iam::241875560804:role/vpc-endpoint-logs-role",
            "assume_role_policy": "{\"Statement\":[{\"Action\":\"sts:AssumeRole\",\"Effect\":\"Allow\",\"Principal\":{\"Service\":\"vpc-flow-logs.amazonaws.com\"}}],\"Version\":\"2012-10-17\"}",
            "create_date": "2024-10-13T08:35:57Z",
            "description": "",
            "force_detach_policies": false,
            "id": "vpc-endpoint-logs-role",
            "inline_policy": [],
            "managed_policy_arns": [],
            "max_session_duration": 3600,
            "name": "vpc-endpoint-logs-role",
            "name_prefix": "",
            "path": "/",
            "permissions_boundary": "",
            "tags": null,
            "tags_all": {},
            "unique_id": "AROATQUHIFFSCXJUZYVTT"
          },
          "sensitive_attributes": [],
          "private": "bnVsbA==",
          "dependencies": [
            "module.global_bootstrap.module.network.aws_internet_gateway.main",
            "module.global_bootstrap.module.network.aws_route_table.private_rt",
            "module.global_bootstrap.module.network.aws_route_table.public_rt",
            "module.global_bootstrap.module.network.aws_route_table_association.private_rt_assoc_1",
            "module.global_bootstrap.module.network.aws_route_table_association.private_rt_assoc_2",
            "module.global_bootstrap.module.network.aws_route_table_association.public",
            "module.global_bootstrap.module.network.aws_route_table_association.public2",
            "module.global_bootstrap.module.network.aws_subnet.private",
            "module.global_bootstrap.module.network.aws_subnet.private2",
            "module.global_bootstrap.module.network.aws_subnet.public",
            "module.global_bootstrap.module.network.aws_subnet.public2",
            "module.global_bootstrap.module.network.aws_vpc.main"
          ]
        }
      ]
    },
    {
      "module": "module.global_bootstrap.module.ecs.module.vpc_endpoint_for_access_ecr",
      "mode": "managed",
      "type": "aws_iam_role_policy_attachment",
      "name": "vpc_endpoint_logs_role_attachment",
      "provider": "provider[\"registry.terraform.io/hashicorp/aws\"]",
      "instances": [
        {
          "schema_version": 0,
          "attributes": {
            "id": "vpc-endpoint-logs-role-20241013083558457700000006",
            "policy_arn": "arn:aws:iam::241875560804:policy/vpc-endpoint-logs-policy",
            "role": "vpc-endpoint-logs-role"
          },
          "sensitive_attributes": [],
          "private": "bnVsbA==",
          "dependencies": [
            "module.global_bootstrap.module.ecs.module.vpc_endpoint_for_access_ecr.aws_cloudwatch_log_group.vpc_endpoint_logs",
            "module.global_bootstrap.module.ecs.module.vpc_endpoint_for_access_ecr.aws_iam_policy.vpc_endpoint_logs_policy",
            "module.global_bootstrap.module.ecs.module.vpc_endpoint_for_access_ecr.aws_iam_role.vpc_endpoint_logs_role",
            "module.global_bootstrap.module.network.aws_internet_gateway.main",
            "module.global_bootstrap.module.network.aws_route_table.private_rt",
            "module.global_bootstrap.module.network.aws_route_table.public_rt",
            "module.global_bootstrap.module.network.aws_route_table_association.private_rt_assoc_1",
            "module.global_bootstrap.module.network.aws_route_table_association.private_rt_assoc_2",
            "module.global_bootstrap.module.network.aws_route_table_association.public",
            "module.global_bootstrap.module.network.aws_route_table_association.public2",
            "module.global_bootstrap.module.network.aws_subnet.private",
            "module.global_bootstrap.module.network.aws_subnet.private2",
            "module.global_bootstrap.module.network.aws_subnet.public",
            "module.global_bootstrap.module.network.aws_subnet.public2",
            "module.global_bootstrap.module.network.aws_vpc.main"
          ]
        }
      ]
    },
    {
      "module": "module.global_bootstrap.module.ecs.module.vpc_endpoint_for_access_ecr",
      "mode": "managed",
      "type": "aws_security_group",
      "name": "ecr_endpoint_sg",
      "provider": "provider[\"registry.terraform.io/hashicorp/aws\"]",
      "instances": [
        {
          "schema_version": 1,
          "attributes": {
            "arn": "arn:aws:ec2:ap-northeast-1:241875560804:security-group/sg-01f858f0df6fb2f4e",
            "description": "Managed by Terraform",
            "egress": [
              {
                "cidr_blocks": [
                  "0.0.0.0/0"
                ],
                "description": "",
                "from_port": 0,
                "ipv6_cidr_blocks": [],
                "prefix_list_ids": [],
                "protocol": "-1",
                "security_groups": [],
                "self": false,
                "to_port": 0
              }
            ],
            "id": "sg-01f858f0df6fb2f4e",
            "ingress": [
              {
                "cidr_blocks": [
                  "10.0.0.0/16"
                ],
                "description": "",
                "from_port": 443,
                "ipv6_cidr_blocks": [],
                "prefix_list_ids": [],
                "protocol": "tcp",
                "security_groups": [],
                "self": false,
                "to_port": 443
              }
            ],
            "name": "terraform-20241013083556698700000004",
            "name_prefix": "terraform-",
            "owner_id": "241875560804",
            "revoke_rules_on_delete": false,
            "tags": {
              "Name": "todolist-vpc_endpoint-sg"
            },
            "tags_all": {
              "Name": "todolist-vpc_endpoint-sg"
            },
            "timeouts": null,
            "vpc_id": "vpc-070761386102423b3"
          },
          "sensitive_attributes": [],
          "private": "eyJlMmJmYjczMC1lY2FhLTExZTYtOGY4OC0zNDM2M2JjN2M0YzAiOnsiY3JlYXRlIjo2MDAwMDAwMDAwMDAsImRlbGV0ZSI6OTAwMDAwMDAwMDAwfSwic2NoZW1hX3ZlcnNpb24iOiIxIn0=",
          "dependencies": [
            "module.global_bootstrap.module.ecs.module.vpc_endpoint_for_access_ecr.module.global_network.data.aws_vpcs.main",
            "module.global_bootstrap.module.network.aws_internet_gateway.main",
            "module.global_bootstrap.module.network.aws_route_table.private_rt",
            "module.global_bootstrap.module.network.aws_route_table.public_rt",
            "module.global_bootstrap.module.network.aws_route_table_association.private_rt_assoc_1",
            "module.global_bootstrap.module.network.aws_route_table_association.private_rt_assoc_2",
            "module.global_bootstrap.module.network.aws_route_table_association.public",
            "module.global_bootstrap.module.network.aws_route_table_association.public2",
            "module.global_bootstrap.module.network.aws_subnet.private",
            "module.global_bootstrap.module.network.aws_subnet.private2",
            "module.global_bootstrap.module.network.aws_subnet.public",
            "module.global_bootstrap.module.network.aws_subnet.public2",
            "module.global_bootstrap.module.network.aws_vpc.main"
          ]
        }
      ]
    },
    {
      "module": "module.global_bootstrap.module.ecs.module.vpc_endpoint_for_access_ecr",
      "mode": "managed",
      "type": "aws_vpc_endpoint",
      "name": "cloudwatch_logs",
      "provider": "provider[\"registry.terraform.io/hashicorp/aws\"]",
      "instances": [
        {
          "schema_version": 0,
          "attributes": {
            "arn": "arn:aws:ec2:ap-northeast-1:241875560804:vpc-endpoint/vpce-0a50ce605de13fe59",
            "auto_accept": null,
            "cidr_blocks": [],
            "dns_entry": [
              {
                "dns_name": "vpce-0a50ce605de13fe59-1gfylyla.logs.ap-northeast-1.vpce.amazonaws.com",
                "hosted_zone_id": "Z2E726K9Y6RL4W"
              },
              {
                "dns_name": "vpce-0a50ce605de13fe59-1gfylyla-ap-northeast-1c.logs.ap-northeast-1.vpce.amazonaws.com",
                "hosted_zone_id": "Z2E726K9Y6RL4W"
              },
              {
                "dns_name": "vpce-0a50ce605de13fe59-1gfylyla-ap-northeast-1a.logs.ap-northeast-1.vpce.amazonaws.com",
                "hosted_zone_id": "Z2E726K9Y6RL4W"
              },
              {
                "dns_name": "logs.ap-northeast-1.amazonaws.com",
                "hosted_zone_id": "Z09264281V71TERPCSEIM"
              },
              {
                "dns_name": "logs.ap-northeast-1.api.aws",
                "hosted_zone_id": "Z09316812CFRT5L7P9V9K"
              }
            ],
            "dns_options": [
              {
                "dns_record_ip_type": "ipv4",
                "private_dns_only_for_inbound_resolver_endpoint": false
              }
            ],
            "id": "vpce-0a50ce605de13fe59",
            "ip_address_type": "ipv4",
            "network_interface_ids": [
              "eni-02192b89e11000730",
              "eni-0b40b4e31ceb5e0d3"
            ],
            "owner_id": "241875560804",
            "policy": "{\"Statement\":[{\"Action\":\"*\",\"Effect\":\"Allow\",\"Principal\":\"*\",\"Resource\":\"*\"}]}",
            "prefix_list_id": null,
            "private_dns_enabled": true,
            "requester_managed": false,
            "route_table_ids": [],
            "security_group_ids": [
              "sg-01f858f0df6fb2f4e"
            ],
            "service_name": "com.amazonaws.ap-northeast-1.logs",
            "state": "available",
            "subnet_configuration": [
              {
                "ipv4": "10.0.11.125",
                "ipv6": "",
                "subnet_id": "subnet-092662de502768ae5"
              },
              {
                "ipv4": "10.0.12.232",
                "ipv6": "",
                "subnet_id": "subnet-0dd3179b43b503bcc"
              }
            ],
            "subnet_ids": [
              "subnet-092662de502768ae5",
              "subnet-0dd3179b43b503bcc"
            ],
            "tags": null,
            "tags_all": {},
            "timeouts": null,
            "vpc_endpoint_type": "Interface",
            "vpc_id": "vpc-070761386102423b3"
          },
          "sensitive_attributes": [],
          "private": "eyJlMmJmYjczMC1lY2FhLTExZTYtOGY4OC0zNDM2M2JjN2M0YzAiOnsiY3JlYXRlIjo2MDAwMDAwMDAwMDAsImRlbGV0ZSI6NjAwMDAwMDAwMDAwLCJ1cGRhdGUiOjYwMDAwMDAwMDAwMH19",
          "dependencies": [
            "module.global_bootstrap.module.ecs.module.vpc_endpoint_for_access_ecr.aws_security_group.ecr_endpoint_sg",
            "module.global_bootstrap.module.ecs.module.vpc_endpoint_for_access_ecr.module.global_network.data.aws_subnets.private",
            "module.global_bootstrap.module.ecs.module.vpc_endpoint_for_access_ecr.module.global_network.data.aws_subnets.private2",
            "module.global_bootstrap.module.ecs.module.vpc_endpoint_for_access_ecr.module.global_network.data.aws_vpcs.main",
            "module.global_bootstrap.module.network.aws_internet_gateway.main",
            "module.global_bootstrap.module.network.aws_route_table.private_rt",
            "module.global_bootstrap.module.network.aws_route_table.public_rt",
            "module.global_bootstrap.module.network.aws_route_table_association.private_rt_assoc_1",
            "module.global_bootstrap.module.network.aws_route_table_association.private_rt_assoc_2",
            "module.global_bootstrap.module.network.aws_route_table_association.public",
            "module.global_bootstrap.module.network.aws_route_table_association.public2",
            "module.global_bootstrap.module.network.aws_subnet.private",
            "module.global_bootstrap.module.network.aws_subnet.private2",
            "module.global_bootstrap.module.network.aws_subnet.public",
            "module.global_bootstrap.module.network.aws_subnet.public2",
            "module.global_bootstrap.module.network.aws_vpc.main"
          ]
        }
      ]
    },
    {
      "module": "module.global_bootstrap.module.ecs.module.vpc_endpoint_for_access_ecr",
      "mode": "managed",
      "type": "aws_vpc_endpoint",
      "name": "ecr_api",
      "provider": "provider[\"registry.terraform.io/hashicorp/aws\"]",
      "instances": [
        {
          "schema_version": 0,
          "attributes": {
            "arn": "arn:aws:ec2:ap-northeast-1:241875560804:vpc-endpoint/vpce-06b9485d52a936baf",
            "auto_accept": null,
            "cidr_blocks": [],
            "dns_entry": [
              {
                "dns_name": "vpce-06b9485d52a936baf-6a5euyuy.api.ecr.ap-northeast-1.vpce.amazonaws.com",
                "hosted_zone_id": "Z2E726K9Y6RL4W"
              },
              {
                "dns_name": "vpce-06b9485d52a936baf-6a5euyuy-ap-northeast-1c.api.ecr.ap-northeast-1.vpce.amazonaws.com",
                "hosted_zone_id": "Z2E726K9Y6RL4W"
              },
              {
                "dns_name": "vpce-06b9485d52a936baf-6a5euyuy-ap-northeast-1a.api.ecr.ap-northeast-1.vpce.amazonaws.com",
                "hosted_zone_id": "Z2E726K9Y6RL4W"
              },
              {
                "dns_name": "api.ecr.ap-northeast-1.amazonaws.com",
                "hosted_zone_id": "Z09322032WITCEMW5QVLV"
              }
            ],
            "dns_options": [
              {
                "dns_record_ip_type": "ipv4",
                "private_dns_only_for_inbound_resolver_endpoint": false
              }
            ],
            "id": "vpce-06b9485d52a936baf",
            "ip_address_type": "ipv4",
            "network_interface_ids": [
              "eni-0028c5f69a2b0652c",
              "eni-005dc6cd85f7d33b7"
            ],
            "owner_id": "241875560804",
            "policy": "{\"Statement\":[{\"Action\":\"*\",\"Effect\":\"Allow\",\"Principal\":\"*\",\"Resource\":\"*\"}]}",
            "prefix_list_id": null,
            "private_dns_enabled": true,
            "requester_managed": false,
            "route_table_ids": [],
            "security_group_ids": [
              "sg-01f858f0df6fb2f4e"
            ],
            "service_name": "com.amazonaws.ap-northeast-1.ecr.api",
            "state": "available",
            "subnet_configuration": [
              {
                "ipv4": "10.0.11.187",
                "ipv6": "",
                "subnet_id": "subnet-092662de502768ae5"
              },
              {
                "ipv4": "10.0.12.223",
                "ipv6": "",
                "subnet_id": "subnet-0dd3179b43b503bcc"
              }
            ],
            "subnet_ids": [
              "subnet-092662de502768ae5",
              "subnet-0dd3179b43b503bcc"
            ],
            "tags": null,
            "tags_all": {},
            "timeouts": null,
            "vpc_endpoint_type": "Interface",
            "vpc_id": "vpc-070761386102423b3"
          },
          "sensitive_attributes": [],
          "private": "eyJlMmJmYjczMC1lY2FhLTExZTYtOGY4OC0zNDM2M2JjN2M0YzAiOnsiY3JlYXRlIjo2MDAwMDAwMDAwMDAsImRlbGV0ZSI6NjAwMDAwMDAwMDAwLCJ1cGRhdGUiOjYwMDAwMDAwMDAwMH19",
          "dependencies": [
            "module.global_bootstrap.module.ecs.module.vpc_endpoint_for_access_ecr.aws_security_group.ecr_endpoint_sg",
            "module.global_bootstrap.module.ecs.module.vpc_endpoint_for_access_ecr.module.global_network.data.aws_subnets.private",
            "module.global_bootstrap.module.ecs.module.vpc_endpoint_for_access_ecr.module.global_network.data.aws_subnets.private2",
            "module.global_bootstrap.module.ecs.module.vpc_endpoint_for_access_ecr.module.global_network.data.aws_vpcs.main",
            "module.global_bootstrap.module.network.aws_internet_gateway.main",
            "module.global_bootstrap.module.network.aws_route_table.private_rt",
            "module.global_bootstrap.module.network.aws_route_table.public_rt",
            "module.global_bootstrap.module.network.aws_route_table_association.private_rt_assoc_1",
            "module.global_bootstrap.module.network.aws_route_table_association.private_rt_assoc_2",
            "module.global_bootstrap.module.network.aws_route_table_association.public",
            "module.global_bootstrap.module.network.aws_route_table_association.public2",
            "module.global_bootstrap.module.network.aws_subnet.private",
            "module.global_bootstrap.module.network.aws_subnet.private2",
            "module.global_bootstrap.module.network.aws_subnet.public",
            "module.global_bootstrap.module.network.aws_subnet.public2",
            "module.global_bootstrap.module.network.aws_vpc.main"
          ]
        }
      ]
    },
    {
      "module": "module.global_bootstrap.module.ecs.module.vpc_endpoint_for_access_ecr",
      "mode": "managed",
      "type": "aws_vpc_endpoint",
      "name": "ecr_dkr",
      "provider": "provider[\"registry.terraform.io/hashicorp/aws\"]",
      "instances": [
        {
          "schema_version": 0,
          "attributes": {
            "arn": "arn:aws:ec2:ap-northeast-1:241875560804:vpc-endpoint/vpce-0f400b44d68f28c35",
            "auto_accept": null,
            "cidr_blocks": [],
            "dns_entry": [
              {
                "dns_name": "vpce-0f400b44d68f28c35-hy0wo77k.dkr.ecr.ap-northeast-1.vpce.amazonaws.com",
                "hosted_zone_id": "Z2E726K9Y6RL4W"
              },
              {
                "dns_name": "vpce-0f400b44d68f28c35-hy0wo77k-ap-northeast-1a.dkr.ecr.ap-northeast-1.vpce.amazonaws.com",
                "hosted_zone_id": "Z2E726K9Y6RL4W"
              },
              {
                "dns_name": "vpce-0f400b44d68f28c35-hy0wo77k-ap-northeast-1c.dkr.ecr.ap-northeast-1.vpce.amazonaws.com",
                "hosted_zone_id": "Z2E726K9Y6RL4W"
              },
              {
                "dns_name": "dkr.ecr.ap-northeast-1.amazonaws.com",
                "hosted_zone_id": "Z09844391BJRCMBCHHVJ9"
              },
              {
                "dns_name": "*.dkr.ecr.ap-northeast-1.amazonaws.com",
                "hosted_zone_id": "Z09844391BJRCMBCHHVJ9"
              }
            ],
            "dns_options": [
              {
                "dns_record_ip_type": "ipv4",
                "private_dns_only_for_inbound_resolver_endpoint": false
              }
            ],
            "id": "vpce-0f400b44d68f28c35",
            "ip_address_type": "ipv4",
            "network_interface_ids": [
              "eni-001bbf55404cf927d",
              "eni-03caac34d0d3eb65a"
            ],
            "owner_id": "241875560804",
            "policy": "{\"Statement\":[{\"Action\":\"*\",\"Effect\":\"Allow\",\"Principal\":\"*\",\"Resource\":\"*\"}]}",
            "prefix_list_id": null,
            "private_dns_enabled": true,
            "requester_managed": false,
            "route_table_ids": [],
            "security_group_ids": [
              "sg-01f858f0df6fb2f4e"
            ],
            "service_name": "com.amazonaws.ap-northeast-1.ecr.dkr",
            "state": "available",
            "subnet_configuration": [
              {
                "ipv4": "10.0.11.224",
                "ipv6": "",
                "subnet_id": "subnet-092662de502768ae5"
              },
              {
                "ipv4": "10.0.12.137",
                "ipv6": "",
                "subnet_id": "subnet-0dd3179b43b503bcc"
              }
            ],
            "subnet_ids": [
              "subnet-092662de502768ae5",
              "subnet-0dd3179b43b503bcc"
            ],
            "tags": null,
            "tags_all": {},
            "timeouts": null,
            "vpc_endpoint_type": "Interface",
            "vpc_id": "vpc-070761386102423b3"
          },
          "sensitive_attributes": [],
          "private": "eyJlMmJmYjczMC1lY2FhLTExZTYtOGY4OC0zNDM2M2JjN2M0YzAiOnsiY3JlYXRlIjo2MDAwMDAwMDAwMDAsImRlbGV0ZSI6NjAwMDAwMDAwMDAwLCJ1cGRhdGUiOjYwMDAwMDAwMDAwMH19",
          "dependencies": [
            "module.global_bootstrap.module.ecs.module.vpc_endpoint_for_access_ecr.aws_security_group.ecr_endpoint_sg",
            "module.global_bootstrap.module.ecs.module.vpc_endpoint_for_access_ecr.module.global_network.data.aws_subnets.private",
            "module.global_bootstrap.module.ecs.module.vpc_endpoint_for_access_ecr.module.global_network.data.aws_subnets.private2",
            "module.global_bootstrap.module.ecs.module.vpc_endpoint_for_access_ecr.module.global_network.data.aws_vpcs.main",
            "module.global_bootstrap.module.network.aws_internet_gateway.main",
            "module.global_bootstrap.module.network.aws_route_table.private_rt",
            "module.global_bootstrap.module.network.aws_route_table.public_rt",
            "module.global_bootstrap.module.network.aws_route_table_association.private_rt_assoc_1",
            "module.global_bootstrap.module.network.aws_route_table_association.private_rt_assoc_2",
            "module.global_bootstrap.module.network.aws_route_table_association.public",
            "module.global_bootstrap.module.network.aws_route_table_association.public2",
            "module.global_bootstrap.module.network.aws_subnet.private",
            "module.global_bootstrap.module.network.aws_subnet.private2",
            "module.global_bootstrap.module.network.aws_subnet.public",
            "module.global_bootstrap.module.network.aws_subnet.public2",
            "module.global_bootstrap.module.network.aws_vpc.main"
          ]
        }
      ]
    },
    {
      "module": "module.global_bootstrap.module.ecs.module.vpc_endpoint_for_access_ecr",
      "mode": "managed",
      "type": "aws_vpc_endpoint",
      "name": "s3",
      "provider": "provider[\"registry.terraform.io/hashicorp/aws\"]",
      "instances": [
        {
          "schema_version": 0,
          "attributes": {
            "arn": "arn:aws:ec2:ap-northeast-1:241875560804:vpc-endpoint/vpce-05a50e23a9b136fb2",
            "auto_accept": null,
            "cidr_blocks": [
              "3.5.152.0/21",
              "52.219.162.0/23",
              "52.219.0.0/20",
              "52.219.16.0/22",
              "52.219.196.0/22",
              "52.219.172.0/22",
              "52.219.195.0/24",
              "52.219.200.0/23",
              "52.219.150.0/23",
              "52.219.20.0/24",
              "52.219.152.0/22",
              "52.219.136.0/22",
              "52.219.68.0/22"
            ],
            "dns_entry": [],
            "dns_options": [],
            "id": "vpce-05a50e23a9b136fb2",
            "ip_address_type": "",
            "network_interface_ids": [],
            "owner_id": "241875560804",
            "policy": "{\"Statement\":[{\"Action\":\"*\",\"Effect\":\"Allow\",\"Principal\":\"*\",\"Resource\":\"*\"}],\"Version\":\"2008-10-17\"}",
            "prefix_list_id": "pl-61a54008",
            "private_dns_enabled": false,
            "requester_managed": false,
            "route_table_ids": [
              "rtb-0d90c4f48bf5dd153"
            ],
            "security_group_ids": [],
            "service_name": "com.amazonaws.ap-northeast-1.s3",
            "state": "available",
            "subnet_configuration": [],
            "subnet_ids": [],
            "tags": null,
            "tags_all": {},
            "timeouts": null,
            "vpc_endpoint_type": "Gateway",
            "vpc_id": "vpc-070761386102423b3"
          },
          "sensitive_attributes": [],
          "private": "eyJlMmJmYjczMC1lY2FhLTExZTYtOGY4OC0zNDM2M2JjN2M0YzAiOnsiY3JlYXRlIjo2MDAwMDAwMDAwMDAsImRlbGV0ZSI6NjAwMDAwMDAwMDAwLCJ1cGRhdGUiOjYwMDAwMDAwMDAwMH19",
          "dependencies": [
            "module.global_bootstrap.module.ecs.module.vpc_endpoint_for_access_ecr.module.global_network.data.aws_route_tables.private_rt",
            "module.global_bootstrap.module.ecs.module.vpc_endpoint_for_access_ecr.module.global_network.data.aws_vpcs.main",
            "module.global_bootstrap.module.network.aws_internet_gateway.main",
            "module.global_bootstrap.module.network.aws_route_table.private_rt",
            "module.global_bootstrap.module.network.aws_route_table.public_rt",
            "module.global_bootstrap.module.network.aws_route_table_association.private_rt_assoc_1",
            "module.global_bootstrap.module.network.aws_route_table_association.private_rt_assoc_2",
            "module.global_bootstrap.module.network.aws_route_table_association.public",
            "module.global_bootstrap.module.network.aws_route_table_association.public2",
            "module.global_bootstrap.module.network.aws_subnet.private",
            "module.global_bootstrap.module.network.aws_subnet.private2",
            "module.global_bootstrap.module.network.aws_subnet.public",
            "module.global_bootstrap.module.network.aws_subnet.public2",
            "module.global_bootstrap.module.network.aws_vpc.main"
          ]
        }
      ]
    },
    {
      "module": "module.global_bootstrap.module.ecs.module.vpc_endpoint_for_access_ecr.module.global_network",
      "mode": "data",
      "type": "aws_route_tables",
      "name": "private_rt",
      "provider": "provider[\"registry.terraform.io/hashicorp/aws\"]",
      "instances": [
        {
          "schema_version": 0,
          "attributes": {
            "filter": [
              {
                "name": "tag:Name",
                "values": [
                  "todolist-private-route-table"
                ]
              }
            ],
            "id": "ap-northeast-1",
            "ids": [
              "rtb-0d90c4f48bf5dd153"
            ],
            "tags": null,
            "timeouts": null,
            "vpc_id": null
          },
          "sensitive_attributes": []
        }
      ]
    },
    {
      "module": "module.global_bootstrap.module.ecs.module.vpc_endpoint_for_access_ecr.module.global_network",
      "mode": "data",
      "type": "aws_subnets",
      "name": "private",
      "provider": "provider[\"registry.terraform.io/hashicorp/aws\"]",
      "instances": [
        {
          "schema_version": 0,
          "attributes": {
            "filter": [
              {
                "name": "tag:Name",
                "values": [
                  "todolist-private-an1a-subnet"
                ]
              }
            ],
            "id": "ap-northeast-1",
            "ids": [
              "subnet-092662de502768ae5"
            ],
            "tags": null,
            "timeouts": null
          },
          "sensitive_attributes": []
        }
      ]
    },
    {
      "module": "module.global_bootstrap.module.ecs.module.vpc_endpoint_for_access_ecr.module.global_network",
      "mode": "data",
      "type": "aws_subnets",
      "name": "private2",
      "provider": "provider[\"registry.terraform.io/hashicorp/aws\"]",
      "instances": [
        {
          "schema_version": 0,
          "attributes": {
            "filter": [
              {
                "name": "tag:Name",
                "values": [
                  "todolist-private-an1c-subnet"
                ]
              }
            ],
            "id": "ap-northeast-1",
            "ids": [
              "subnet-0dd3179b43b503bcc"
            ],
            "tags": null,
            "timeouts": null
          },
          "sensitive_attributes": []
        }
      ]
    },
    {
      "module": "module.global_bootstrap.module.ecs.module.vpc_endpoint_for_access_ecr.module.global_network",
      "mode": "data",
      "type": "aws_subnets",
      "name": "public",
      "provider": "provider[\"registry.terraform.io/hashicorp/aws\"]",
      "instances": [
        {
          "schema_version": 0,
          "attributes": {
            "filter": [
              {
                "name": "tag:Name",
                "values": [
                  "todolist-public-an1a-subnet"
                ]
              }
            ],
            "id": "ap-northeast-1",
            "ids": [
              "subnet-090e784556ca99968"
            ],
            "tags": null,
            "timeouts": null
          },
          "sensitive_attributes": []
        }
      ]
    },
    {
      "module": "module.global_bootstrap.module.ecs.module.vpc_endpoint_for_access_ecr.module.global_network",
      "mode": "data",
      "type": "aws_subnets",
      "name": "public2",
      "provider": "provider[\"registry.terraform.io/hashicorp/aws\"]",
      "instances": [
        {
          "schema_version": 0,
          "attributes": {
            "filter": [
              {
                "name": "tag:Name",
                "values": [
                  "todolist-public-an1c-subnet"
                ]
              }
            ],
            "id": "ap-northeast-1",
            "ids": [
              "subnet-0c564471bc34e6473"
            ],
            "tags": null,
            "timeouts": null
          },
          "sensitive_attributes": []
        }
      ]
    },
    {
      "module": "module.global_bootstrap.module.ecs.module.vpc_endpoint_for_access_ecr.module.global_network",
      "mode": "data",
      "type": "aws_vpcs",
      "name": "main",
      "provider": "provider[\"registry.terraform.io/hashicorp/aws\"]",
      "instances": [
        {
          "schema_version": 0,
          "attributes": {
            "filter": [
              {
                "name": "tag:Name",
                "values": [
                  "todolist-vpc"
                ]
              }
            ],
            "id": "ap-northeast-1",
            "ids": [
              "vpc-070761386102423b3"
            ],
            "tags": null,
            "timeouts": null
          },
          "sensitive_attributes": []
        }
      ]
    },
    {
      "module": "module.global_bootstrap.module.network",
      "mode": "managed",
      "type": "aws_internet_gateway",
      "name": "main",
      "provider": "provider[\"registry.terraform.io/hashicorp/aws\"]",
      "instances": [
        {
          "schema_version": 0,
          "attributes": {
            "arn": "arn:aws:ec2:ap-northeast-1:241875560804:internet-gateway/igw-052df730d6dd1d403",
            "id": "igw-052df730d6dd1d403",
            "owner_id": "241875560804",
            "tags": {
              "Name": "todolist-igw"
            },
            "tags_all": {
              "Name": "todolist-igw"
            },
            "timeouts": null,
            "vpc_id": "vpc-070761386102423b3"
          },
          "sensitive_attributes": [],
          "private": "eyJlMmJmYjczMC1lY2FhLTExZTYtOGY4OC0zNDM2M2JjN2M0YzAiOnsiY3JlYXRlIjoxMjAwMDAwMDAwMDAwLCJkZWxldGUiOjEyMDAwMDAwMDAwMDAsInVwZGF0ZSI6MTIwMDAwMDAwMDAwMH19",
          "dependencies": [
            "module.global_bootstrap.module.network.aws_vpc.main"
          ]
        }
      ]
    },
    {
      "module": "module.global_bootstrap.module.network",
      "mode": "managed",
      "type": "aws_route_table",
      "name": "private_rt",
      "provider": "provider[\"registry.terraform.io/hashicorp/aws\"]",
      "instances": [
        {
          "schema_version": 0,
          "attributes": {
            "arn": "arn:aws:ec2:ap-northeast-1:241875560804:route-table/rtb-0d90c4f48bf5dd153",
            "id": "rtb-0d90c4f48bf5dd153",
            "owner_id": "241875560804",
            "propagating_vgws": [],
            "route": [],
            "tags": {
              "Name": "todolist-private-route-table"
            },
            "tags_all": {
              "Name": "todolist-private-route-table"
            },
            "timeouts": null,
            "vpc_id": "vpc-070761386102423b3"
          },
          "sensitive_attributes": [],
          "private": "eyJlMmJmYjczMC1lY2FhLTExZTYtOGY4OC0zNDM2M2JjN2M0YzAiOnsiY3JlYXRlIjozMDAwMDAwMDAwMDAsImRlbGV0ZSI6MzAwMDAwMDAwMDAwLCJ1cGRhdGUiOjEyMDAwMDAwMDAwMH19",
          "dependencies": [
            "module.global_bootstrap.module.network.aws_vpc.main"
          ]
        }
      ]
    },
    {
      "module": "module.global_bootstrap.module.network",
      "mode": "managed",
      "type": "aws_route_table",
      "name": "public_rt",
      "provider": "provider[\"registry.terraform.io/hashicorp/aws\"]",
      "instances": [
        {
          "schema_version": 0,
          "attributes": {
            "arn": "arn:aws:ec2:ap-northeast-1:241875560804:route-table/rtb-00d41a2811fcd13df",
            "id": "rtb-00d41a2811fcd13df",
            "owner_id": "241875560804",
            "propagating_vgws": [],
            "route": [
              {
                "carrier_gateway_id": "",
                "cidr_block": "0.0.0.0/0",
                "core_network_arn": "",
                "destination_prefix_list_id": "",
                "egress_only_gateway_id": "",
                "gateway_id": "igw-052df730d6dd1d403",
                "ipv6_cidr_block": "",
                "local_gateway_id": "",
                "nat_gateway_id": "",
                "network_interface_id": "",
                "transit_gateway_id": "",
                "vpc_endpoint_id": "",
                "vpc_peering_connection_id": ""
              }
            ],
            "tags": {
              "Name": "todolist-public-route-table"
            },
            "tags_all": {
              "Name": "todolist-public-route-table"
            },
            "timeouts": null,
            "vpc_id": "vpc-070761386102423b3"
          },
          "sensitive_attributes": [],
          "private": "eyJlMmJmYjczMC1lY2FhLTExZTYtOGY4OC0zNDM2M2JjN2M0YzAiOnsiY3JlYXRlIjozMDAwMDAwMDAwMDAsImRlbGV0ZSI6MzAwMDAwMDAwMDAwLCJ1cGRhdGUiOjEyMDAwMDAwMDAwMH19",
          "dependencies": [
            "module.global_bootstrap.module.network.aws_internet_gateway.main",
            "module.global_bootstrap.module.network.aws_vpc.main"
          ]
        }
      ]
    },
    {
      "module": "module.global_bootstrap.module.network",
      "mode": "managed",
      "type": "aws_route_table_association",
      "name": "private_rt_assoc_1",
      "provider": "provider[\"registry.terraform.io/hashicorp/aws\"]",
      "instances": [
        {
          "schema_version": 0,
          "attributes": {
            "gateway_id": "",
            "id": "rtbassoc-00f81004c08f2dea7",
            "route_table_id": "rtb-0d90c4f48bf5dd153",
            "subnet_id": "subnet-092662de502768ae5",
            "timeouts": null
          },
          "sensitive_attributes": [],
          "private": "eyJlMmJmYjczMC1lY2FhLTExZTYtOGY4OC0zNDM2M2JjN2M0YzAiOnsiY3JlYXRlIjozMDAwMDAwMDAwMDAsImRlbGV0ZSI6MzAwMDAwMDAwMDAwLCJ1cGRhdGUiOjEyMDAwMDAwMDAwMH19",
          "dependencies": [
            "module.global_bootstrap.module.network.aws_route_table.private_rt",
            "module.global_bootstrap.module.network.aws_subnet.private",
            "module.global_bootstrap.module.network.aws_vpc.main"
          ]
        }
      ]
    },
    {
      "module": "module.global_bootstrap.module.network",
      "mode": "managed",
      "type": "aws_route_table_association",
      "name": "private_rt_assoc_2",
      "provider": "provider[\"registry.terraform.io/hashicorp/aws\"]",
      "instances": [
        {
          "schema_version": 0,
          "attributes": {
            "gateway_id": "",
            "id": "rtbassoc-0b809cbf2dba9eb04",
            "route_table_id": "rtb-0d90c4f48bf5dd153",
            "subnet_id": "subnet-0dd3179b43b503bcc",
            "timeouts": null
          },
          "sensitive_attributes": [],
          "private": "eyJlMmJmYjczMC1lY2FhLTExZTYtOGY4OC0zNDM2M2JjN2M0YzAiOnsiY3JlYXRlIjozMDAwMDAwMDAwMDAsImRlbGV0ZSI6MzAwMDAwMDAwMDAwLCJ1cGRhdGUiOjEyMDAwMDAwMDAwMH19",
          "dependencies": [
            "module.global_bootstrap.module.network.aws_route_table.private_rt",
            "module.global_bootstrap.module.network.aws_subnet.private2",
            "module.global_bootstrap.module.network.aws_vpc.main"
          ]
        }
      ]
    },
    {
      "module": "module.global_bootstrap.module.network",
      "mode": "managed",
      "type": "aws_route_table_association",
      "name": "public",
      "provider": "provider[\"registry.terraform.io/hashicorp/aws\"]",
      "instances": [
        {
          "schema_version": 0,
          "attributes": {
            "gateway_id": "",
            "id": "rtbassoc-044f14608fac838f5",
            "route_table_id": "rtb-00d41a2811fcd13df",
            "subnet_id": "subnet-090e784556ca99968",
            "timeouts": null
          },
          "sensitive_attributes": [],
          "private": "eyJlMmJmYjczMC1lY2FhLTExZTYtOGY4OC0zNDM2M2JjN2M0YzAiOnsiY3JlYXRlIjozMDAwMDAwMDAwMDAsImRlbGV0ZSI6MzAwMDAwMDAwMDAwLCJ1cGRhdGUiOjEyMDAwMDAwMDAwMH19",
          "dependencies": [
            "module.global_bootstrap.module.network.aws_internet_gateway.main",
            "module.global_bootstrap.module.network.aws_route_table.public_rt",
            "module.global_bootstrap.module.network.aws_subnet.public",
            "module.global_bootstrap.module.network.aws_vpc.main"
          ]
        }
      ]
    },
    {
      "module": "module.global_bootstrap.module.network",
      "mode": "managed",
      "type": "aws_route_table_association",
      "name": "public2",
      "provider": "provider[\"registry.terraform.io/hashicorp/aws\"]",
      "instances": [
        {
          "schema_version": 0,
          "attributes": {
            "gateway_id": "",
            "id": "rtbassoc-0d31401dcf0051fe5",
            "route_table_id": "rtb-00d41a2811fcd13df",
            "subnet_id": "subnet-0c564471bc34e6473",
            "timeouts": null
          },
          "sensitive_attributes": [],
          "private": "eyJlMmJmYjczMC1lY2FhLTExZTYtOGY4OC0zNDM2M2JjN2M0YzAiOnsiY3JlYXRlIjozMDAwMDAwMDAwMDAsImRlbGV0ZSI6MzAwMDAwMDAwMDAwLCJ1cGRhdGUiOjEyMDAwMDAwMDAwMH19",
          "dependencies": [
            "module.global_bootstrap.module.network.aws_internet_gateway.main",
            "module.global_bootstrap.module.network.aws_route_table.public_rt",
            "module.global_bootstrap.module.network.aws_subnet.public2",
            "module.global_bootstrap.module.network.aws_vpc.main"
          ]
        }
      ]
    },
    {
      "module": "module.global_bootstrap.module.network",
      "mode": "managed",
      "type": "aws_subnet",
      "name": "private",
      "provider": "provider[\"registry.terraform.io/hashicorp/aws\"]",
      "instances": [
        {
          "schema_version": 1,
          "attributes": {
            "arn": "arn:aws:ec2:ap-northeast-1:241875560804:subnet/subnet-092662de502768ae5",
            "assign_ipv6_address_on_creation": false,
            "availability_zone": "ap-northeast-1a",
            "availability_zone_id": "apne1-az4",
            "cidr_block": "10.0.11.0/24",
            "customer_owned_ipv4_pool": "",
            "enable_dns64": false,
            "enable_lni_at_device_index": 0,
            "enable_resource_name_dns_a_record_on_launch": false,
            "enable_resource_name_dns_aaaa_record_on_launch": false,
            "id": "subnet-092662de502768ae5",
            "ipv6_cidr_block": "",
            "ipv6_cidr_block_association_id": "",
            "ipv6_native": false,
            "map_customer_owned_ip_on_launch": false,
            "map_public_ip_on_launch": false,
            "outpost_arn": "",
            "owner_id": "241875560804",
            "private_dns_hostname_type_on_launch": "ip-name",
            "tags": {
              "Name": "todolist-private-an1a-subnet"
            },
            "tags_all": {
              "Name": "todolist-private-an1a-subnet"
            },
            "timeouts": null,
            "vpc_id": "vpc-070761386102423b3"
          },
          "sensitive_attributes": [],
          "private": "eyJlMmJmYjczMC1lY2FhLTExZTYtOGY4OC0zNDM2M2JjN2M0YzAiOnsiY3JlYXRlIjo2MDAwMDAwMDAwMDAsImRlbGV0ZSI6MTIwMDAwMDAwMDAwMH0sInNjaGVtYV92ZXJzaW9uIjoiMSJ9",
          "dependencies": [
            "module.global_bootstrap.module.network.aws_vpc.main"
          ]
        }
      ]
    },
    {
      "module": "module.global_bootstrap.module.network",
      "mode": "managed",
      "type": "aws_subnet",
      "name": "private2",
      "provider": "provider[\"registry.terraform.io/hashicorp/aws\"]",
      "instances": [
        {
          "schema_version": 1,
          "attributes": {
            "arn": "arn:aws:ec2:ap-northeast-1:241875560804:subnet/subnet-0dd3179b43b503bcc",
            "assign_ipv6_address_on_creation": false,
            "availability_zone": "ap-northeast-1c",
            "availability_zone_id": "apne1-az1",
            "cidr_block": "10.0.12.0/24",
            "customer_owned_ipv4_pool": "",
            "enable_dns64": false,
            "enable_lni_at_device_index": 0,
            "enable_resource_name_dns_a_record_on_launch": false,
            "enable_resource_name_dns_aaaa_record_on_launch": false,
            "id": "subnet-0dd3179b43b503bcc",
            "ipv6_cidr_block": "",
            "ipv6_cidr_block_association_id": "",
            "ipv6_native": false,
            "map_customer_owned_ip_on_launch": false,
            "map_public_ip_on_launch": false,
            "outpost_arn": "",
            "owner_id": "241875560804",
            "private_dns_hostname_type_on_launch": "ip-name",
            "tags": {
              "Name": "todolist-private-an1c-subnet"
            },
            "tags_all": {
              "Name": "todolist-private-an1c-subnet"
            },
            "timeouts": null,
            "vpc_id": "vpc-070761386102423b3"
          },
          "sensitive_attributes": [],
          "private": "eyJlMmJmYjczMC1lY2FhLTExZTYtOGY4OC0zNDM2M2JjN2M0YzAiOnsiY3JlYXRlIjo2MDAwMDAwMDAwMDAsImRlbGV0ZSI6MTIwMDAwMDAwMDAwMH0sInNjaGVtYV92ZXJzaW9uIjoiMSJ9",
          "dependencies": [
            "module.global_bootstrap.module.network.aws_vpc.main"
          ]
        }
      ]
    },
    {
      "module": "module.global_bootstrap.module.network",
      "mode": "managed",
      "type": "aws_subnet",
      "name": "public",
      "provider": "provider[\"registry.terraform.io/hashicorp/aws\"]",
      "instances": [
        {
          "schema_version": 1,
          "attributes": {
            "arn": "arn:aws:ec2:ap-northeast-1:241875560804:subnet/subnet-090e784556ca99968",
            "assign_ipv6_address_on_creation": false,
            "availability_zone": "ap-northeast-1a",
            "availability_zone_id": "apne1-az4",
            "cidr_block": "10.0.1.0/24",
            "customer_owned_ipv4_pool": "",
            "enable_dns64": false,
            "enable_lni_at_device_index": 0,
            "enable_resource_name_dns_a_record_on_launch": false,
            "enable_resource_name_dns_aaaa_record_on_launch": false,
            "id": "subnet-090e784556ca99968",
            "ipv6_cidr_block": "",
            "ipv6_cidr_block_association_id": "",
            "ipv6_native": false,
            "map_customer_owned_ip_on_launch": false,
            "map_public_ip_on_launch": false,
            "outpost_arn": "",
            "owner_id": "241875560804",
            "private_dns_hostname_type_on_launch": "ip-name",
            "tags": {
              "Name": "todolist-public-an1a-subnet"
            },
            "tags_all": {
              "Name": "todolist-public-an1a-subnet"
            },
            "timeouts": null,
            "vpc_id": "vpc-070761386102423b3"
          },
          "sensitive_attributes": [],
          "private": "eyJlMmJmYjczMC1lY2FhLTExZTYtOGY4OC0zNDM2M2JjN2M0YzAiOnsiY3JlYXRlIjo2MDAwMDAwMDAwMDAsImRlbGV0ZSI6MTIwMDAwMDAwMDAwMH0sInNjaGVtYV92ZXJzaW9uIjoiMSJ9",
          "dependencies": [
            "module.global_bootstrap.module.network.aws_vpc.main"
          ]
        }
      ]
    },
    {
      "module": "module.global_bootstrap.module.network",
      "mode": "managed",
      "type": "aws_subnet",
      "name": "public2",
      "provider": "provider[\"registry.terraform.io/hashicorp/aws\"]",
      "instances": [
        {
          "schema_version": 1,
          "attributes": {
            "arn": "arn:aws:ec2:ap-northeast-1:241875560804:subnet/subnet-0c564471bc34e6473",
            "assign_ipv6_address_on_creation": false,
            "availability_zone": "ap-northeast-1c",
            "availability_zone_id": "apne1-az1",
            "cidr_block": "10.0.2.0/24",
            "customer_owned_ipv4_pool": "",
            "enable_dns64": false,
            "enable_lni_at_device_index": 0,
            "enable_resource_name_dns_a_record_on_launch": false,
            "enable_resource_name_dns_aaaa_record_on_launch": false,
            "id": "subnet-0c564471bc34e6473",
            "ipv6_cidr_block": "",
            "ipv6_cidr_block_association_id": "",
            "ipv6_native": false,
            "map_customer_owned_ip_on_launch": false,
            "map_public_ip_on_launch": false,
            "outpost_arn": "",
            "owner_id": "241875560804",
            "private_dns_hostname_type_on_launch": "ip-name",
            "tags": {
              "Name": "todolist-public-an1c-subnet"
            },
            "tags_all": {
              "Name": "todolist-public-an1c-subnet"
            },
            "timeouts": null,
            "vpc_id": "vpc-070761386102423b3"
          },
          "sensitive_attributes": [],
          "private": "eyJlMmJmYjczMC1lY2FhLTExZTYtOGY4OC0zNDM2M2JjN2M0YzAiOnsiY3JlYXRlIjo2MDAwMDAwMDAwMDAsImRlbGV0ZSI6MTIwMDAwMDAwMDAwMH0sInNjaGVtYV92ZXJzaW9uIjoiMSJ9",
          "dependencies": [
            "module.global_bootstrap.module.network.aws_vpc.main"
          ]
        }
      ]
    },
    {
      "module": "module.global_bootstrap.module.network",
      "mode": "managed",
      "type": "aws_vpc",
      "name": "main",
      "provider": "provider[\"registry.terraform.io/hashicorp/aws\"]",
      "instances": [
        {
          "schema_version": 1,
          "attributes": {
            "arn": "arn:aws:ec2:ap-northeast-1:241875560804:vpc/vpc-070761386102423b3",
            "assign_generated_ipv6_cidr_block": false,
            "cidr_block": "10.0.0.0/16",
            "default_network_acl_id": "acl-0ee757ea264175701",
            "default_route_table_id": "rtb-0ca60865511668c4b",
            "default_security_group_id": "sg-0a9bfe21b27bd6878",
            "dhcp_options_id": "dopt-4871452f",
            "enable_dns_hostnames": true,
            "enable_dns_support": true,
            "enable_network_address_usage_metrics": false,
            "id": "vpc-070761386102423b3",
            "instance_tenancy": "default",
            "ipv4_ipam_pool_id": null,
            "ipv4_netmask_length": null,
            "ipv6_association_id": "",
            "ipv6_cidr_block": "",
            "ipv6_cidr_block_network_border_group": "",
            "ipv6_ipam_pool_id": "",
            "ipv6_netmask_length": 0,
            "main_route_table_id": "rtb-0ca60865511668c4b",
            "owner_id": "241875560804",
            "tags": {
              "Name": "todolist-vpc"
            },
            "tags_all": {
              "Name": "todolist-vpc"
            }
          },
          "sensitive_attributes": [],
          "private": "eyJzY2hlbWFfdmVyc2lvbiI6IjEifQ=="
        }
      ]
    }
  ],
  "check_results": null
}
