{
  "version": 4,
  "terraform_version": "1.9.4",
  "serial": 28,
  "lineage": "5120892f-3e00-0272-bc82-9674715b377f",
  "outputs": {
    "lambda_function_arn": {
      "value": "arn:aws:lambda:ap-northeast-1:241875560804:function:todo_app_front_lambda_dev_managed_by_terraform",
      "type": "string"
    },
    "lambda_invoke_arn": {
      "value": "arn:aws:apigateway:ap-northeast-1:lambda:path/2015-03-31/functions/arn:aws:lambda:ap-northeast-1:241875560804:function:todo_app_front_lambda_dev_managed_by_terraform/invocations",
      "type": "string"
    }
  },
  "resources": [
    {
      "module": "module.ecr",
      "mode": "managed",
      "type": "aws_ecr_lifecycle_policy",
      "name": "policy",
      "provider": "provider[\"registry.terraform.io/hashicorp/aws\"]",
      "instances": [
        {
          "schema_version": 0,
          "attributes": {
            "id": "todo_app/front/lambda/managed_by_terraform/dev",
            "policy": "{\"rules\":[{\"action\":{\"type\":\"expire\"},\"description\":\"最新の10つを残してイメージを削除する\",\"rulePriority\":1,\"selection\":{\"countNumber\":10,\"countType\":\"imageCountMoreThan\",\"tagStatus\":\"any\"}}]}",
            "registry_id": "241875560804",
            "repository": "todo_app/front/lambda/managed_by_terraform/dev"
          },
          "sensitive_attributes": [],
          "private": "bnVsbA==",
          "dependencies": [
            "module.ecr.aws_ecr_repository.repo"
          ]
        }
      ]
    },
    {
      "module": "module.ecr",
      "mode": "managed",
      "type": "aws_ecr_repository",
      "name": "repo",
      "provider": "provider[\"registry.terraform.io/hashicorp/aws\"]",
      "instances": [
        {
          "schema_version": 0,
          "attributes": {
            "arn": "arn:aws:ecr:ap-northeast-1:241875560804:repository/todo_app/front/lambda/managed_by_terraform/dev",
            "encryption_configuration": [
              {
                "encryption_type": "AES256",
                "kms_key": ""
              }
            ],
            "force_delete": null,
            "id": "todo_app/front/lambda/managed_by_terraform/dev",
            "image_scanning_configuration": [
              {
                "scan_on_push": false
              }
            ],
            "image_tag_mutability": "MUTABLE",
            "name": "todo_app/front/lambda/managed_by_terraform/dev",
            "registry_id": "241875560804",
            "repository_url": "241875560804.dkr.ecr.ap-northeast-1.amazonaws.com/todo_app/front/lambda/managed_by_terraform/dev",
            "tags": {},
            "tags_all": {},
            "timeouts": null
          },
          "sensitive_attributes": [],
          "private": "eyJlMmJmYjczMC1lY2FhLTExZTYtOGY4OC0zNDM2M2JjN2M0YzAiOnsiZGVsZXRlIjoxMjAwMDAwMDAwMDAwfX0="
        }
      ]
    },
    {
      "module": "module.lambda",
      "mode": "managed",
      "type": "aws_iam_role",
      "name": "exec",
      "provider": "provider[\"registry.terraform.io/hashicorp/aws\"]",
      "instances": [
        {
          "schema_version": 0,
          "attributes": {
            "arn": "arn:aws:iam::241875560804:role/todo_app_front_lambda_dev_managed_by_terraform-exec-role",
            "assume_role_policy": "{\"Statement\":[{\"Action\":\"sts:AssumeRole\",\"Effect\":\"Allow\",\"Principal\":{\"Service\":\"lambda.amazonaws.com\"}}],\"Version\":\"2012-10-17\"}",
            "create_date": "2025-04-29T12:23:22Z",
            "description": "",
            "force_detach_policies": false,
            "id": "todo_app_front_lambda_dev_managed_by_terraform-exec-role",
            "inline_policy": [],
            "managed_policy_arns": [
              "arn:aws:iam::aws:policy/service-role/AWSLambdaBasicExecutionRole"
            ],
            "max_session_duration": 3600,
            "name": "todo_app_front_lambda_dev_managed_by_terraform-exec-role",
            "name_prefix": "",
            "path": "/",
            "permissions_boundary": "",
            "tags": {},
            "tags_all": {},
            "unique_id": "AROATQUHIFFSCA5VPVUVU"
          },
          "sensitive_attributes": [],
          "private": "bnVsbA=="
        }
      ]
    },
    {
      "module": "module.lambda",
      "mode": "managed",
      "type": "aws_iam_role_policy_attachment",
      "name": "basic",
      "provider": "provider[\"registry.terraform.io/hashicorp/aws\"]",
      "instances": [
        {
          "schema_version": 0,
          "attributes": {
            "id": "todo_app_front_lambda_dev_managed_by_terraform-exec-role-20250429122323628900000001",
            "policy_arn": "arn:aws:iam::aws:policy/service-role/AWSLambdaBasicExecutionRole",
            "role": "todo_app_front_lambda_dev_managed_by_terraform-exec-role"
          },
          "sensitive_attributes": [],
          "private": "bnVsbA==",
          "dependencies": [
            "module.lambda.aws_iam_role.exec"
          ]
        }
      ]
    },
    {
      "module": "module.lambda",
      "mode": "managed",
      "type": "aws_lambda_function",
      "name": "this",
      "provider": "provider[\"registry.terraform.io/hashicorp/aws\"]",
      "instances": [
        {
          "schema_version": 0,
          "attributes": {
            "architectures": [
              "arm64"
            ],
            "arn": "arn:aws:lambda:ap-northeast-1:241875560804:function:todo_app_front_lambda_dev_managed_by_terraform",
            "code_sha256": "705e45723a8841edb072c47a75d4ac02b8e2824b21a050d979f26d8a639db35c",
            "code_signing_config_arn": "",
            "dead_letter_config": [],
            "description": "",
            "environment": [
              {
                "variables": {
                  "NEXT_PUBLIC_BACKEND_API_ORIGIN": "https://7altwwfp36i5lr7hqwzicxhbbi0iaurn.lambda-url.ap-northeast-1.on.aws/api",
                  "PORT": "8080"
                }
              }
            ],
            "ephemeral_storage": [
              {
                "size": 512
              }
            ],
            "file_system_config": [],
            "filename": null,
            "function_name": "todo_app_front_lambda_dev_managed_by_terraform",
            "handler": "",
            "id": "todo_app_front_lambda_dev_managed_by_terraform",
            "image_config": [],
            "image_uri": "241875560804.dkr.ecr.ap-northeast-1.amazonaws.com/todo_app/front/lambda/managed_by_terraform/dev:latest",
            "invoke_arn": "arn:aws:apigateway:ap-northeast-1:lambda:path/2015-03-31/functions/arn:aws:lambda:ap-northeast-1:241875560804:function:todo_app_front_lambda_dev_managed_by_terraform/invocations",
            "kms_key_arn": "",
            "last_modified": "2025-05-04T04:13:21.000+0000",
            "layers": [],
            "logging_config": [
              {
                "application_log_level": "",
                "log_format": "Text",
                "log_group": "/aws/lambda/todo_app_front_lambda_dev_managed_by_terraform",
                "system_log_level": ""
              }
            ],
            "memory_size": 1024,
            "package_type": "Image",
            "publish": false,
            "qualified_arn": "arn:aws:lambda:ap-northeast-1:241875560804:function:todo_app_front_lambda_dev_managed_by_terraform:$LATEST",
            "qualified_invoke_arn": "arn:aws:apigateway:ap-northeast-1:lambda:path/2015-03-31/functions/arn:aws:lambda:ap-northeast-1:241875560804:function:todo_app_front_lambda_dev_managed_by_terraform:$LATEST/invocations",
            "replace_security_groups_on_destroy": null,
            "replacement_security_group_ids": null,
            "reserved_concurrent_executions": -1,
            "role": "arn:aws:iam::241875560804:role/todo_app_front_lambda_dev_managed_by_terraform-exec-role",
            "runtime": "",
            "s3_bucket": null,
            "s3_key": null,
            "s3_object_version": null,
            "signing_job_arn": "",
            "signing_profile_version_arn": "",
            "skip_destroy": false,
            "snap_start": [],
            "source_code_hash": "",
            "source_code_size": 0,
            "tags": {},
            "tags_all": {},
            "timeout": 30,
            "timeouts": null,
            "tracing_config": [
              {
                "mode": "PassThrough"
              }
            ],
            "version": "$LATEST",
            "vpc_config": []
          },
          "sensitive_attributes": [],
          "private": "eyJlMmJmYjczMC1lY2FhLTExZTYtOGY4OC0zNDM2M2JjN2M0YzAiOnsiY3JlYXRlIjo2MDAwMDAwMDAwMDAsImRlbGV0ZSI6NjAwMDAwMDAwMDAwLCJ1cGRhdGUiOjYwMDAwMDAwMDAwMH19",
          "dependencies": [
            "module.ecr.aws_ecr_repository.repo",
            "module.lambda.aws_iam_role.exec"
          ]
        }
      ]
    },
    {
      "module": "module.lambda",
      "mode": "managed",
      "type": "aws_lambda_function_url",
      "name": "this",
      "provider": "provider[\"registry.terraform.io/hashicorp/aws\"]",
      "instances": [
        {
          "schema_version": 0,
          "attributes": {
            "authorization_type": "NONE",
            "cors": [],
            "function_arn": "arn:aws:lambda:ap-northeast-1:241875560804:function:todo_app_front_lambda_dev_managed_by_terraform",
            "function_name": "todo_app_front_lambda_dev_managed_by_terraform",
            "function_url": "https://s2kv4ihnpbrnfg74tquvgnwe2m0sobaa.lambda-url.ap-northeast-1.on.aws/",
            "id": "todo_app_front_lambda_dev_managed_by_terraform",
            "invoke_mode": "RESPONSE_STREAM",
            "qualifier": "",
            "timeouts": null,
            "url_id": "s2kv4ihnpbrnfg74tquvgnwe2m0sobaa"
          },
          "sensitive_attributes": [],
          "private": "eyJlMmJmYjczMC1lY2FhLTExZTYtOGY4OC0zNDM2M2JjN2M0YzAiOnsiY3JlYXRlIjo2MDAwMDAwMDAwMDB9fQ==",
          "dependencies": [
            "module.ecr.aws_ecr_repository.repo",
            "module.lambda.aws_iam_role.exec",
            "module.lambda.aws_lambda_function.this"
          ]
        }
      ]
    }
  ],
  "check_results": null
}
